{
  "object": {
    "pins": [
      {
        "package": "RemoteImage",
        "repositoryURL": "https://github.com/crelies/RemoteImage.git",
        "state": {
          "branch": null,
          "revision": "7de20453a8b9733eb8e28ae762801c60a5a5f59d",
          "version": "4.0.0"
        }
      },
      {
        "package": "SwiftProtobuf",
        "repositoryURL": "https://github.com/apple/swift-protobuf",
        "state": {
          "branch": null,
          "revision": "1f62db409f2c9b0223a3f68567b4a01333aae778",
          "version": "1.17.0"
        }
      }
    ]
  },
  "version": 1
}
