{
  "object": {
    "pins": [
      {
        "package": "SDWebImage",
        "repositoryURL": "https://github.com/SDWebImage/SDWebImage.git",
        "state": {
          "branch": null,
          "revision": "76dd4b49110b8624317fc128e7fa0d8a252018bc",
          "version": "5.11.1"
        }
      },
      {
        "package": "SDWebImageSwiftUI",
        "repositoryURL": "https://github.com/SDWebImage/SDWebImageSwiftUI",
        "state": {
          "branch": null,
          "revision": "cd8625b7cf11a97698e180d28bb7d5d357196678",
          "version": "2.0.2"
        }
      },
      {
        "package": "swift-log",
        "repositoryURL": "https://github.com/apple/swift-log",
        "state": {
          "branch": null,
          "revision": "5d66f7ba25daf4f94100e7022febf3c75e37a6c7",
          "version": "1.4.2"
        }
      },
      {
        "package": "SwiftProtobuf",
        "repositoryURL": "https://github.com/apple/swift-protobuf",
        "state": {
          "branch": null,
          "revision": "1f62db409f2c9b0223a3f68567b4a01333aae778",
          "version": "1.17.0"
        }
      },
      {
        "package": "WebView",
        "repositoryURL": "https://github.com/kylehickinson/SwiftUI-WebView",
        "state": {
          "branch": null,
          "revision": "a67dcaff2377573a51f75761bb6e768b78931909",
          "version": "0.3.0"
        }
      },
      {
        "package": "SwiftUIX",
        "repositoryURL": "https://github.com/SwiftUIX/SwiftUIX",
        "state": {
          "branch": null,
          "revision": "5837e88eca8e05fa70c82c6aaecfc59bf7e81bfd",
          "version": "0.0.7"
        }
      }
    ]
  },
  "version": 1
}
