// !$*UTF8*$!
{
	archiveVersion = 1;
	classes = {
	};
	objectVersion = 55;
	objects = {

/* Begin PBXBuildFile section */
		02709AFF42E09DB6416A5A18 /* LogicCall.swift in Sources */ = {isa = PBXBuildFile; fileRef = 1F1BE748677748C54DDDA4B2 /* LogicCall.swift */; };
		02ECE2582FD6E96BA54233F0 /* URLs.swift in Sources */ = {isa = PBXBuildFile; fileRef = ABFE904F1F8BB33779644B75 /* URLs.swift */; };
		05A89AE98195F1216D6C3FF4 /* AuthStorage.swift in Sources */ = {isa = PBXBuildFile; fileRef = 45BF4EBE4A4729AEFCC9BE2D /* AuthStorage.swift */; };
		06053D06F1110FA323500018 /* StickerInputView.swift in Sources */ = {isa = PBXBuildFile; fileRef = FF720C7C04121D703C4DC6C5 /* StickerInputView.swift */; };
		069616514B9F8EA9E4F7E0DD /* WebView in Frameworks */ = {isa = PBXBuildFile; productRef = 86B50EFC0EEE5FCD4E5B7CBA /* WebView */; };
		0699FC3408EE6084282B8327 /* HapticUtils.swift in Sources */ = {isa = PBXBuildFile; fileRef = 4ACE9EBCBA2304621A08C335 /* HapticUtils.swift */; };
		07F7CDE81B80AEFE4C87685B /* Snapshot.swift in Sources */ = {isa = PBXBuildFile; fileRef = 800F4CED558F7A7AF9A24F7F /* Snapshot.swift */; };
		083880092C3B08E86DD570C9 /* ShareLinksView.swift in Sources */ = {isa = PBXBuildFile; fileRef = C515C96EAC7B00BF48AEA3F1 /* ShareLinksView.swift */; };
		0A72CCA9B9A0AD9D4970796D /* HotTopicListView.swift in Sources */ = {isa = PBXBuildFile; fileRef = FE70533428B5C3289D9F59CE /* HotTopicListView.swift */; };
		0C25FE4F55D7B2BF586C6045 /* AttachmentsView.swift in Sources */ = {isa = PBXBuildFile; fileRef = 22CF2D43137699ABBA1ADAAC /* AttachmentsView.swift */; };
		0CAFBEDAF353DC840B3FF111 /* Alignment.swift in Sources */ = {isa = PBXBuildFile; fileRef = 0481EF5521F0AED2F816A993 /* Alignment.swift */; };
		0D66EC6ACDEAAB27271D544C /* TuistBundle+MNGA.swift in Sources */ = {isa = PBXBuildFile; fileRef = 8127D9A85CFF927CC7CA1B3D /* TuistBundle+MNGA.swift */; };
		12060CAA8C3A14E07792AED9 /* LoadingRowView.swift in Sources */ = {isa = PBXBuildFile; fileRef = F3E8330FFA342CE9F2C1DC80 /* LoadingRowView.swift */; };
		12A935E2C5583188BDC49986 /* DateFormatters.swift in Sources */ = {isa = PBXBuildFile; fileRef = 41988B98461A98B7AEB31FD0 /* DateFormatters.swift */; };
		16DF6FD4B74F513FC05D2400 /* BetterSafariView in Frameworks */ = {isa = PBXBuildFile; productRef = 093AB6A44A27D05D25866205 /* BetterSafariView */; };
		18A0A3B4F9B4889099F64162 /* TopicPostRowView.swift in Sources */ = {isa = PBXBuildFile; fileRef = 637B800B3B3A6DBF68E27F05 /* TopicPostRowView.swift */; };
		1A27D588445491B0215FB23A /* NotificationListView.swift in Sources */ = {isa = PBXBuildFile; fileRef = 79D3FFCBF463C7F932ED1464 /* NotificationListView.swift */; };
		1D6C12F22D7202EA37758D68 /* PostRowView.swift in Sources */ = {isa = PBXBuildFile; fileRef = 394E3D7BDFA72569FBACF946 /* PostRowView.swift */; };
		20CD57815475545FCB523C65 /* TextSelectionView.swift in Sources */ = {isa = PBXBuildFile; fileRef = D49BF168204DC36C8F167A07 /* TextSelectionView.swift */; };
		21495FC0DF3C3348E42C034C /* BlockedView.swift in Sources */ = {isa = PBXBuildFile; fileRef = 08E4D80C476AB991F13D4B8D /* BlockedView.swift */; };
		219F71F445443A962D4CEE35 /* PostEditorView.swift in Sources */ = {isa = PBXBuildFile; fileRef = 4CF65529B7BB4BA7BEC92F48 /* PostEditorView.swift */; };
		2205DC561C5AD682CC4973BE /* SDWebImageSwiftUI in Frameworks */ = {isa = PBXBuildFile; productRef = 466814CA3B42091B31620D60 /* SDWebImageSwiftUI */; };
		2230C6E7A3291ABE02EC2AC8 /* DataModel.pb.swift in Sources */ = {isa = PBXBuildFile; fileRef = 1A7E306597DB28EA1B9A66D1 /* DataModel.pb.swift */; };
		2369555E732090BBAB472677 /* CellContextMenuModifier.swift in Sources */ = {isa = PBXBuildFile; fileRef = B96F395B7E8A8EDDB8ABEE2A /* CellContextMenuModifier.swift */; };
		23BD083A8D0F0A18B51786D0 /* ViewingImageModel.swift in Sources */ = {isa = PBXBuildFile; fileRef = 32656FE3C3C1BD9E040761A1 /* ViewingImageModel.swift */; };
		2585596E5504C65FB38984F3 /* QuoteView.swift in Sources */ = {isa = PBXBuildFile; fileRef = BD3A0F59BB77F2E1530817BD /* QuoteView.swift */; };
		26CD073F476AD42FD0CDF820 /* UserProfileView.swift in Sources */ = {isa = PBXBuildFile; fileRef = 0ECAD0E2AEC838BE1D6198CF /* UserProfileView.swift */; };
		279C675B94612ECE51315241 /* PagingDataSource.swift in Sources */ = {isa = PBXBuildFile; fileRef = 11F013DFFE4A5465E83EE0B0 /* PagingDataSource.swift */; };
		2A194B6A24095EA44F9BE9B5 /* PlaceholderView.swift in Sources */ = {isa = PBXBuildFile; fileRef = 451F2F606DA99668497EA703 /* PlaceholderView.swift */; };
		384A23B16C7EC7E4F629494C /* GenericPostModel.swift in Sources */ = {isa = PBXBuildFile; fileRef = CDFB3DBC3AA52727B9F5F139 /* GenericPostModel.swift */; };
		3D43936A4BDA7AB49854DA5C /* ActivityModel.swift in Sources */ = {isa = PBXBuildFile; fileRef = EEC6C513BA88B56C2EB4173B /* ActivityModel.swift */; };
		3D81EA6E9BE07C38CE659311 /* Crossroad in Frameworks */ = {isa = PBXBuildFile; productRef = CF089D90AD4EF3D70BD9CC8E /* Crossroad */; };
		3DA8A89B7760640B03AB3E52 /* Localization.swift in Sources */ = {isa = PBXBuildFile; fileRef = BB17BB3A88BC947B6FFADD9C /* Localization.swift */; };
		3F85039A559BD6A5EF7C2154 /* BlockWordsStorage.swift in Sources */ = {isa = PBXBuildFile; fileRef = 3F05B275B25B2994D9C7FE67 /* BlockWordsStorage.swift */; };
		4060954892A56C37FC81D085 /* Logging in Frameworks */ = {isa = PBXBuildFile; productRef = 0CFFF3DAB0129674086DB718 /* Logging */; };
		43CF2ECFC3C686E78C85F5AA /* TuistAssets+MNGA.swift in Sources */ = {isa = PBXBuildFile; fileRef = EB9D3FF29A7C7E6BEE88CE9D /* TuistAssets+MNGA.swift */; };
		43D99657BAE813FC239BFEBE /* OpenURLModel.swift in Sources */ = {isa = PBXBuildFile; fileRef = 621782CB12B41FC23936A22A /* OpenURLModel.swift */; };
		43DD2ECB8BCB1A7ED938AC96 /* BasicLogicCall.swift in Sources */ = {isa = PBXBuildFile; fileRef = DD0ED00A100B25B80A4BF5FD /* BasicLogicCall.swift */; };
		48E091EF92AC4935E028E84A /* AboutView.swift in Sources */ = {isa = PBXBuildFile; fileRef = 9E9D7DC5385EC7C43350713E /* AboutView.swift */; };
		490A5A494454589FC51DB689 /* RepliesNumView.swift in Sources */ = {isa = PBXBuildFile; fileRef = 79ED4C56EE2D5C5F4685CC0F /* RepliesNumView.swift */; };
		49BD587B32E0A756F51C2742 /* ContentButtonView.swift in Sources */ = {isa = PBXBuildFile; fileRef = 62BECF4655B81467AE7E031F /* ContentButtonView.swift */; };
		49E020E896D32221AFE45102 /* OpenSourceStickers.swift in Sources */ = {isa = PBXBuildFile; fileRef = AD6E60D608B46FEA4F005EB3 /* OpenSourceStickers.swift */; };
		4C7B523DDD969B47CE5F7EC0 /* ForumRowView.swift in Sources */ = {isa = PBXBuildFile; fileRef = 840D726D8E00F71B8EBE1803 /* ForumRowView.swift */; };
		4F3AC110221EEB2F0A8B889C /* Colorful in Frameworks */ = {isa = PBXBuildFile; productRef = 4B3C77C2807B2EB537B3FD19 /* Colorful */; };
		511D7892C83F23E6083214CD /* AttachmentsModel.swift in Sources */ = {isa = PBXBuildFile; fileRef = E8DACEE0BAE5F2F9B859810B /* AttachmentsModel.swift */; };
		5269D6BF137F96F34895B23D /* SwiftUIIntrospect in Frameworks */ = {isa = PBXBuildFile; productRef = BD0C62E7B2DD5B8189ECD175 /* SwiftUIIntrospect */; };
		54D7A9975660D6A69FF6F2D3 /* PostReplyChainView.swift in Sources */ = {isa = PBXBuildFile; fileRef = F2557C50F0B676903E546797 /* PostReplyChainView.swift */; };
		56F83094BAC268F4F8C6A5E7 /* VotesModel.swift in Sources */ = {isa = PBXBuildFile; fileRef = 924F083A41FB28DE620C8304 /* VotesModel.swift */; };
		58F41E68BEF080ECDEBA0001 /* Window.swift in Sources */ = {isa = PBXBuildFile; fileRef = 89BD94AA8708CAA9D2A9FF84 /* Window.swift */; };
		592A14FC3A7D1D1F1046D097 /* ContentImageView.swift in Sources */ = {isa = PBXBuildFile; fileRef = 7CC837EF44C327ADCF2AE11E /* ContentImageView.swift */; };
		5ADDC65B9BEB01A216601738 /* TopicJumpSelectorView.swift in Sources */ = {isa = PBXBuildFile; fileRef = EAA087C1F663198AA2F20B8D /* TopicJumpSelectorView.swift */; };
		625A1495C3404B11C5D0DE8E /* View+FirstAppear.swift in Sources */ = {isa = PBXBuildFile; fileRef = C1C6B2A5AC9DEECE95A30E9C /* View+FirstAppear.swift */; };
		62742C3DABC8B742704AA7DB /* ImageOverlay.swift in Sources */ = {isa = PBXBuildFile; fileRef = 20B47B442867C34F0F9A394E /* ImageOverlay.swift */; };
		64A4E40AFE04FBC9AFB71B16 /* UsersModel.swift in Sources */ = {isa = PBXBuildFile; fileRef = 2E3B4DB73FC39F8B7C8D4969 /* UsersModel.swift */; };
		64DF38BD8B3CB23F576DE28D /* BlockWordListView.swift in Sources */ = {isa = PBXBuildFile; fileRef = F5A3E677669CBEB54E2EEBD0 /* BlockWordListView.swift */; };
		662A1F5AB4A9AF484E368A8D /* PresendAttachmentsModel.swift in Sources */ = {isa = PBXBuildFile; fileRef = 2B5F96E33973C29CF7F5B384 /* PresendAttachmentsModel.swift */; };
		68622C5FA5EE1DA17D849FD3 /* ToolbarModifier.swift in Sources */ = {isa = PBXBuildFile; fileRef = 7F54DACB2464D7CE27630FEC /* ToolbarModifier.swift */; };
		689EC68CC539F86A46BB509D /* ShortMessageListView.swift in Sources */ = {isa = PBXBuildFile; fileRef = B2D2C19D2237F00A96C53DA1 /* ShortMessageListView.swift */; };
		6914AEF3CB7828B5096BF24D /* CollapsedContentView.swift in Sources */ = {isa = PBXBuildFile; fileRef = B08AAFF9FCB7199DF8221FCA /* CollapsedContentView.swift */; };
		6B20A3348BB400656ED917B6 /* LoginView.swift in Sources */ = {isa = PBXBuildFile; fileRef = FC268247A3FD84367BE672C1 /* LoginView.swift */; };
		6B8944C8AF974DD16584DB00 /* ShortMessagePostRowView.swift in Sources */ = {isa = PBXBuildFile; fileRef = CB17804AF634236E31AB30CB /* ShortMessagePostRowView.swift */; };
		6C5D8CEBBEB889383C92C4E4 /* QuoteUserView.swift in Sources */ = {isa = PBXBuildFile; fileRef = 35118A81FB6AA0D2B249B5B1 /* QuoteUserView.swift */; };
		6E624299A06D2A16BF339359 /* GenericEditorView.swift in Sources */ = {isa = PBXBuildFile; fileRef = 1488E7FD6B5D05582EB71A2B /* GenericEditorView.swift */; };
		70426592A98969C4151A1446 /* PostCommentRowView.swift in Sources */ = {isa = PBXBuildFile; fileRef = 14F80CE4C9462B28A29ED900 /* PostCommentRowView.swift */; };
		71133798B865BDB664A096BC /* AuthedPreview.swift in Sources */ = {isa = PBXBuildFile; fileRef = B59DAC960A084F037509FA46 /* AuthedPreview.swift */; };
		783DED5B96AD2D18FF02E463 /* NavigationPlaceholders.swift in Sources */ = {isa = PBXBuildFile; fileRef = 2F2BBA8DC37056688140A012 /* NavigationPlaceholders.swift */; };
		7BB643F6ECE47D60DD9FE724 /* TopicRowView.swift in Sources */ = {isa = PBXBuildFile; fileRef = 4CF406D23527A3FA1BCE9CFA /* TopicRowView.swift */; };
		7BD176643C583EE5048A9311 /* ForumIconView.swift in Sources */ = {isa = PBXBuildFile; fileRef = 1E3E5F6AEE2FDEA656CD5251 /* ForumIconView.swift */; };
		7C6F85DCB7FBB36A1DD4D307 /* TopicSearchView.swift in Sources */ = {isa = PBXBuildFile; fileRef = 3262DAB12F965E594AC7D103 /* TopicSearchView.swift */; };
		7FB8FF50C86F6507C8352557 /* ContentView.swift in Sources */ = {isa = PBXBuildFile; fileRef = 1C53D6B54F84C2F321C91139 /* ContentView.swift */; };
		80083353C4C7E9BBD6C717AF /* ToastModel.swift in Sources */ = {isa = PBXBuildFile; fileRef = DABDDF9368A37E9F92AC7E57 /* ToastModel.swift */; };
		84285441292D8D0CE76F359F /* ForEachOrEmpty.swift in Sources */ = {isa = PBXBuildFile; fileRef = D6D297923D23620DC178E918 /* ForEachOrEmpty.swift */; };
		8570071B738F673AA67E78DF /* Stickers.swift in Sources */ = {isa = PBXBuildFile; fileRef = 2CC09B0A3CC8D42FF26EB94E /* Stickers.swift */; };
		883E76BAC189147139E3A2E5 /* TopicSubjectView.swift in Sources */ = {isa = PBXBuildFile; fileRef = B654E583319365B23C37C58A /* TopicSubjectView.swift */; };
		8FA5866C9B365A25FCF04EE5 /* Assets.xcassets in Resources */ = {isa = PBXBuildFile; fileRef = 5F45100B9101BD015F598654 /* Assets.xcassets */; };
		9375F438A37B33B73131069A /* Misc.swift in Sources */ = {isa = PBXBuildFile; fileRef = 392AD49D8B3CF64601DD4320 /* Misc.swift */; };
		9435C201C0AC9F77E3E00702 /* ShortMessageRowView.swift in Sources */ = {isa = PBXBuildFile; fileRef = 196E9590A96B8E5208BB3A2B /* ShortMessageRowView.swift */; };
		94CA629275557B3C9E686D5F /* Service.pb.swift in Sources */ = {isa = PBXBuildFile; fileRef = 800BD85E063258BCB46CD587 /* Service.pb.swift */; };
		9524A519382814782EEB186B /* NotificationModel.swift in Sources */ = {isa = PBXBuildFile; fileRef = 960785BB93F5A7D9756FB815 /* NotificationModel.swift */; };
		9632DF395F55969F79491C98 /* PostRowUserView.swift in Sources */ = {isa = PBXBuildFile; fileRef = 45351ACD81D3D19BCD101498 /* PostRowUserView.swift */; };
		975CF360FD4084B20957FDC0 /* File.swift in Sources */ = {isa = PBXBuildFile; fileRef = 2178193324D13545F3D57255 /* File.swift */; };
		9AB47539F92368B0A334A467 /* ContentTextEditorView.swift in Sources */ = {isa = PBXBuildFile; fileRef = 9C1739DF448A0BBDDFF20095 /* ContentTextEditorView.swift */; };
		9B12B90FC892E77D84FFB6D9 /* Binding.swift in Sources */ = {isa = PBXBuildFile; fileRef = 1F5AAAC57B114BD5DA844270 /* Binding.swift */; };
		9B2646D714A7961BE0C8EBBE /* ForumListView.swift in Sources */ = {isa = PBXBuildFile; fileRef = 1D8B0416B343C7926A755DE7 /* ForumListView.swift */; };
		9B2A8A76D6ADF3E3A2FE4182 /* RecommendedTopicListView.swift in Sources */ = {isa = PBXBuildFile; fileRef = B680BD45B4087FF072EC1AF9 /* RecommendedTopicListView.swift */; };
		9BA1A5E4EE0129B5CADB9501 /* FavoriteTopicListView.swift in Sources */ = {isa = PBXBuildFile; fileRef = 95D4A9EA0938DA8276AC8093 /* FavoriteTopicListView.swift */; };
		9D5A0617202277EE273359C7 /* Platform.swift in Sources */ = {isa = PBXBuildFile; fileRef = 7495292FC776F32BC53913EE /* Platform.swift */; };
		9DFBA965ED8D392A87B2F12D /* CacheView.swift in Sources */ = {isa = PBXBuildFile; fileRef = 0A664248CFDE3BFFF5449D1D /* CacheView.swift */; };
		A0D9AE37810DA64993DB9576 /* RawRepresentable.swift in Sources */ = {isa = PBXBuildFile; fileRef = D63F62103E3CC40765D60F66 /* RawRepresentable.swift */; };
		A15CA24E070CA648724B0965 /* ArrayBuilder.swift in Sources */ = {isa = PBXBuildFile; fileRef = 2307D52DC05F9E6956E4B146 /* ArrayBuilder.swift */; };
		A2F4AA2C85EB91B181EA67D7 /* SwiftUIX in Frameworks */ = {isa = PBXBuildFile; productRef = EAC7F5E40F2F2DEA810B90C3 /* SwiftUIX */; };
		A923C39058532422B98E761E /* ShortMessageEditorView.swift in Sources */ = {isa = PBXBuildFile; fileRef = B42E94E3192441EB538602CC /* ShortMessageEditorView.swift */; };
		A98EE81AD094319EAAD0C5CF /* TuistStrings+MNGA.swift in Sources */ = {isa = PBXBuildFile; fileRef = 1504660D8A3CF805618C8D42 /* TuistStrings+MNGA.swift */; };
		AA4B4044E5D7B6118DECE048 /* ContentEditorView.swift in Sources */ = {isa = PBXBuildFile; fileRef = 915CD08680AA28D87FC06FF9 /* ContentEditorView.swift */; };
		AEB435B84C8BCF0F2ADD5CB6 /* SearchModel.swift in Sources */ = {isa = PBXBuildFile; fileRef = D6CAC385B1CE58A6B4F14E67 /* SearchModel.swift */; };
		B025A3975B8AE34A36666D33 /* AlertToast in Frameworks */ = {isa = PBXBuildFile; productRef = F450EC5A831C44FE9E99B0D4 /* AlertToast */; };
		B2803E98FC22E98958E64345 /* DateTimeTextView.swift in Sources */ = {isa = PBXBuildFile; fileRef = 03E80D417EF362A54B7A397F /* DateTimeTextView.swift */; };
		B799467401B939CA16ADB86E /* ContentEditorModel.swift in Sources */ = {isa = PBXBuildFile; fileRef = 4FBED306E31DBDF119B3258C /* ContentEditorModel.swift */; };
		B897D63AE915A28E0DBB48DB /* PreferencesView.swift in Sources */ = {isa = PBXBuildFile; fileRef = DC2FF913530F3B0318C2E063 /* PreferencesView.swift */; };
		B94A43BF99B5F04EC7C5447D /* Constants.swift in Sources */ = {isa = PBXBuildFile; fileRef = 8282E36FE1F489236E17187A /* Constants.swift */; };
		BD3B0C55C1B5114251A23386 /* StickerImageView.swift in Sources */ = {isa = PBXBuildFile; fileRef = 02B3CAA01464E8C42C39797B /* StickerImageView.swift */; };
		BD9204FC74F4C224F91234A9 /* TopicDetailsView.swift in Sources */ = {isa = PBXBuildFile; fileRef = B395D92F42B78CD46C104B2E /* TopicDetailsView.swift */; };
		C47F6603C47CEDA5EBFEBD6E /* CurrentUserModel.swift in Sources */ = {isa = PBXBuildFile; fileRef = 1BF60B9336955A32BB1A0424 /* CurrentUserModel.swift */; };
		C4AE614364B0DEC81E02A5AE /* Appearance.swift in Sources */ = {isa = PBXBuildFile; fileRef = 1F3102E8540B0DE6D3F5C578 /* Appearance.swift */; };
		C5B51E1296BF6C6AE25364AD /* OptionalBinding.swift in Sources */ = {isa = PBXBuildFile; fileRef = 02D273CF3DD75098EE9593E4 /* OptionalBinding.swift */; };
		C695EA4436E57113DE55707C /* PostContentView.swift in Sources */ = {isa = PBXBuildFile; fileRef = E0D234834C9A289E6E1A647E /* PostContentView.swift */; };
		C6C874484BF237965133F2BB /* logic-ios.xcframework in Frameworks */ = {isa = PBXBuildFile; fileRef = 95176B4A40E7D3EFB32B262C /* logic-ios.xcframework */; };
		C73C6E3390A7717465CE320C /* MNGAApp.swift in Sources */ = {isa = PBXBuildFile; fileRef = 893EDAB4F82216D5DB552555 /* MNGAApp.swift */; };
		C9280A258A0C296C43899B81 /* UserSignatureView.swift in Sources */ = {isa = PBXBuildFile; fileRef = 9807113F906CC9D98A2A568F /* UserSignatureView.swift */; };
		CF702701CD6266C248C86535 /* AuthInfoDebug.swift in Sources */ = {isa = PBXBuildFile; fileRef = AC27BDF8EC33908D60E0B2D7 /* AuthInfoDebug.swift */; };
		D08FFA77E7A501A7467B5E67 /* UserMenuView.swift in Sources */ = {isa = PBXBuildFile; fileRef = 096F0A7DA0603AC794C098F6 /* UserMenuView.swift */; };
		D28850B65B854B787E6F84B6 /* Extensions.swift in Sources */ = {isa = PBXBuildFile; fileRef = 1BE546D38E3573BBCFD9B059 /* Extensions.swift */; };
		D5DABF67DF32ACE1EF075544 /* SwiftProtobuf in Frameworks */ = {isa = PBXBuildFile; productRef = 1AFBED7F37113254E7C11D04 /* SwiftProtobuf */; };
		D619669E03C6A24F17EB95F0 /* ZoomableScrollView.swift in Sources */ = {isa = PBXBuildFile; fileRef = 1F911CBBF68B2A1066F62052 /* ZoomableScrollView.swift */; };
		D6FD1CAE9169B4FB1F4EC0CC /* View+RedactedIf.swift in Sources */ = {isa = PBXBuildFile; fileRef = 5CCFF49472E6CA90664241FD /* View+RedactedIf.swift */; };
		D7FEB371DC916244DFFEBF61 /* TopicHistoryListView.swift in Sources */ = {isa = PBXBuildFile; fileRef = AF2BE7C5F2310C1EFD1F611D /* TopicHistoryListView.swift */; };
		DAE0DB03B95BBB2D3C3F5CCA /* SubforumListView.swift in Sources */ = {isa = PBXBuildFile; fileRef = 3EAD7391A31F446087BFCE29 /* SubforumListView.swift */; };
		DEA932EC9B1E318BB5F82C70 /* WebOrAsyncImage.swift in Sources */ = {isa = PBXBuildFile; fileRef = C11B5DE0359A4247B9959586 /* WebOrAsyncImage.swift */; };
		E0CB37778F879D3042839CB9 /* ContentCombiner.swift in Sources */ = {isa = PBXBuildFile; fileRef = 1629FD2ACF77465B0F799A1B /* ContentCombiner.swift */; };
		E13FDC68A25F4C48E1E4FB3E /* PreferencesStorage.swift in Sources */ = {isa = PBXBuildFile; fileRef = 936B56981C9D7CA38D8A6EB3 /* PreferencesStorage.swift */; };
		E59B66BC6DB65F7EEEFB1E88 /* UserView.swift in Sources */ = {isa = PBXBuildFile; fileRef = 2B4E216E836F68251CB53D22 /* UserView.swift */; };
		E69B60F0B65406C8CEE34B38 /* SchemesModel.swift in Sources */ = {isa = PBXBuildFile; fileRef = 08DB5217B9DBB451054267EB /* SchemesModel.swift */; };
		E75B4A11CDF746710FF897FE /* TopicListView.swift in Sources */ = {isa = PBXBuildFile; fileRef = F243FAC8A82A1E347680B3EB /* TopicListView.swift */; };
		E9A1EE86BD310B4CF3117EA5 /* CombineExt in Frameworks */ = {isa = PBXBuildFile; productRef = D91A31B815EF8C2BFFA0ECE2 /* CombineExt */; };
		EACC5619D18F5D365415692B /* FavoriteForumsStorage.swift in Sources */ = {isa = PBXBuildFile; fileRef = D87D38D35EE7372A6AB6469D /* FavoriteForumsStorage.swift */; };
		EC00B291F92B0AC3E385F2BE /* ShortMessageDetailsView.swift in Sources */ = {isa = PBXBuildFile; fileRef = 0CE8EB0C855EA49451011392 /* ShortMessageDetailsView.swift */; };
		EDB9775CA110CA4C23C56AEA /* TopicDetailsActionModel.swift in Sources */ = {isa = PBXBuildFile; fileRef = 3F58DAFF23DEBD3176ED7FBF /* TopicDetailsActionModel.swift */; };
		EF18164579F83B1C3C9B3282 /* ToastModifier.swift in Sources */ = {isa = PBXBuildFile; fileRef = 6A25F4FB168F0B94CB409B6F /* ToastModifier.swift */; };
		EF19EE2F457C129646D13FE4 /* NotificationRowView.swift in Sources */ = {isa = PBXBuildFile; fileRef = 029FE1D27D638BD9E320D31F /* NotificationRowView.swift */; };
		F1FE7B88ADC8F467240188A5 /* Localizable.strings in Resources */ = {isa = PBXBuildFile; fileRef = B1C05964F89E92B59CAE46D7 /* Localizable.strings */; };
		F5BA6C48541F3073DC38A189 /* Logger.swift in Sources */ = {isa = PBXBuildFile; fileRef = D27CF4D731B9EAC54F38E92F /* Logger.swift */; };
		FF9D145A6C1E20C5DE75CEDE /* GlobalSearchView.swift in Sources */ = {isa = PBXBuildFile; fileRef = 5381FB0BBCA12B79B88F3C03 /* GlobalSearchView.swift */; };
/* End PBXBuildFile section */

/* Begin PBXCopyFilesBuildPhase section */
		7DAD88EE7F03FED057EE0467 /* Embed Frameworks */ = {
			isa = PBXCopyFilesBuildPhase;
			buildActionMask = 2147483647;
			dstPath = "";
			dstSubfolderSpec = 10;
			files = (
			);
			name = "Embed Frameworks";
			runOnlyForDeploymentPostprocessing = 0;
		};
/* End PBXCopyFilesBuildPhase section */

/* Begin PBXFileReference section */
		029FE1D27D638BD9E320D31F /* NotificationRowView.swift */ = {isa = PBXFileReference; lastKnownFileType = sourcecode.swift; path = NotificationRowView.swift; sourceTree = "<group>"; };
		02B3CAA01464E8C42C39797B /* StickerImageView.swift */ = {isa = PBXFileReference; lastKnownFileType = sourcecode.swift; path = StickerImageView.swift; sourceTree = "<group>"; };
		02D273CF3DD75098EE9593E4 /* OptionalBinding.swift */ = {isa = PBXFileReference; lastKnownFileType = sourcecode.swift; path = OptionalBinding.swift; sourceTree = "<group>"; };
		03E80D417EF362A54B7A397F /* DateTimeTextView.swift */ = {isa = PBXFileReference; lastKnownFileType = sourcecode.swift; path = DateTimeTextView.swift; sourceTree = "<group>"; };
		0481EF5521F0AED2F816A993 /* Alignment.swift */ = {isa = PBXFileReference; lastKnownFileType = sourcecode.swift; path = Alignment.swift; sourceTree = "<group>"; };
		08DB5217B9DBB451054267EB /* SchemesModel.swift */ = {isa = PBXFileReference; lastKnownFileType = sourcecode.swift; path = SchemesModel.swift; sourceTree = "<group>"; };
		08E4D80C476AB991F13D4B8D /* BlockedView.swift */ = {isa = PBXFileReference; lastKnownFileType = sourcecode.swift; path = BlockedView.swift; sourceTree = "<group>"; };
		096F0A7DA0603AC794C098F6 /* UserMenuView.swift */ = {isa = PBXFileReference; lastKnownFileType = sourcecode.swift; path = UserMenuView.swift; sourceTree = "<group>"; };
		0A664248CFDE3BFFF5449D1D /* CacheView.swift */ = {isa = PBXFileReference; lastKnownFileType = sourcecode.swift; path = CacheView.swift; sourceTree = "<group>"; };
		0CE8EB0C855EA49451011392 /* ShortMessageDetailsView.swift */ = {isa = PBXFileReference; lastKnownFileType = sourcecode.swift; path = ShortMessageDetailsView.swift; sourceTree = "<group>"; };
		0ECAD0E2AEC838BE1D6198CF /* UserProfileView.swift */ = {isa = PBXFileReference; lastKnownFileType = sourcecode.swift; path = UserProfileView.swift; sourceTree = "<group>"; };
		11F013DFFE4A5465E83EE0B0 /* PagingDataSource.swift */ = {isa = PBXFileReference; lastKnownFileType = sourcecode.swift; path = PagingDataSource.swift; sourceTree = "<group>"; };
		1272D674C141D4538F929924 /* Info.plist */ = {isa = PBXFileReference; lastKnownFileType = text.plist; path = Info.plist; sourceTree = "<group>"; };
		1488E7FD6B5D05582EB71A2B /* GenericEditorView.swift */ = {isa = PBXFileReference; lastKnownFileType = sourcecode.swift; path = GenericEditorView.swift; sourceTree = "<group>"; };
		14F80CE4C9462B28A29ED900 /* PostCommentRowView.swift */ = {isa = PBXFileReference; lastKnownFileType = sourcecode.swift; path = PostCommentRowView.swift; sourceTree = "<group>"; };
		1504660D8A3CF805618C8D42 /* TuistStrings+MNGA.swift */ = {isa = PBXFileReference; lastKnownFileType = sourcecode.swift; path = "TuistStrings+MNGA.swift"; sourceTree = "<group>"; };
		1629FD2ACF77465B0F799A1B /* ContentCombiner.swift */ = {isa = PBXFileReference; lastKnownFileType = sourcecode.swift; path = ContentCombiner.swift; sourceTree = "<group>"; };
		196E9590A96B8E5208BB3A2B /* ShortMessageRowView.swift */ = {isa = PBXFileReference; lastKnownFileType = sourcecode.swift; path = ShortMessageRowView.swift; sourceTree = "<group>"; };
		1A7E306597DB28EA1B9A66D1 /* DataModel.pb.swift */ = {isa = PBXFileReference; lastKnownFileType = sourcecode.swift; path = DataModel.pb.swift; sourceTree = "<group>"; };
		1BE546D38E3573BBCFD9B059 /* Extensions.swift */ = {isa = PBXFileReference; lastKnownFileType = sourcecode.swift; path = Extensions.swift; sourceTree = "<group>"; };
		1BF60B9336955A32BB1A0424 /* CurrentUserModel.swift */ = {isa = PBXFileReference; lastKnownFileType = sourcecode.swift; path = CurrentUserModel.swift; sourceTree = "<group>"; };
		1C53D6B54F84C2F321C91139 /* ContentView.swift */ = {isa = PBXFileReference; lastKnownFileType = sourcecode.swift; path = ContentView.swift; sourceTree = "<group>"; };
		1D8B0416B343C7926A755DE7 /* ForumListView.swift */ = {isa = PBXFileReference; lastKnownFileType = sourcecode.swift; path = ForumListView.swift; sourceTree = "<group>"; };
		1E3E5F6AEE2FDEA656CD5251 /* ForumIconView.swift */ = {isa = PBXFileReference; lastKnownFileType = sourcecode.swift; path = ForumIconView.swift; sourceTree = "<group>"; };
		1F1BE748677748C54DDDA4B2 /* LogicCall.swift */ = {isa = PBXFileReference; lastKnownFileType = sourcecode.swift; path = LogicCall.swift; sourceTree = "<group>"; };
		1F3102E8540B0DE6D3F5C578 /* Appearance.swift */ = {isa = PBXFileReference; lastKnownFileType = sourcecode.swift; path = Appearance.swift; sourceTree = "<group>"; };
		1F5AAAC57B114BD5DA844270 /* Binding.swift */ = {isa = PBXFileReference; lastKnownFileType = sourcecode.swift; path = Binding.swift; sourceTree = "<group>"; };
		1F911CBBF68B2A1066F62052 /* ZoomableScrollView.swift */ = {isa = PBXFileReference; lastKnownFileType = sourcecode.swift; path = ZoomableScrollView.swift; sourceTree = "<group>"; };
		20B47B442867C34F0F9A394E /* ImageOverlay.swift */ = {isa = PBXFileReference; lastKnownFileType = sourcecode.swift; path = ImageOverlay.swift; sourceTree = "<group>"; };
		2178193324D13545F3D57255 /* File.swift */ = {isa = PBXFileReference; lastKnownFileType = sourcecode.swift; path = File.swift; sourceTree = "<group>"; };
		22CF2D43137699ABBA1ADAAC /* AttachmentsView.swift */ = {isa = PBXFileReference; lastKnownFileType = sourcecode.swift; path = AttachmentsView.swift; sourceTree = "<group>"; };
		2307D52DC05F9E6956E4B146 /* ArrayBuilder.swift */ = {isa = PBXFileReference; lastKnownFileType = sourcecode.swift; path = ArrayBuilder.swift; sourceTree = "<group>"; };
		282C8A3876043297A503276E /* MNGA.entitlements */ = {isa = PBXFileReference; lastKnownFileType = text.plist.entitlements; path = MNGA.entitlements; sourceTree = "<group>"; };
		2B4E216E836F68251CB53D22 /* UserView.swift */ = {isa = PBXFileReference; lastKnownFileType = sourcecode.swift; path = UserView.swift; sourceTree = "<group>"; };
		2B5F96E33973C29CF7F5B384 /* PresendAttachmentsModel.swift */ = {isa = PBXFileReference; lastKnownFileType = sourcecode.swift; path = PresendAttachmentsModel.swift; sourceTree = "<group>"; };
		2CC09B0A3CC8D42FF26EB94E /* Stickers.swift */ = {isa = PBXFileReference; lastKnownFileType = sourcecode.swift; path = Stickers.swift; sourceTree = "<group>"; };
		2E3B4DB73FC39F8B7C8D4969 /* UsersModel.swift */ = {isa = PBXFileReference; lastKnownFileType = sourcecode.swift; path = UsersModel.swift; sourceTree = "<group>"; };
		2F2BBA8DC37056688140A012 /* NavigationPlaceholders.swift */ = {isa = PBXFileReference; lastKnownFileType = sourcecode.swift; path = NavigationPlaceholders.swift; sourceTree = "<group>"; };
		3262DAB12F965E594AC7D103 /* TopicSearchView.swift */ = {isa = PBXFileReference; lastKnownFileType = sourcecode.swift; path = TopicSearchView.swift; sourceTree = "<group>"; };
		32656FE3C3C1BD9E040761A1 /* ViewingImageModel.swift */ = {isa = PBXFileReference; lastKnownFileType = sourcecode.swift; path = ViewingImageModel.swift; sourceTree = "<group>"; };
		35118A81FB6AA0D2B249B5B1 /* QuoteUserView.swift */ = {isa = PBXFileReference; lastKnownFileType = sourcecode.swift; path = QuoteUserView.swift; sourceTree = "<group>"; };
		392AD49D8B3CF64601DD4320 /* Misc.swift */ = {isa = PBXFileReference; lastKnownFileType = sourcecode.swift; path = Misc.swift; sourceTree = "<group>"; };
		394E3D7BDFA72569FBACF946 /* PostRowView.swift */ = {isa = PBXFileReference; lastKnownFileType = sourcecode.swift; path = PostRowView.swift; sourceTree = "<group>"; };
		3EAD7391A31F446087BFCE29 /* SubforumListView.swift */ = {isa = PBXFileReference; lastKnownFileType = sourcecode.swift; path = SubforumListView.swift; sourceTree = "<group>"; };
		3F05B275B25B2994D9C7FE67 /* BlockWordsStorage.swift */ = {isa = PBXFileReference; lastKnownFileType = sourcecode.swift; path = BlockWordsStorage.swift; sourceTree = "<group>"; };
		3F58DAFF23DEBD3176ED7FBF /* TopicDetailsActionModel.swift */ = {isa = PBXFileReference; lastKnownFileType = sourcecode.swift; path = TopicDetailsActionModel.swift; sourceTree = "<group>"; };
		41988B98461A98B7AEB31FD0 /* DateFormatters.swift */ = {isa = PBXFileReference; lastKnownFileType = sourcecode.swift; path = DateFormatters.swift; sourceTree = "<group>"; };
		451F2F606DA99668497EA703 /* PlaceholderView.swift */ = {isa = PBXFileReference; lastKnownFileType = sourcecode.swift; path = PlaceholderView.swift; sourceTree = "<group>"; };
		45351ACD81D3D19BCD101498 /* PostRowUserView.swift */ = {isa = PBXFileReference; lastKnownFileType = sourcecode.swift; path = PostRowUserView.swift; sourceTree = "<group>"; };
		45BF4EBE4A4729AEFCC9BE2D /* AuthStorage.swift */ = {isa = PBXFileReference; lastKnownFileType = sourcecode.swift; path = AuthStorage.swift; sourceTree = "<group>"; };
		4ACE9EBCBA2304621A08C335 /* HapticUtils.swift */ = {isa = PBXFileReference; lastKnownFileType = sourcecode.swift; path = HapticUtils.swift; sourceTree = "<group>"; };
		4CF406D23527A3FA1BCE9CFA /* TopicRowView.swift */ = {isa = PBXFileReference; lastKnownFileType = sourcecode.swift; path = TopicRowView.swift; sourceTree = "<group>"; };
		4CF65529B7BB4BA7BEC92F48 /* PostEditorView.swift */ = {isa = PBXFileReference; lastKnownFileType = sourcecode.swift; path = PostEditorView.swift; sourceTree = "<group>"; };
		4D1B82E28EC654F650E268CE /* zh-Hans */ = {isa = PBXFileReference; lastKnownFileType = text.plist.strings; name = "zh-Hans"; path = "zh-Hans.lproj/Localizable.strings"; sourceTree = "<group>"; };
		4FBED306E31DBDF119B3258C /* ContentEditorModel.swift */ = {isa = PBXFileReference; lastKnownFileType = sourcecode.swift; path = ContentEditorModel.swift; sourceTree = "<group>"; };
		5381FB0BBCA12B79B88F3C03 /* GlobalSearchView.swift */ = {isa = PBXFileReference; lastKnownFileType = sourcecode.swift; path = GlobalSearchView.swift; sourceTree = "<group>"; };
		5CCFF49472E6CA90664241FD /* View+RedactedIf.swift */ = {isa = PBXFileReference; lastKnownFileType = sourcecode.swift; path = "View+RedactedIf.swift"; sourceTree = "<group>"; };
		5F45100B9101BD015F598654 /* Assets.xcassets */ = {isa = PBXFileReference; lastKnownFileType = folder.assetcatalog; path = Assets.xcassets; sourceTree = "<group>"; };
		621782CB12B41FC23936A22A /* OpenURLModel.swift */ = {isa = PBXFileReference; lastKnownFileType = sourcecode.swift; path = OpenURLModel.swift; sourceTree = "<group>"; };
		62BECF4655B81467AE7E031F /* ContentButtonView.swift */ = {isa = PBXFileReference; lastKnownFileType = sourcecode.swift; path = ContentButtonView.swift; sourceTree = "<group>"; };
		637B800B3B3A6DBF68E27F05 /* TopicPostRowView.swift */ = {isa = PBXFileReference; lastKnownFileType = sourcecode.swift; path = TopicPostRowView.swift; sourceTree = "<group>"; };
		6A25F4FB168F0B94CB409B6F /* ToastModifier.swift */ = {isa = PBXFileReference; lastKnownFileType = sourcecode.swift; path = ToastModifier.swift; sourceTree = "<group>"; };
		7495292FC776F32BC53913EE /* Platform.swift */ = {isa = PBXFileReference; lastKnownFileType = sourcecode.swift; path = Platform.swift; sourceTree = "<group>"; };
		79D3FFCBF463C7F932ED1464 /* NotificationListView.swift */ = {isa = PBXFileReference; lastKnownFileType = sourcecode.swift; path = NotificationListView.swift; sourceTree = "<group>"; };
		79ED4C56EE2D5C5F4685CC0F /* RepliesNumView.swift */ = {isa = PBXFileReference; lastKnownFileType = sourcecode.swift; path = RepliesNumView.swift; sourceTree = "<group>"; };
		7CC837EF44C327ADCF2AE11E /* ContentImageView.swift */ = {isa = PBXFileReference; lastKnownFileType = sourcecode.swift; path = ContentImageView.swift; sourceTree = "<group>"; };
		7F54DACB2464D7CE27630FEC /* ToolbarModifier.swift */ = {isa = PBXFileReference; lastKnownFileType = sourcecode.swift; path = ToolbarModifier.swift; sourceTree = "<group>"; };
		800BD85E063258BCB46CD587 /* Service.pb.swift */ = {isa = PBXFileReference; lastKnownFileType = sourcecode.swift; path = Service.pb.swift; sourceTree = "<group>"; };
		800F4CED558F7A7AF9A24F7F /* Snapshot.swift */ = {isa = PBXFileReference; lastKnownFileType = sourcecode.swift; path = Snapshot.swift; sourceTree = "<group>"; };
		8127D9A85CFF927CC7CA1B3D /* TuistBundle+MNGA.swift */ = {isa = PBXFileReference; lastKnownFileType = sourcecode.swift; path = "TuistBundle+MNGA.swift"; sourceTree = "<group>"; };
		8282E36FE1F489236E17187A /* Constants.swift */ = {isa = PBXFileReference; lastKnownFileType = sourcecode.swift; path = Constants.swift; sourceTree = "<group>"; };
		840D726D8E00F71B8EBE1803 /* ForumRowView.swift */ = {isa = PBXFileReference; lastKnownFileType = sourcecode.swift; path = ForumRowView.swift; sourceTree = "<group>"; };
		893EDAB4F82216D5DB552555 /* MNGAApp.swift */ = {isa = PBXFileReference; lastKnownFileType = sourcecode.swift; path = MNGAApp.swift; sourceTree = "<group>"; };
		89BD94AA8708CAA9D2A9FF84 /* Window.swift */ = {isa = PBXFileReference; lastKnownFileType = sourcecode.swift; path = Window.swift; sourceTree = "<group>"; };
		915CD08680AA28D87FC06FF9 /* ContentEditorView.swift */ = {isa = PBXFileReference; lastKnownFileType = sourcecode.swift; path = ContentEditorView.swift; sourceTree = "<group>"; };
		924F083A41FB28DE620C8304 /* VotesModel.swift */ = {isa = PBXFileReference; lastKnownFileType = sourcecode.swift; path = VotesModel.swift; sourceTree = "<group>"; };
		936B56981C9D7CA38D8A6EB3 /* PreferencesStorage.swift */ = {isa = PBXFileReference; lastKnownFileType = sourcecode.swift; path = PreferencesStorage.swift; sourceTree = "<group>"; };
		95176B4A40E7D3EFB32B262C /* logic-ios.xcframework */ = {isa = PBXFileReference; lastKnownFileType = wrapper.xcframework; path = "logic-ios.xcframework"; sourceTree = "<group>"; };
		95D4A9EA0938DA8276AC8093 /* FavoriteTopicListView.swift */ = {isa = PBXFileReference; lastKnownFileType = sourcecode.swift; path = FavoriteTopicListView.swift; sourceTree = "<group>"; };
		960785BB93F5A7D9756FB815 /* NotificationModel.swift */ = {isa = PBXFileReference; lastKnownFileType = sourcecode.swift; path = NotificationModel.swift; sourceTree = "<group>"; };
		9807113F906CC9D98A2A568F /* UserSignatureView.swift */ = {isa = PBXFileReference; lastKnownFileType = sourcecode.swift; path = UserSignatureView.swift; sourceTree = "<group>"; };
		9C1739DF448A0BBDDFF20095 /* ContentTextEditorView.swift */ = {isa = PBXFileReference; lastKnownFileType = sourcecode.swift; path = ContentTextEditorView.swift; sourceTree = "<group>"; };
		9E9D7DC5385EC7C43350713E /* AboutView.swift */ = {isa = PBXFileReference; lastKnownFileType = sourcecode.swift; path = AboutView.swift; sourceTree = "<group>"; };
		ABFE904F1F8BB33779644B75 /* URLs.swift */ = {isa = PBXFileReference; lastKnownFileType = sourcecode.swift; path = URLs.swift; sourceTree = "<group>"; };
		AC27BDF8EC33908D60E0B2D7 /* AuthInfoDebug.swift */ = {isa = PBXFileReference; lastKnownFileType = sourcecode.swift; path = AuthInfoDebug.swift; sourceTree = "<group>"; };
		AD6E60D608B46FEA4F005EB3 /* OpenSourceStickers.swift */ = {isa = PBXFileReference; lastKnownFileType = sourcecode.swift; path = OpenSourceStickers.swift; sourceTree = "<group>"; };
		ADDB3F44A7E6444FA449B4A4 /* MNGA.app */ = {isa = PBXFileReference; explicitFileType = wrapper.application; includeInIndex = 0; path = MNGA.app; sourceTree = BUILT_PRODUCTS_DIR; };
		AF2BE7C5F2310C1EFD1F611D /* TopicHistoryListView.swift */ = {isa = PBXFileReference; lastKnownFileType = sourcecode.swift; path = TopicHistoryListView.swift; sourceTree = "<group>"; };
		B08AAFF9FCB7199DF8221FCA /* CollapsedContentView.swift */ = {isa = PBXFileReference; lastKnownFileType = sourcecode.swift; path = CollapsedContentView.swift; sourceTree = "<group>"; };
		B2D2C19D2237F00A96C53DA1 /* ShortMessageListView.swift */ = {isa = PBXFileReference; lastKnownFileType = sourcecode.swift; path = ShortMessageListView.swift; sourceTree = "<group>"; };
		B395D92F42B78CD46C104B2E /* TopicDetailsView.swift */ = {isa = PBXFileReference; lastKnownFileType = sourcecode.swift; path = TopicDetailsView.swift; sourceTree = "<group>"; };
		B42E94E3192441EB538602CC /* ShortMessageEditorView.swift */ = {isa = PBXFileReference; lastKnownFileType = sourcecode.swift; path = ShortMessageEditorView.swift; sourceTree = "<group>"; };
		B59DAC960A084F037509FA46 /* AuthedPreview.swift */ = {isa = PBXFileReference; lastKnownFileType = sourcecode.swift; path = AuthedPreview.swift; sourceTree = "<group>"; };
		B654E583319365B23C37C58A /* TopicSubjectView.swift */ = {isa = PBXFileReference; lastKnownFileType = sourcecode.swift; path = TopicSubjectView.swift; sourceTree = "<group>"; };
		B680BD45B4087FF072EC1AF9 /* RecommendedTopicListView.swift */ = {isa = PBXFileReference; lastKnownFileType = sourcecode.swift; path = RecommendedTopicListView.swift; sourceTree = "<group>"; };
		B96F395B7E8A8EDDB8ABEE2A /* CellContextMenuModifier.swift */ = {isa = PBXFileReference; lastKnownFileType = sourcecode.swift; path = CellContextMenuModifier.swift; sourceTree = "<group>"; };
		BB17BB3A88BC947B6FFADD9C /* Localization.swift */ = {isa = PBXFileReference; lastKnownFileType = sourcecode.swift; path = Localization.swift; sourceTree = "<group>"; };
		BD3A0F59BB77F2E1530817BD /* QuoteView.swift */ = {isa = PBXFileReference; lastKnownFileType = sourcecode.swift; path = QuoteView.swift; sourceTree = "<group>"; };
		C11B5DE0359A4247B9959586 /* WebOrAsyncImage.swift */ = {isa = PBXFileReference; lastKnownFileType = sourcecode.swift; path = WebOrAsyncImage.swift; sourceTree = "<group>"; };
		C1C6B2A5AC9DEECE95A30E9C /* View+FirstAppear.swift */ = {isa = PBXFileReference; lastKnownFileType = sourcecode.swift; path = "View+FirstAppear.swift"; sourceTree = "<group>"; };
		C2AC2182B6601C827EFDDDA1 /* en */ = {isa = PBXFileReference; lastKnownFileType = text.plist.strings; name = en; path = en.lproj/Localizable.strings; sourceTree = "<group>"; };
		C515C96EAC7B00BF48AEA3F1 /* ShareLinksView.swift */ = {isa = PBXFileReference; lastKnownFileType = sourcecode.swift; path = ShareLinksView.swift; sourceTree = "<group>"; };
		CB17804AF634236E31AB30CB /* ShortMessagePostRowView.swift */ = {isa = PBXFileReference; lastKnownFileType = sourcecode.swift; path = ShortMessagePostRowView.swift; sourceTree = "<group>"; };
		CDFB3DBC3AA52727B9F5F139 /* GenericPostModel.swift */ = {isa = PBXFileReference; lastKnownFileType = sourcecode.swift; path = GenericPostModel.swift; sourceTree = "<group>"; };
		D27CF4D731B9EAC54F38E92F /* Logger.swift */ = {isa = PBXFileReference; lastKnownFileType = sourcecode.swift; path = Logger.swift; sourceTree = "<group>"; };
		D49BF168204DC36C8F167A07 /* TextSelectionView.swift */ = {isa = PBXFileReference; lastKnownFileType = sourcecode.swift; path = TextSelectionView.swift; sourceTree = "<group>"; };
		D63F62103E3CC40765D60F66 /* RawRepresentable.swift */ = {isa = PBXFileReference; lastKnownFileType = sourcecode.swift; path = RawRepresentable.swift; sourceTree = "<group>"; };
		D6CAC385B1CE58A6B4F14E67 /* SearchModel.swift */ = {isa = PBXFileReference; lastKnownFileType = sourcecode.swift; path = SearchModel.swift; sourceTree = "<group>"; };
		D6D297923D23620DC178E918 /* ForEachOrEmpty.swift */ = {isa = PBXFileReference; lastKnownFileType = sourcecode.swift; path = ForEachOrEmpty.swift; sourceTree = "<group>"; };
		D87D38D35EE7372A6AB6469D /* FavoriteForumsStorage.swift */ = {isa = PBXFileReference; lastKnownFileType = sourcecode.swift; path = FavoriteForumsStorage.swift; sourceTree = "<group>"; };
		DABDDF9368A37E9F92AC7E57 /* ToastModel.swift */ = {isa = PBXFileReference; lastKnownFileType = sourcecode.swift; path = ToastModel.swift; sourceTree = "<group>"; };
		DC2FF913530F3B0318C2E063 /* PreferencesView.swift */ = {isa = PBXFileReference; lastKnownFileType = sourcecode.swift; path = PreferencesView.swift; sourceTree = "<group>"; };
		DD0ED00A100B25B80A4BF5FD /* BasicLogicCall.swift */ = {isa = PBXFileReference; lastKnownFileType = sourcecode.swift; path = BasicLogicCall.swift; sourceTree = "<group>"; };
		E0D234834C9A289E6E1A647E /* PostContentView.swift */ = {isa = PBXFileReference; lastKnownFileType = sourcecode.swift; path = PostContentView.swift; sourceTree = "<group>"; };
		E8DACEE0BAE5F2F9B859810B /* AttachmentsModel.swift */ = {isa = PBXFileReference; lastKnownFileType = sourcecode.swift; path = AttachmentsModel.swift; sourceTree = "<group>"; };
		EAA087C1F663198AA2F20B8D /* TopicJumpSelectorView.swift */ = {isa = PBXFileReference; lastKnownFileType = sourcecode.swift; path = TopicJumpSelectorView.swift; sourceTree = "<group>"; };
		EB9D3FF29A7C7E6BEE88CE9D /* TuistAssets+MNGA.swift */ = {isa = PBXFileReference; lastKnownFileType = sourcecode.swift; path = "TuistAssets+MNGA.swift"; sourceTree = "<group>"; };
		EEC6C513BA88B56C2EB4173B /* ActivityModel.swift */ = {isa = PBXFileReference; lastKnownFileType = sourcecode.swift; path = ActivityModel.swift; sourceTree = "<group>"; };
		F243FAC8A82A1E347680B3EB /* TopicListView.swift */ = {isa = PBXFileReference; lastKnownFileType = sourcecode.swift; path = TopicListView.swift; sourceTree = "<group>"; };
		F2557C50F0B676903E546797 /* PostReplyChainView.swift */ = {isa = PBXFileReference; lastKnownFileType = sourcecode.swift; path = PostReplyChainView.swift; sourceTree = "<group>"; };
		F3E8330FFA342CE9F2C1DC80 /* LoadingRowView.swift */ = {isa = PBXFileReference; lastKnownFileType = sourcecode.swift; path = LoadingRowView.swift; sourceTree = "<group>"; };
		F5A3E677669CBEB54E2EEBD0 /* BlockWordListView.swift */ = {isa = PBXFileReference; lastKnownFileType = sourcecode.swift; path = BlockWordListView.swift; sourceTree = "<group>"; };
		FC268247A3FD84367BE672C1 /* LoginView.swift */ = {isa = PBXFileReference; lastKnownFileType = sourcecode.swift; path = LoginView.swift; sourceTree = "<group>"; };
		FE70533428B5C3289D9F59CE /* HotTopicListView.swift */ = {isa = PBXFileReference; lastKnownFileType = sourcecode.swift; path = HotTopicListView.swift; sourceTree = "<group>"; };
		FF720C7C04121D703C4DC6C5 /* StickerInputView.swift */ = {isa = PBXFileReference; lastKnownFileType = sourcecode.swift; path = StickerInputView.swift; sourceTree = "<group>"; };
/* End PBXFileReference section */

/* Begin PBXFrameworksBuildPhase section */
		04E420723339D729ECF034C1 /* Frameworks */ = {
			isa = PBXFrameworksBuildPhase;
			buildActionMask = 2147483647;
			files = (
				C6C874484BF237965133F2BB /* logic-ios.xcframework in Frameworks */,
				D5DABF67DF32ACE1EF075544 /* SwiftProtobuf in Frameworks */,
				2205DC561C5AD682CC4973BE /* SDWebImageSwiftUI in Frameworks */,
				A2F4AA2C85EB91B181EA67D7 /* SwiftUIX in Frameworks */,
				069616514B9F8EA9E4F7E0DD /* WebView in Frameworks */,
				4060954892A56C37FC81D085 /* Logging in Frameworks */,
				16DF6FD4B74F513FC05D2400 /* BetterSafariView in Frameworks */,
				4F3AC110221EEB2F0A8B889C /* Colorful in Frameworks */,
				E9A1EE86BD310B4CF3117EA5 /* CombineExt in Frameworks */,
				B025A3975B8AE34A36666D33 /* AlertToast in Frameworks */,
				3D81EA6E9BE07C38CE659311 /* Crossroad in Frameworks */,
				5269D6BF137F96F34895B23D /* SwiftUIIntrospect in Frameworks */,
			);
			runOnlyForDeploymentPostprocessing = 0;
		};
/* End PBXFrameworksBuildPhase section */

/* Begin PBXGroup section */
		02F26AEBD978B0FADB3C9710 /* Logic */ = {
			isa = PBXGroup;
			children = (
				DD0ED00A100B25B80A4BF5FD /* BasicLogicCall.swift */,
				1F1BE748677748C54DDDA4B2 /* LogicCall.swift */,
			);
			path = Logic;
			sourceTree = "<group>";
		};
		04CF5174AE2B436BFC38534D /* iOS */ = {
			isa = PBXGroup;
			children = (
				D8E3F30DB4D881A28CDC2CD3 /* Modifiers */,
				2DC3C05C5EE3633EBF15A51F /* Utilities */,
				137647BB5F9E77A394D0F0D9 /* Views */,
				1272D674C141D4538F929924 /* Info.plist */,
			);
			path = iOS;
			sourceTree = "<group>";
		};
		060916EB7CE169574D0D4637 = {
			isa = PBXGroup;
			children = (
				2B167E042E6D120BF82CD1C9 /* Project */,
				08327FC5E83BE25E8630BB8E /* Products */,
			);
			sourceTree = "<group>";
		};
		08327FC5E83BE25E8630BB8E /* Products */ = {
			isa = PBXGroup;
			children = (
				ADDB3F44A7E6444FA449B4A4 /* MNGA.app */,
			);
			name = Products;
			sourceTree = "<group>";
		};
		137647BB5F9E77A394D0F0D9 /* Views */ = {
			isa = PBXGroup;
			children = (
				915CD08680AA28D87FC06FF9 /* ContentEditorView.swift */,
				9C1739DF448A0BBDDFF20095 /* ContentTextEditorView.swift */,
				20B47B442867C34F0F9A394E /* ImageOverlay.swift */,
				1F911CBBF68B2A1066F62052 /* ZoomableScrollView.swift */,
			);
			path = Views;
			sourceTree = "<group>";
		};
		17E2C08B1F0DDC7DB3A92F7C /* Modifiers */ = {
			isa = PBXGroup;
			children = (
				6A25F4FB168F0B94CB409B6F /* ToastModifier.swift */,
				7F54DACB2464D7CE27630FEC /* ToolbarModifier.swift */,
			);
			path = Modifiers;
			sourceTree = "<group>";
		};
		1A962A642AECF59638A96416 /* Protos */ = {
			isa = PBXGroup;
			children = (
				1A7E306597DB28EA1B9A66D1 /* DataModel.pb.swift */,
				1BE546D38E3573BBCFD9B059 /* Extensions.swift */,
				800BD85E063258BCB46CD587 /* Service.pb.swift */,
			);
			path = Protos;
			sourceTree = "<group>";
		};
		2B167E042E6D120BF82CD1C9 /* Project */ = {
			isa = PBXGroup;
			children = (
				4E4B8FC6118155C8EDBCDDB5 /* Derived */,
				04CF5174AE2B436BFC38534D /* iOS */,
				55389565DCD1EEA4BE8D2181 /* out */,
				4214E607920F98C1048104D5 /* Shared */,
				282C8A3876043297A503276E /* MNGA.entitlements */,
			);
			name = Project;
			sourceTree = "<group>";
		};
		2B88337DFEB02082CB53C78F /* Storage */ = {
			isa = PBXGroup;
			children = (
				45BF4EBE4A4729AEFCC9BE2D /* AuthStorage.swift */,
				3F05B275B25B2994D9C7FE67 /* BlockWordsStorage.swift */,
				D87D38D35EE7372A6AB6469D /* FavoriteForumsStorage.swift */,
				936B56981C9D7CA38D8A6EB3 /* PreferencesStorage.swift */,
			);
			path = Storage;
			sourceTree = "<group>";
		};
		2DC3C05C5EE3633EBF15A51F /* Utilities */ = {
			isa = PBXGroup;
			children = (
				4ACE9EBCBA2304621A08C335 /* HapticUtils.swift */,
				800F4CED558F7A7AF9A24F7F /* Snapshot.swift */,
			);
			path = Utilities;
			sourceTree = "<group>";
		};
		4214E607920F98C1048104D5 /* Shared */ = {
			isa = PBXGroup;
			children = (
				81D1A4952137AEF267C1F27D /* Localization */,
				02F26AEBD978B0FADB3C9710 /* Logic */,
				F95883C1682DEC4F7FBF3089 /* Models */,
				17E2C08B1F0DDC7DB3A92F7C /* Modifiers */,
				1A962A642AECF59638A96416 /* Protos */,
				2B88337DFEB02082CB53C78F /* Storage */,
				4644D80E201BD852A97CA8F1 /* Utilities */,
				A0E38F24371DBD37AF4ABC90 /* Views */,
				5F45100B9101BD015F598654 /* Assets.xcassets */,
				1C53D6B54F84C2F321C91139 /* ContentView.swift */,
				893EDAB4F82216D5DB552555 /* MNGAApp.swift */,
			);
			path = Shared;
			sourceTree = "<group>";
		};
		4644D80E201BD852A97CA8F1 /* Utilities */ = {
			isa = PBXGroup;
			children = (
				0481EF5521F0AED2F816A993 /* Alignment.swift */,
				1F3102E8540B0DE6D3F5C578 /* Appearance.swift */,
				2307D52DC05F9E6956E4B146 /* ArrayBuilder.swift */,
				B59DAC960A084F037509FA46 /* AuthedPreview.swift */,
				AC27BDF8EC33908D60E0B2D7 /* AuthInfoDebug.swift */,
				1F5AAAC57B114BD5DA844270 /* Binding.swift */,
				8282E36FE1F489236E17187A /* Constants.swift */,
				1629FD2ACF77465B0F799A1B /* ContentCombiner.swift */,
				41988B98461A98B7AEB31FD0 /* DateFormatters.swift */,
				BB17BB3A88BC947B6FFADD9C /* Localization.swift */,
				D27CF4D731B9EAC54F38E92F /* Logger.swift */,
				392AD49D8B3CF64601DD4320 /* Misc.swift */,
				AD6E60D608B46FEA4F005EB3 /* OpenSourceStickers.swift */,
				02D273CF3DD75098EE9593E4 /* OptionalBinding.swift */,
				7495292FC776F32BC53913EE /* Platform.swift */,
				D63F62103E3CC40765D60F66 /* RawRepresentable.swift */,
				2CC09B0A3CC8D42FF26EB94E /* Stickers.swift */,
				ABFE904F1F8BB33779644B75 /* URLs.swift */,
				C1C6B2A5AC9DEECE95A30E9C /* View+FirstAppear.swift */,
				5CCFF49472E6CA90664241FD /* View+RedactedIf.swift */,
				89BD94AA8708CAA9D2A9FF84 /* Window.swift */,
			);
			path = Utilities;
			sourceTree = "<group>";
		};
		4E4B8FC6118155C8EDBCDDB5 /* Derived */ = {
			isa = PBXGroup;
			children = (
				EF70EEDF01BD97D9016EF29D /* Sources */,
			);
			path = Derived;
			sourceTree = "<group>";
		};
		55389565DCD1EEA4BE8D2181 /* out */ = {
			isa = PBXGroup;
			children = (
				95176B4A40E7D3EFB32B262C /* logic-ios.xcframework */,
			);
			name = out;
			path = ../out;
			sourceTree = "<group>";
		};
		81D1A4952137AEF267C1F27D /* Localization */ = {
			isa = PBXGroup;
			children = (
				B1C05964F89E92B59CAE46D7 /* Localizable.strings */,
			);
			path = Localization;
			sourceTree = "<group>";
		};
		A0E38F24371DBD37AF4ABC90 /* Views */ = {
			isa = PBXGroup;
			children = (
				9E9D7DC5385EC7C43350713E /* AboutView.swift */,
				22CF2D43137699ABBA1ADAAC /* AttachmentsView.swift */,
				08E4D80C476AB991F13D4B8D /* BlockedView.swift */,
				F5A3E677669CBEB54E2EEBD0 /* BlockWordListView.swift */,
				0A664248CFDE3BFFF5449D1D /* CacheView.swift */,
				B08AAFF9FCB7199DF8221FCA /* CollapsedContentView.swift */,
				62BECF4655B81467AE7E031F /* ContentButtonView.swift */,
				7CC837EF44C327ADCF2AE11E /* ContentImageView.swift */,
				03E80D417EF362A54B7A397F /* DateTimeTextView.swift */,
				95D4A9EA0938DA8276AC8093 /* FavoriteTopicListView.swift */,
				D6D297923D23620DC178E918 /* ForEachOrEmpty.swift */,
				1E3E5F6AEE2FDEA656CD5251 /* ForumIconView.swift */,
				1D8B0416B343C7926A755DE7 /* ForumListView.swift */,
				840D726D8E00F71B8EBE1803 /* ForumRowView.swift */,
				1488E7FD6B5D05582EB71A2B /* GenericEditorView.swift */,
				5381FB0BBCA12B79B88F3C03 /* GlobalSearchView.swift */,
				FE70533428B5C3289D9F59CE /* HotTopicListView.swift */,
				F3E8330FFA342CE9F2C1DC80 /* LoadingRowView.swift */,
				FC268247A3FD84367BE672C1 /* LoginView.swift */,
				2F2BBA8DC37056688140A012 /* NavigationPlaceholders.swift */,
				79D3FFCBF463C7F932ED1464 /* NotificationListView.swift */,
				029FE1D27D638BD9E320D31F /* NotificationRowView.swift */,
				451F2F606DA99668497EA703 /* PlaceholderView.swift */,
				14F80CE4C9462B28A29ED900 /* PostCommentRowView.swift */,
				E0D234834C9A289E6E1A647E /* PostContentView.swift */,
				4CF65529B7BB4BA7BEC92F48 /* PostEditorView.swift */,
				F2557C50F0B676903E546797 /* PostReplyChainView.swift */,
				45351ACD81D3D19BCD101498 /* PostRowUserView.swift */,
				394E3D7BDFA72569FBACF946 /* PostRowView.swift */,
				DC2FF913530F3B0318C2E063 /* PreferencesView.swift */,
				35118A81FB6AA0D2B249B5B1 /* QuoteUserView.swift */,
				BD3A0F59BB77F2E1530817BD /* QuoteView.swift */,
				B680BD45B4087FF072EC1AF9 /* RecommendedTopicListView.swift */,
				79ED4C56EE2D5C5F4685CC0F /* RepliesNumView.swift */,
				C515C96EAC7B00BF48AEA3F1 /* ShareLinksView.swift */,
				0CE8EB0C855EA49451011392 /* ShortMessageDetailsView.swift */,
				B42E94E3192441EB538602CC /* ShortMessageEditorView.swift */,
				B2D2C19D2237F00A96C53DA1 /* ShortMessageListView.swift */,
				CB17804AF634236E31AB30CB /* ShortMessagePostRowView.swift */,
				196E9590A96B8E5208BB3A2B /* ShortMessageRowView.swift */,
				02B3CAA01464E8C42C39797B /* StickerImageView.swift */,
				FF720C7C04121D703C4DC6C5 /* StickerInputView.swift */,
				3EAD7391A31F446087BFCE29 /* SubforumListView.swift */,
				D49BF168204DC36C8F167A07 /* TextSelectionView.swift */,
				B395D92F42B78CD46C104B2E /* TopicDetailsView.swift */,
				AF2BE7C5F2310C1EFD1F611D /* TopicHistoryListView.swift */,
				EAA087C1F663198AA2F20B8D /* TopicJumpSelectorView.swift */,
				F243FAC8A82A1E347680B3EB /* TopicListView.swift */,
				637B800B3B3A6DBF68E27F05 /* TopicPostRowView.swift */,
				4CF406D23527A3FA1BCE9CFA /* TopicRowView.swift */,
				3262DAB12F965E594AC7D103 /* TopicSearchView.swift */,
				B654E583319365B23C37C58A /* TopicSubjectView.swift */,
				096F0A7DA0603AC794C098F6 /* UserMenuView.swift */,
				0ECAD0E2AEC838BE1D6198CF /* UserProfileView.swift */,
				9807113F906CC9D98A2A568F /* UserSignatureView.swift */,
				2B4E216E836F68251CB53D22 /* UserView.swift */,
				C11B5DE0359A4247B9959586 /* WebOrAsyncImage.swift */,
			);
			path = Views;
			sourceTree = "<group>";
		};
		D8E3F30DB4D881A28CDC2CD3 /* Modifiers */ = {
			isa = PBXGroup;
			children = (
				B96F395B7E8A8EDDB8ABEE2A /* CellContextMenuModifier.swift */,
			);
			path = Modifiers;
			sourceTree = "<group>";
		};
		EF70EEDF01BD97D9016EF29D /* Sources */ = {
			isa = PBXGroup;
			children = (
				EB9D3FF29A7C7E6BEE88CE9D /* TuistAssets+MNGA.swift */,
				8127D9A85CFF927CC7CA1B3D /* TuistBundle+MNGA.swift */,
				1504660D8A3CF805618C8D42 /* TuistStrings+MNGA.swift */,
			);
			path = Sources;
			sourceTree = "<group>";
		};
		F95883C1682DEC4F7FBF3089 /* Models */ = {
			isa = PBXGroup;
			children = (
				EEC6C513BA88B56C2EB4173B /* ActivityModel.swift */,
				E8DACEE0BAE5F2F9B859810B /* AttachmentsModel.swift */,
				4FBED306E31DBDF119B3258C /* ContentEditorModel.swift */,
				1BF60B9336955A32BB1A0424 /* CurrentUserModel.swift */,
				2178193324D13545F3D57255 /* File.swift */,
				CDFB3DBC3AA52727B9F5F139 /* GenericPostModel.swift */,
				960785BB93F5A7D9756FB815 /* NotificationModel.swift */,
				621782CB12B41FC23936A22A /* OpenURLModel.swift */,
				11F013DFFE4A5465E83EE0B0 /* PagingDataSource.swift */,
				2B5F96E33973C29CF7F5B384 /* PresendAttachmentsModel.swift */,
				08DB5217B9DBB451054267EB /* SchemesModel.swift */,
				D6CAC385B1CE58A6B4F14E67 /* SearchModel.swift */,
				DABDDF9368A37E9F92AC7E57 /* ToastModel.swift */,
				3F58DAFF23DEBD3176ED7FBF /* TopicDetailsActionModel.swift */,
				2E3B4DB73FC39F8B7C8D4969 /* UsersModel.swift */,
				32656FE3C3C1BD9E040761A1 /* ViewingImageModel.swift */,
				924F083A41FB28DE620C8304 /* VotesModel.swift */,
			);
			path = Models;
			sourceTree = "<group>";
		};
/* End PBXGroup section */

/* Begin PBXNativeTarget section */
		FDFA12A6DC9907CBE0B3E5B1 /* MNGA */ = {
			isa = PBXNativeTarget;
			buildConfigurationList = 38336068A83F6AB027279E6C /* Build configuration list for PBXNativeTarget "MNGA" */;
			buildPhases = (
				2385DE5E53DB2D4AE8E60CC3 /* Sources */,
				FFF6E9AF5406D724652FEFAD /* Resources */,
				04E420723339D729ECF034C1 /* Frameworks */,
				7DAD88EE7F03FED057EE0467 /* Embed Frameworks */,
			);
			buildRules = (
			);
			dependencies = (
			);
			name = MNGA;
			packageProductDependencies = (
				1AFBED7F37113254E7C11D04 /* SwiftProtobuf */,
				466814CA3B42091B31620D60 /* SDWebImageSwiftUI */,
				EAC7F5E40F2F2DEA810B90C3 /* SwiftUIX */,
				86B50EFC0EEE5FCD4E5B7CBA /* WebView */,
				0CFFF3DAB0129674086DB718 /* Logging */,
				093AB6A44A27D05D25866205 /* BetterSafariView */,
				4B3C77C2807B2EB537B3FD19 /* Colorful */,
				D91A31B815EF8C2BFFA0ECE2 /* CombineExt */,
				F450EC5A831C44FE9E99B0D4 /* AlertToast */,
				CF089D90AD4EF3D70BD9CC8E /* Crossroad */,
				BD0C62E7B2DD5B8189ECD175 /* SwiftUIIntrospect */,
			);
			productName = MNGA;
			productReference = ADDB3F44A7E6444FA449B4A4 /* MNGA.app */;
			productType = "com.apple.product-type.application";
		};
/* End PBXNativeTarget section */

/* Begin PBXProject section */
		60C4D575CEAD3F766DFF01E7 /* Project object */ = {
			isa = PBXProject;
			attributes = {
				BuildIndependentTargetsInParallel = YES;
				TargetAttributes = {
				};
			};
			buildConfigurationList = 63A04DFA0A43A7BB8B956FB3 /* Build configuration list for PBXProject "MNGA" */;
			compatibilityVersion = "Xcode 14.0";
			developmentRegion = en;
			hasScannedForEncodings = 0;
			knownRegions = (
				Base,
				en,
				"zh-Hans",
			);
			mainGroup = 060916EB7CE169574D0D4637;
			packageReferences = (
				59A1AF6CA65F8B47753BB230 /* XCRemoteSwiftPackageReference "AlertToast" */,
				989716FBFC75165F7E4FFFE9 /* XCRemoteSwiftPackageReference "CombineExt" */,
				8905810127B2C8F52F333E23 /* XCRemoteSwiftPackageReference "SDWebImageSwiftUI" */,
				54AF3F0A7A41011863E43CCE /* XCRemoteSwiftPackageReference "SwiftUIX" */,
				B3B3D61FE9E9C0161D4C78E6 /* XCRemoteSwiftPackageReference "swift-log" */,
				F603064BE0F7F031F30527A7 /* XCRemoteSwiftPackageReference "swift-protobuf" */,
				4BD71B7D5D2D237D2E1DCD71 /* XCRemoteSwiftPackageReference "Colorful" */,
				90B21A4CEE6AFCC7A0507A62 /* XCRemoteSwiftPackageReference "Crossroad" */,
				19263596D1C8ABF27FC5A17D /* XCRemoteSwiftPackageReference "SwiftUI-WebView" */,
				2AD0B32F6B31B67E8A38C629 /* XCRemoteSwiftPackageReference "SwiftUI-Introspect" */,
				EA98F6916EBEDE162F00AA74 /* XCRemoteSwiftPackageReference "BetterSafariView" */,
			);
			productRefGroup = 08327FC5E83BE25E8630BB8E /* Products */;
			projectDirPath = "";
			projectRoot = "";
			targets = (
				FDFA12A6DC9907CBE0B3E5B1 /* MNGA */,
			);
		};
/* End PBXProject section */

/* Begin PBXResourcesBuildPhase section */
		FFF6E9AF5406D724652FEFAD /* Resources */ = {
			isa = PBXResourcesBuildPhase;
			buildActionMask = 2147483647;
			files = (
				8FA5866C9B365A25FCF04EE5 /* Assets.xcassets in Resources */,
				F1FE7B88ADC8F467240188A5 /* Localizable.strings in Resources */,
			);
			runOnlyForDeploymentPostprocessing = 0;
		};
/* End PBXResourcesBuildPhase section */

/* Begin PBXSourcesBuildPhase section */
		2385DE5E53DB2D4AE8E60CC3 /* Sources */ = {
			isa = PBXSourcesBuildPhase;
			buildActionMask = 2147483647;
			files = (
				43CF2ECFC3C686E78C85F5AA /* TuistAssets+MNGA.swift in Sources */,
				0D66EC6ACDEAAB27271D544C /* TuistBundle+MNGA.swift in Sources */,
				A98EE81AD094319EAAD0C5CF /* TuistStrings+MNGA.swift in Sources */,
				7FB8FF50C86F6507C8352557 /* ContentView.swift in Sources */,
				43DD2ECB8BCB1A7ED938AC96 /* BasicLogicCall.swift in Sources */,
				02709AFF42E09DB6416A5A18 /* LogicCall.swift in Sources */,
				C73C6E3390A7717465CE320C /* MNGAApp.swift in Sources */,
				3D43936A4BDA7AB49854DA5C /* ActivityModel.swift in Sources */,
				511D7892C83F23E6083214CD /* AttachmentsModel.swift in Sources */,
				B799467401B939CA16ADB86E /* ContentEditorModel.swift in Sources */,
				C47F6603C47CEDA5EBFEBD6E /* CurrentUserModel.swift in Sources */,
				975CF360FD4084B20957FDC0 /* File.swift in Sources */,
				384A23B16C7EC7E4F629494C /* GenericPostModel.swift in Sources */,
				9524A519382814782EEB186B /* NotificationModel.swift in Sources */,
				43D99657BAE813FC239BFEBE /* OpenURLModel.swift in Sources */,
				279C675B94612ECE51315241 /* PagingDataSource.swift in Sources */,
				662A1F5AB4A9AF484E368A8D /* PresendAttachmentsModel.swift in Sources */,
				E69B60F0B65406C8CEE34B38 /* SchemesModel.swift in Sources */,
				AEB435B84C8BCF0F2ADD5CB6 /* SearchModel.swift in Sources */,
				80083353C4C7E9BBD6C717AF /* ToastModel.swift in Sources */,
				EDB9775CA110CA4C23C56AEA /* TopicDetailsActionModel.swift in Sources */,
				64A4E40AFE04FBC9AFB71B16 /* UsersModel.swift in Sources */,
				23BD083A8D0F0A18B51786D0 /* ViewingImageModel.swift in Sources */,
				56F83094BAC268F4F8C6A5E7 /* VotesModel.swift in Sources */,
				EF18164579F83B1C3C9B3282 /* ToastModifier.swift in Sources */,
				68622C5FA5EE1DA17D849FD3 /* ToolbarModifier.swift in Sources */,
				2230C6E7A3291ABE02EC2AC8 /* DataModel.pb.swift in Sources */,
				D28850B65B854B787E6F84B6 /* Extensions.swift in Sources */,
				94CA629275557B3C9E686D5F /* Service.pb.swift in Sources */,
				05A89AE98195F1216D6C3FF4 /* AuthStorage.swift in Sources */,
				3F85039A559BD6A5EF7C2154 /* BlockWordsStorage.swift in Sources */,
				EACC5619D18F5D365415692B /* FavoriteForumsStorage.swift in Sources */,
				E13FDC68A25F4C48E1E4FB3E /* PreferencesStorage.swift in Sources */,
				0CAFBEDAF353DC840B3FF111 /* Alignment.swift in Sources */,
				C4AE614364B0DEC81E02A5AE /* Appearance.swift in Sources */,
				A15CA24E070CA648724B0965 /* ArrayBuilder.swift in Sources */,
				CF702701CD6266C248C86535 /* AuthInfoDebug.swift in Sources */,
				71133798B865BDB664A096BC /* AuthedPreview.swift in Sources */,
				9B12B90FC892E77D84FFB6D9 /* Binding.swift in Sources */,
				B94A43BF99B5F04EC7C5447D /* Constants.swift in Sources */,
				E0CB37778F879D3042839CB9 /* ContentCombiner.swift in Sources */,
				12A935E2C5583188BDC49986 /* DateFormatters.swift in Sources */,
				3DA8A89B7760640B03AB3E52 /* Localization.swift in Sources */,
				F5BA6C48541F3073DC38A189 /* Logger.swift in Sources */,
				9375F438A37B33B73131069A /* Misc.swift in Sources */,
				49E020E896D32221AFE45102 /* OpenSourceStickers.swift in Sources */,
				C5B51E1296BF6C6AE25364AD /* OptionalBinding.swift in Sources */,
				9D5A0617202277EE273359C7 /* Platform.swift in Sources */,
				A0D9AE37810DA64993DB9576 /* RawRepresentable.swift in Sources */,
				8570071B738F673AA67E78DF /* Stickers.swift in Sources */,
				02ECE2582FD6E96BA54233F0 /* URLs.swift in Sources */,
				625A1495C3404B11C5D0DE8E /* View+FirstAppear.swift in Sources */,
				D6FD1CAE9169B4FB1F4EC0CC /* View+RedactedIf.swift in Sources */,
				58F41E68BEF080ECDEBA0001 /* Window.swift in Sources */,
				48E091EF92AC4935E028E84A /* AboutView.swift in Sources */,
				0C25FE4F55D7B2BF586C6045 /* AttachmentsView.swift in Sources */,
				64DF38BD8B3CB23F576DE28D /* BlockWordListView.swift in Sources */,
				21495FC0DF3C3348E42C034C /* BlockedView.swift in Sources */,
				9DFBA965ED8D392A87B2F12D /* CacheView.swift in Sources */,
				6914AEF3CB7828B5096BF24D /* CollapsedContentView.swift in Sources */,
				49BD587B32E0A756F51C2742 /* ContentButtonView.swift in Sources */,
				592A14FC3A7D1D1F1046D097 /* ContentImageView.swift in Sources */,
				B2803E98FC22E98958E64345 /* DateTimeTextView.swift in Sources */,
				9BA1A5E4EE0129B5CADB9501 /* FavoriteTopicListView.swift in Sources */,
				84285441292D8D0CE76F359F /* ForEachOrEmpty.swift in Sources */,
				7BD176643C583EE5048A9311 /* ForumIconView.swift in Sources */,
				9B2646D714A7961BE0C8EBBE /* ForumListView.swift in Sources */,
				4C7B523DDD969B47CE5F7EC0 /* ForumRowView.swift in Sources */,
				6E624299A06D2A16BF339359 /* GenericEditorView.swift in Sources */,
				FF9D145A6C1E20C5DE75CEDE /* GlobalSearchView.swift in Sources */,
				0A72CCA9B9A0AD9D4970796D /* HotTopicListView.swift in Sources */,
				12060CAA8C3A14E07792AED9 /* LoadingRowView.swift in Sources */,
				6B20A3348BB400656ED917B6 /* LoginView.swift in Sources */,
				783DED5B96AD2D18FF02E463 /* NavigationPlaceholders.swift in Sources */,
				1A27D588445491B0215FB23A /* NotificationListView.swift in Sources */,
				EF19EE2F457C129646D13FE4 /* NotificationRowView.swift in Sources */,
				2A194B6A24095EA44F9BE9B5 /* PlaceholderView.swift in Sources */,
				70426592A98969C4151A1446 /* PostCommentRowView.swift in Sources */,
				C695EA4436E57113DE55707C /* PostContentView.swift in Sources */,
				219F71F445443A962D4CEE35 /* PostEditorView.swift in Sources */,
				54D7A9975660D6A69FF6F2D3 /* PostReplyChainView.swift in Sources */,
				9632DF395F55969F79491C98 /* PostRowUserView.swift in Sources */,
				1D6C12F22D7202EA37758D68 /* PostRowView.swift in Sources */,
				B897D63AE915A28E0DBB48DB /* PreferencesView.swift in Sources */,
				6C5D8CEBBEB889383C92C4E4 /* QuoteUserView.swift in Sources */,
				2585596E5504C65FB38984F3 /* QuoteView.swift in Sources */,
				9B2A8A76D6ADF3E3A2FE4182 /* RecommendedTopicListView.swift in Sources */,
				490A5A494454589FC51DB689 /* RepliesNumView.swift in Sources */,
				083880092C3B08E86DD570C9 /* ShareLinksView.swift in Sources */,
				EC00B291F92B0AC3E385F2BE /* ShortMessageDetailsView.swift in Sources */,
				A923C39058532422B98E761E /* ShortMessageEditorView.swift in Sources */,
				689EC68CC539F86A46BB509D /* ShortMessageListView.swift in Sources */,
				6B8944C8AF974DD16584DB00 /* ShortMessagePostRowView.swift in Sources */,
				9435C201C0AC9F77E3E00702 /* ShortMessageRowView.swift in Sources */,
				BD3B0C55C1B5114251A23386 /* StickerImageView.swift in Sources */,
				06053D06F1110FA323500018 /* StickerInputView.swift in Sources */,
				DAE0DB03B95BBB2D3C3F5CCA /* SubforumListView.swift in Sources */,
				20CD57815475545FCB523C65 /* TextSelectionView.swift in Sources */,
				BD9204FC74F4C224F91234A9 /* TopicDetailsView.swift in Sources */,
				D7FEB371DC916244DFFEBF61 /* TopicHistoryListView.swift in Sources */,
				5ADDC65B9BEB01A216601738 /* TopicJumpSelectorView.swift in Sources */,
				E75B4A11CDF746710FF897FE /* TopicListView.swift in Sources */,
				18A0A3B4F9B4889099F64162 /* TopicPostRowView.swift in Sources */,
				7BB643F6ECE47D60DD9FE724 /* TopicRowView.swift in Sources */,
				7C6F85DCB7FBB36A1DD4D307 /* TopicSearchView.swift in Sources */,
				883E76BAC189147139E3A2E5 /* TopicSubjectView.swift in Sources */,
				D08FFA77E7A501A7467B5E67 /* UserMenuView.swift in Sources */,
				26CD073F476AD42FD0CDF820 /* UserProfileView.swift in Sources */,
				C9280A258A0C296C43899B81 /* UserSignatureView.swift in Sources */,
				E59B66BC6DB65F7EEEFB1E88 /* UserView.swift in Sources */,
				DEA932EC9B1E318BB5F82C70 /* WebOrAsyncImage.swift in Sources */,
				2369555E732090BBAB472677 /* CellContextMenuModifier.swift in Sources */,
				0699FC3408EE6084282B8327 /* HapticUtils.swift in Sources */,
				07F7CDE81B80AEFE4C87685B /* Snapshot.swift in Sources */,
				AA4B4044E5D7B6118DECE048 /* ContentEditorView.swift in Sources */,
				9AB47539F92368B0A334A467 /* ContentTextEditorView.swift in Sources */,
				62742C3DABC8B742704AA7DB /* ImageOverlay.swift in Sources */,
				D619669E03C6A24F17EB95F0 /* ZoomableScrollView.swift in Sources */,
			);
			runOnlyForDeploymentPostprocessing = 0;
		};
/* End PBXSourcesBuildPhase section */

/* Begin PBXVariantGroup section */
		B1C05964F89E92B59CAE46D7 /* Localizable.strings */ = {
			isa = PBXVariantGroup;
			children = (
				C2AC2182B6601C827EFDDDA1 /* en */,
				4D1B82E28EC654F650E268CE /* zh-Hans */,
			);
			name = Localizable.strings;
			sourceTree = "<group>";
		};
/* End PBXVariantGroup section */

/* Begin XCBuildConfiguration section */
		7745989F6164A5F9045DB552 /* Debug */ = {
			isa = XCBuildConfiguration;
			buildSettings = {
				ALWAYS_SEARCH_USER_PATHS = NO;
				CLANG_ANALYZER_LOCALIZABILITY_NONLOCALIZED = YES;
				CLANG_ANALYZER_NONNULL = YES;
				CLANG_ANALYZER_NUMBER_OBJECT_CONVERSION = YES_AGGRESSIVE;
				CLANG_CXX_LANGUAGE_STANDARD = "gnu++14";
				CLANG_CXX_LIBRARY = "libc++";
				CLANG_ENABLE_MODULES = YES;
				CLANG_ENABLE_OBJC_ARC = YES;
				CLANG_ENABLE_OBJC_WEAK = YES;
				CLANG_WARN_BLOCK_CAPTURE_AUTORELEASING = YES;
				CLANG_WARN_BOOL_CONVERSION = YES;
				CLANG_WARN_COMMA = YES;
				CLANG_WARN_CONSTANT_CONVERSION = YES;
				CLANG_WARN_DEPRECATED_OBJC_IMPLEMENTATIONS = YES;
				CLANG_WARN_DIRECT_OBJC_ISA_USAGE = YES_ERROR;
				CLANG_WARN_DOCUMENTATION_COMMENTS = YES;
				CLANG_WARN_EMPTY_BODY = YES;
				CLANG_WARN_ENUM_CONVERSION = YES;
				CLANG_WARN_INFINITE_RECURSION = YES;
				CLANG_WARN_INT_CONVERSION = YES;
				CLANG_WARN_NON_LITERAL_NULL_CONVERSION = YES;
				CLANG_WARN_OBJC_IMPLICIT_RETAIN_SELF = YES;
				CLANG_WARN_OBJC_LITERAL_CONVERSION = YES;
				CLANG_WARN_OBJC_ROOT_CLASS = YES_ERROR;
				CLANG_WARN_QUOTED_INCLUDE_IN_FRAMEWORK_HEADER = YES;
				CLANG_WARN_RANGE_LOOP_ANALYSIS = YES;
				CLANG_WARN_STRICT_PROTOTYPES = YES;
				CLANG_WARN_SUSPICIOUS_MOVE = YES;
				CLANG_WARN_UNGUARDED_AVAILABILITY = YES_AGGRESSIVE;
				CLANG_WARN_UNREACHABLE_CODE = YES;
				CLANG_WARN__DUPLICATE_METHOD_MATCH = YES;
				COPY_PHASE_STRIP = NO;
				DEAD_CODE_STRIPPING = YES;
				DEBUG_INFORMATION_FORMAT = dwarf;
				ENABLE_STRICT_OBJC_MSGSEND = YES;
				ENABLE_TESTABILITY = YES;
				GCC_C_LANGUAGE_STANDARD = gnu11;
				GCC_DYNAMIC_NO_PIC = NO;
				GCC_NO_COMMON_BLOCKS = YES;
				GCC_OPTIMIZATION_LEVEL = 0;
				GCC_PREPROCESSOR_DEFINITIONS = (
					"DEBUG=1",
					"$(inherited)",
				);
				GCC_WARN_64_TO_32_BIT_CONVERSION = YES;
				GCC_WARN_ABOUT_RETURN_TYPE = YES_ERROR;
				GCC_WARN_UNDECLARED_SELECTOR = YES;
				GCC_WARN_UNINITIALIZED_AUTOS = YES_AGGRESSIVE;
				GCC_WARN_UNUSED_FUNCTION = YES;
				GCC_WARN_UNUSED_VARIABLE = YES;
				MTL_ENABLE_DEBUG_INFO = YES;
				ONLY_ACTIVE_ARCH = YES;
				PRODUCT_NAME = "$(TARGET_NAME)";
			};
			name = Debug;
		};
		938B3230F973AE75CA01CA17 /* Release */ = {
			isa = XCBuildConfiguration;
			buildSettings = {
				ASSETCATALOG_COMPILER_APPICON_NAME = AppIcon;
				ASSETCATALOG_COMPILER_GLOBAL_ACCENT_COLOR_NAME = AccentColor;
				CODE_SIGN_ENTITLEMENTS = MNGA.entitlements;
				CODE_SIGN_IDENTITY = "iPhone Developer";
				CURRENT_PROJECT_VERSION = 1;
				DEVELOPMENT_TEAM = 87F9J2DF6R;
				ENABLE_BITCODE = NO;
				ENABLE_PREVIEWS = YES;
				FRAMEWORK_SEARCH_PATHS = (
					"$(inherited)",
					"$(SRCROOT)/../out",
				);
				INFOPLIST_FILE = iOS/Info.plist;
				IPHONEOS_DEPLOYMENT_TARGET = 26.0;
				LD_RUNPATH_SEARCH_PATHS = (
					"$(inherited)",
					"@executable_path/Frameworks",
				);
				LIBRARY_SEARCH_PATHS = "../out/libs/**";
				MARKETING_VERSION = 1.2.0;
				PRODUCT_BUNDLE_IDENTIFIER = com.bugenzhao.MNGA;
				PRODUCT_NAME = MNGA;
				SDKROOT = iphoneos;
				SUPPORTS_MACCATALYST = NO;
				SUPPORTS_MAC_DESIGNED_FOR_IPHONE_IPAD = YES;
				SUPPORTS_XR_DESIGNED_FOR_IPHONE_IPAD = NO;
				SWIFT_COMPILATION_MODE = wholemodule;
				SWIFT_OBJC_BRIDGING_HEADER = ../out/include/bindings.h;
				SWIFT_OPTIMIZATION_LEVEL = "-O";
				SWIFT_VERSION = 5.0;
				TARGETED_DEVICE_FAMILY = "1,2";
			};
			name = Release;
		};
		E22A374DAD4417C63B0A2581 /* Debug */ = {
			isa = XCBuildConfiguration;
			buildSettings = {
				ASSETCATALOG_COMPILER_APPICON_NAME = AppIcon;
				ASSETCATALOG_COMPILER_GLOBAL_ACCENT_COLOR_NAME = AccentColor;
				CODE_SIGN_ENTITLEMENTS = MNGA.entitlements;
				CODE_SIGN_IDENTITY = "iPhone Developer";
				CURRENT_PROJECT_VERSION = 1;
				DEVELOPMENT_TEAM = 87F9J2DF6R;
				ENABLE_BITCODE = NO;
				ENABLE_PREVIEWS = YES;
				FRAMEWORK_SEARCH_PATHS = (
					"$(inherited)",
					"$(SRCROOT)/../out",
				);
				INFOPLIST_FILE = iOS/Info.plist;
				IPHONEOS_DEPLOYMENT_TARGET = 26.0;
				LD_RUNPATH_SEARCH_PATHS = (
					"$(inherited)",
					"@executable_path/Frameworks",
				);
				LIBRARY_SEARCH_PATHS = "../out/libs/**";
				MARKETING_VERSION = 1.2.0;
				PRODUCT_BUNDLE_IDENTIFIER = com.bugenzhao.MNGA;
				PRODUCT_NAME = MNGA;
				SDKROOT = iphoneos;
				SUPPORTS_MACCATALYST = NO;
				SUPPORTS_MAC_DESIGNED_FOR_IPHONE_IPAD = YES;
				SUPPORTS_XR_DESIGNED_FOR_IPHONE_IPAD = NO;
				SWIFT_ACTIVE_COMPILATION_CONDITIONS = (
					"$(inherited)",
					DEBUG,
				);
				SWIFT_COMPILATION_MODE = singlefile;
				SWIFT_OBJC_BRIDGING_HEADER = ../out/include/bindings.h;
				SWIFT_OPTIMIZATION_LEVEL = "-Onone";
				SWIFT_VERSION = 5.0;
				TARGETED_DEVICE_FAMILY = "1,2";
			};
			name = Debug;
		};
		FA41DE7F69BDC303CE92A914 /* Release */ = {
			isa = XCBuildConfiguration;
			buildSettings = {
				ALWAYS_SEARCH_USER_PATHS = NO;
				CLANG_ANALYZER_LOCALIZABILITY_NONLOCALIZED = YES;
				CLANG_ANALYZER_NONNULL = YES;
				CLANG_ANALYZER_NUMBER_OBJECT_CONVERSION = YES_AGGRESSIVE;
				CLANG_CXX_LANGUAGE_STANDARD = "gnu++14";
				CLANG_CXX_LIBRARY = "libc++";
				CLANG_ENABLE_MODULES = YES;
				CLANG_ENABLE_OBJC_ARC = YES;
				CLANG_ENABLE_OBJC_WEAK = YES;
				CLANG_WARN_BLOCK_CAPTURE_AUTORELEASING = YES;
				CLANG_WARN_BOOL_CONVERSION = YES;
				CLANG_WARN_COMMA = YES;
				CLANG_WARN_CONSTANT_CONVERSION = YES;
				CLANG_WARN_DEPRECATED_OBJC_IMPLEMENTATIONS = YES;
				CLANG_WARN_DIRECT_OBJC_ISA_USAGE = YES_ERROR;
				CLANG_WARN_DOCUMENTATION_COMMENTS = YES;
				CLANG_WARN_EMPTY_BODY = YES;
				CLANG_WARN_ENUM_CONVERSION = YES;
				CLANG_WARN_INFINITE_RECURSION = YES;
				CLANG_WARN_INT_CONVERSION = YES;
				CLANG_WARN_NON_LITERAL_NULL_CONVERSION = YES;
				CLANG_WARN_OBJC_IMPLICIT_RETAIN_SELF = YES;
				CLANG_WARN_OBJC_LITERAL_CONVERSION = YES;
				CLANG_WARN_OBJC_ROOT_CLASS = YES_ERROR;
				CLANG_WARN_QUOTED_INCLUDE_IN_FRAMEWORK_HEADER = YES;
				CLANG_WARN_RANGE_LOOP_ANALYSIS = YES;
				CLANG_WARN_STRICT_PROTOTYPES = YES;
				CLANG_WARN_SUSPICIOUS_MOVE = YES;
				CLANG_WARN_UNGUARDED_AVAILABILITY = YES_AGGRESSIVE;
				CLANG_WARN_UNREACHABLE_CODE = YES;
				CLANG_WARN__DUPLICATE_METHOD_MATCH = YES;
				COPY_PHASE_STRIP = NO;
				DEAD_CODE_STRIPPING = YES;
				DEBUG_INFORMATION_FORMAT = "dwarf-with-dsym";
				ENABLE_NS_ASSERTIONS = NO;
				ENABLE_STRICT_OBJC_MSGSEND = YES;
				GCC_C_LANGUAGE_STANDARD = gnu11;
				GCC_NO_COMMON_BLOCKS = YES;
				GCC_WARN_64_TO_32_BIT_CONVERSION = YES;
				GCC_WARN_ABOUT_RETURN_TYPE = YES_ERROR;
				GCC_WARN_UNDECLARED_SELECTOR = YES;
				GCC_WARN_UNINITIALIZED_AUTOS = YES_AGGRESSIVE;
				GCC_WARN_UNUSED_FUNCTION = YES;
				GCC_WARN_UNUSED_VARIABLE = YES;
				MTL_ENABLE_DEBUG_INFO = NO;
				PRODUCT_NAME = "$(TARGET_NAME)";
				VALIDATE_PRODUCT = YES;
			};
			name = Release;
		};
/* End XCBuildConfiguration section */

/* Begin XCConfigurationList section */
		38336068A83F6AB027279E6C /* Build configuration list for PBXNativeTarget "MNGA" */ = {
			isa = XCConfigurationList;
			buildConfigurations = (
				E22A374DAD4417C63B0A2581 /* Debug */,
				938B3230F973AE75CA01CA17 /* Release */,
			);
			defaultConfigurationIsVisible = 0;
			defaultConfigurationName = Release;
		};
		63A04DFA0A43A7BB8B956FB3 /* Build configuration list for PBXProject "MNGA" */ = {
			isa = XCConfigurationList;
			buildConfigurations = (
				7745989F6164A5F9045DB552 /* Debug */,
				FA41DE7F69BDC303CE92A914 /* Release */,
			);
			defaultConfigurationIsVisible = 0;
			defaultConfigurationName = Release;
		};
/* End XCConfigurationList section */

/* Begin XCRemoteSwiftPackageReference section */
		19263596D1C8ABF27FC5A17D /* XCRemoteSwiftPackageReference "SwiftUI-WebView" */ = {
			isa = XCRemoteSwiftPackageReference;
			repositoryURL = "https://github.com/kylehickinson/SwiftUI-WebView";
			requirement = {
				kind = exactVersion;
				version = 0.3.0;
			};
		};
		2AD0B32F6B31B67E8A38C629 /* XCRemoteSwiftPackageReference "SwiftUI-Introspect" */ = {
			isa = XCRemoteSwiftPackageReference;
			repositoryURL = "https://github.com/siteline/SwiftUI-Introspect";
			requirement = {
				kind = exactVersion;
				version = 1.1.2;
			};
		};
		4BD71B7D5D2D237D2E1DCD71 /* XCRemoteSwiftPackageReference "Colorful" */ = {
			isa = XCRemoteSwiftPackageReference;
			repositoryURL = "https://github.com/chackle/Colorful";
			requirement = {
				kind = exactVersion;
				version = 1.0.0;
			};
		};
		54AF3F0A7A41011863E43CCE /* XCRemoteSwiftPackageReference "SwiftUIX" */ = {
			isa = XCRemoteSwiftPackageReference;
			repositoryURL = "https://github.com/SwiftUIX/SwiftUIX";
			requirement = {
				kind = exactVersion;
				version = 0.2.4;
			};
		};
		59A1AF6CA65F8B47753BB230 /* XCRemoteSwiftPackageReference "AlertToast" */ = {
			isa = XCRemoteSwiftPackageReference;
			repositoryURL = "https://github.com/BugenZhao/AlertToast";
			requirement = {
				branch = master;
				kind = branch;
			};
		};
		8905810127B2C8F52F333E23 /* XCRemoteSwiftPackageReference "SDWebImageSwiftUI" */ = {
			isa = XCRemoteSwiftPackageReference;
			repositoryURL = "https://github.com/SDWebImage/SDWebImageSwiftUI";
			requirement = {
				kind = exactVersion;
				version = 2.2.6;
			};
		};
		90B21A4CEE6AFCC7A0507A62 /* XCRemoteSwiftPackageReference "Crossroad" */ = {
			isa = XCRemoteSwiftPackageReference;
			repositoryURL = "https://github.com/giginet/Crossroad";
			requirement = {
				kind = exactVersion;
				version = 3.2.0;
			};
		};
		989716FBFC75165F7E4FFFE9 /* XCRemoteSwiftPackageReference "CombineExt" */ = {
			isa = XCRemoteSwiftPackageReference;
			repositoryURL = "https://github.com/CombineCommunity/CombineExt";
			requirement = {
				kind = exactVersion;
				version = 1.8.1;
			};
		};
		B3B3D61FE9E9C0161D4C78E6 /* XCRemoteSwiftPackageReference "swift-log" */ = {
			isa = XCRemoteSwiftPackageReference;
			repositoryURL = "https://github.com/apple/swift-log";
			requirement = {
				kind = exactVersion;
				version = 1.5.3;
			};
		};
		EA98F6916EBEDE162F00AA74 /* XCRemoteSwiftPackageReference "BetterSafariView" */ = {
			isa = XCRemoteSwiftPackageReference;
			repositoryURL = "https://github.com/stleamist/BetterSafariView";
			requirement = {
				kind = exactVersion;
				version = 2.4.2;
			};
		};
		F603064BE0F7F031F30527A7 /* XCRemoteSwiftPackageReference "swift-protobuf" */ = {
			isa = XCRemoteSwiftPackageReference;
			repositoryURL = "https://github.com/apple/swift-protobuf";
			requirement = {
				kind = exactVersion;
				version = 1.31.0;
			};
		};
/* End XCRemoteSwiftPackageReference section */

/* Begin XCSwiftPackageProductDependency section */
		093AB6A44A27D05D25866205 /* BetterSafariView */ = {
			isa = XCSwiftPackageProductDependency;
			productName = BetterSafariView;
		};
		0CFFF3DAB0129674086DB718 /* Logging */ = {
			isa = XCSwiftPackageProductDependency;
			productName = Logging;
		};
		1AFBED7F37113254E7C11D04 /* SwiftProtobuf */ = {
			isa = XCSwiftPackageProductDependency;
			productName = SwiftProtobuf;
		};
		466814CA3B42091B31620D60 /* SDWebImageSwiftUI */ = {
			isa = XCSwiftPackageProductDependency;
			productName = SDWebImageSwiftUI;
		};
		4B3C77C2807B2EB537B3FD19 /* Colorful */ = {
			isa = XCSwiftPackageProductDependency;
			productName = Colorful;
		};
		86B50EFC0EEE5FCD4E5B7CBA /* WebView */ = {
			isa = XCSwiftPackageProductDependency;
			productName = WebView;
		};
		BD0C62E7B2DD5B8189ECD175 /* SwiftUIIntrospect */ = {
			isa = XCSwiftPackageProductDependency;
			productName = SwiftUIIntrospect;
		};
		CF089D90AD4EF3D70BD9CC8E /* Crossroad */ = {
			isa = XCSwiftPackageProductDependency;
			productName = Crossroad;
		};
		D91A31B815EF8C2BFFA0ECE2 /* CombineExt */ = {
			isa = XCSwiftPackageProductDependency;
			productName = CombineExt;
		};
		EAC7F5E40F2F2DEA810B90C3 /* SwiftUIX */ = {
			isa = XCSwiftPackageProductDependency;
			productName = SwiftUIX;
		};
		F450EC5A831C44FE9E99B0D4 /* AlertToast */ = {
			isa = XCSwiftPackageProductDependency;
			productName = AlertToast;
		};
/* End XCSwiftPackageProductDependency section */
	};
	rootObject = 60C4D575CEAD3F766DFF01E7 /* Project object */;
}
