// !$*UTF8*$!
{
	archiveVersion = 1;
	classes = {
	};
	objectVersion = 52;
	objects = {

/* Begin PBXBuildFile section */
		375E616A4BCE12A43666F04C /* macOSNGAApp.swift in Sources */ = {isa = PBXBuildFile; fileRef = 375E6F6186F4BE7808B20F34 /* macOSNGAApp.swift */; };
		375E675E5D65ECFBF0231735 /* iOSNGAApp.swift in Sources */ = {isa = PBXBuildFile; fileRef = 375E6730A9F56C0953D5C7DA /* iOSNGAApp.swift */; };
		B402308226EBB72C0077D3AA /* UserProfileView.swift in Sources */ = {isa = PBXBuildFile; fileRef = B402308126EBB72C0077D3AA /* UserProfileView.swift */; };
		B402308326EBB72C0077D3AA /* UserProfileView.swift in Sources */ = {isa = PBXBuildFile; fileRef = B402308126EBB72C0077D3AA /* UserProfileView.swift */; };
		B402308526EBBA7A0077D3AA /* UserView.swift in Sources */ = {isa = PBXBuildFile; fileRef = B402308426EBBA7A0077D3AA /* UserView.swift */; };
		B402308626EBBA7A0077D3AA /* UserView.swift in Sources */ = {isa = PBXBuildFile; fileRef = B402308426EBBA7A0077D3AA /* UserView.swift */; };
		B402308826EBBC5C0077D3AA /* TopicDetailsActionModel.swift in Sources */ = {isa = PBXBuildFile; fileRef = B402308726EBBC5C0077D3AA /* TopicDetailsActionModel.swift */; };
		B402308926EBBC5C0077D3AA /* TopicDetailsActionModel.swift in Sources */ = {isa = PBXBuildFile; fileRef = B402308726EBBC5C0077D3AA /* TopicDetailsActionModel.swift */; };
		B409251A26D2810F00BCB666 /* ImageViewer.swift in Sources */ = {isa = PBXBuildFile; fileRef = B409251926D2810F00BCB666 /* ImageViewer.swift */; };
		B409251C26D299E600BCB666 /* ContentButtonView.swift in Sources */ = {isa = PBXBuildFile; fileRef = B409251B26D299E600BCB666 /* ContentButtonView.swift */; };
		B409251D26D299E600BCB666 /* ContentButtonView.swift in Sources */ = {isa = PBXBuildFile; fileRef = B409251B26D299E600BCB666 /* ContentButtonView.swift */; };
		B409252226D29D2100BCB666 /* ContentImageView.swift in Sources */ = {isa = PBXBuildFile; fileRef = B409252126D29D2100BCB666 /* ContentImageView.swift */; };
		B409252326D29D2100BCB666 /* ContentImageView.swift in Sources */ = {isa = PBXBuildFile; fileRef = B409252126D29D2100BCB666 /* ContentImageView.swift */; };
		B409252626D29F6C00BCB666 /* BetterSafariView in Frameworks */ = {isa = PBXBuildFile; productRef = B409252526D29F6C00BCB666 /* BetterSafariView */; };
		B409252826D29FD900BCB666 /* OpenURLModel.swift in Sources */ = {isa = PBXBuildFile; fileRef = B409252726D29FD900BCB666 /* OpenURLModel.swift */; };
		B409252926D29FD900BCB666 /* OpenURLModel.swift in Sources */ = {isa = PBXBuildFile; fileRef = B409252726D29FD900BCB666 /* OpenURLModel.swift */; };
		B409CE6B269F3A6E00F617EC /* AlertToast in Frameworks */ = {isa = PBXBuildFile; productRef = B409CE6A269F3A6E00F617EC /* AlertToast */; };
		B409CE6D26A0920C00F617EC /* ToastModifier.swift in Sources */ = {isa = PBXBuildFile; fileRef = B409CE6C26A0920C00F617EC /* ToastModifier.swift */; };
		B409CE6E26A0920C00F617EC /* ToastModifier.swift in Sources */ = {isa = PBXBuildFile; fileRef = B409CE6C26A0920C00F617EC /* ToastModifier.swift */; };
		B412F707268DFC4600EB0614 /* Logging in Frameworks */ = {isa = PBXBuildFile; productRef = B412F706268DFC4600EB0614 /* Logging */; };
		B412F709268DFC4F00EB0614 /* Logging in Frameworks */ = {isa = PBXBuildFile; productRef = B412F708268DFC4F00EB0614 /* Logging */; };
		B437B279269B09DC0092FF9E /* SwiftUIRefresh in Frameworks */ = {isa = PBXBuildFile; productRef = B437B278269B09DC0092FF9E /* SwiftUIRefresh */; };
		B437B27C269B0E190092FF9E /* ToolbarModifier.swift in Sources */ = {isa = PBXBuildFile; fileRef = B437B27B269B0E190092FF9E /* ToolbarModifier.swift */; };
		B43DED46269C29BB009C52F5 /* DateTimeTextView.swift in Sources */ = {isa = PBXBuildFile; fileRef = B43DED45269C29BB009C52F5 /* DateTimeTextView.swift */; };
		B43DED47269C29BB009C52F5 /* DateTimeTextView.swift in Sources */ = {isa = PBXBuildFile; fileRef = B43DED45269C29BB009C52F5 /* DateTimeTextView.swift */; };
		B43DED49269C5F78009C52F5 /* Constants.swift in Sources */ = {isa = PBXBuildFile; fileRef = B43DED48269C5F78009C52F5 /* Constants.swift */; };
		B43DED4A269C5F78009C52F5 /* Constants.swift in Sources */ = {isa = PBXBuildFile; fileRef = B43DED48269C5F78009C52F5 /* Constants.swift */; };
		B43DED4C269C7C8B009C52F5 /* SearchModel.swift in Sources */ = {isa = PBXBuildFile; fileRef = B43DED4B269C7C8B009C52F5 /* SearchModel.swift */; };
		B43DED4D269C7C8B009C52F5 /* SearchModel.swift in Sources */ = {isa = PBXBuildFile; fileRef = B43DED4B269C7C8B009C52F5 /* SearchModel.swift */; };
		B43DED4F269C7D0B009C52F5 /* ForumSearchView.swift in Sources */ = {isa = PBXBuildFile; fileRef = B43DED4E269C7D0B009C52F5 /* ForumSearchView.swift */; };
		B43DED50269C7D0B009C52F5 /* ForumSearchView.swift in Sources */ = {isa = PBXBuildFile; fileRef = B43DED4E269C7D0B009C52F5 /* ForumSearchView.swift */; };
		B43DED52269C9216009C52F5 /* VotesModel.swift in Sources */ = {isa = PBXBuildFile; fileRef = B43DED51269C9216009C52F5 /* VotesModel.swift */; };
		B43DED53269C9216009C52F5 /* VotesModel.swift in Sources */ = {isa = PBXBuildFile; fileRef = B43DED51269C9216009C52F5 /* VotesModel.swift */; };
		B43DED55269DE1E4009C52F5 /* CollapsedContentView.swift in Sources */ = {isa = PBXBuildFile; fileRef = B43DED54269DE1E4009C52F5 /* CollapsedContentView.swift */; };
		B43DED56269DE1E4009C52F5 /* CollapsedContentView.swift in Sources */ = {isa = PBXBuildFile; fileRef = B43DED54269DE1E4009C52F5 /* CollapsedContentView.swift */; };
		B43DED58269ED5EB009C52F5 /* FavoriteTopicListView.swift in Sources */ = {isa = PBXBuildFile; fileRef = B43DED57269ED5EB009C52F5 /* FavoriteTopicListView.swift */; };
		B43DED59269ED5EB009C52F5 /* FavoriteTopicListView.swift in Sources */ = {isa = PBXBuildFile; fileRef = B43DED57269ED5EB009C52F5 /* FavoriteTopicListView.swift */; };
		B43DED5B269EDFDA009C52F5 /* UserMenuView.swift in Sources */ = {isa = PBXBuildFile; fileRef = B43DED5A269EDFDA009C52F5 /* UserMenuView.swift */; };
		B43DED5C269EDFDA009C52F5 /* UserMenuView.swift in Sources */ = {isa = PBXBuildFile; fileRef = B43DED5A269EDFDA009C52F5 /* UserMenuView.swift */; };
		B43DED5F269EFA5A009C52F5 /* AlertToast in Frameworks */ = {isa = PBXBuildFile; productRef = B43DED5E269EFA5A009C52F5 /* AlertToast */; };
		B43DED61269EFAF4009C52F5 /* ToastModel.swift in Sources */ = {isa = PBXBuildFile; fileRef = B43DED60269EFAF4009C52F5 /* ToastModel.swift */; };
		B43DED62269EFAF4009C52F5 /* ToastModel.swift in Sources */ = {isa = PBXBuildFile; fileRef = B43DED60269EFAF4009C52F5 /* ToastModel.swift */; };
		B43DED64269F02CF009C52F5 /* HapticUtils.swift in Sources */ = {isa = PBXBuildFile; fileRef = B43DED63269F02CF009C52F5 /* HapticUtils.swift */; };
		B444638B26A1981E006FA44D /* PostReplyModel.swift in Sources */ = {isa = PBXBuildFile; fileRef = B444638A26A1981E006FA44D /* PostReplyModel.swift */; };
		B444638C26A1981E006FA44D /* PostReplyModel.swift in Sources */ = {isa = PBXBuildFile; fileRef = B444638A26A1981E006FA44D /* PostReplyModel.swift */; };
		B444639326A1B745006FA44D /* OptionalBinding.swift in Sources */ = {isa = PBXBuildFile; fileRef = B444639226A1B745006FA44D /* OptionalBinding.swift */; };
		B444639426A1B745006FA44D /* OptionalBinding.swift in Sources */ = {isa = PBXBuildFile; fileRef = B444639226A1B745006FA44D /* OptionalBinding.swift */; };
		B444639626A1C54A006FA44D /* Stickers.swift in Sources */ = {isa = PBXBuildFile; fileRef = B444639526A1C54A006FA44D /* Stickers.swift */; };
		B444639726A1C54A006FA44D /* Stickers.swift in Sources */ = {isa = PBXBuildFile; fileRef = B444639526A1C54A006FA44D /* Stickers.swift */; };
		B444639926A1C5F9006FA44D /* StickerInputView.swift in Sources */ = {isa = PBXBuildFile; fileRef = B444639826A1C5F9006FA44D /* StickerInputView.swift */; };
		B444639A26A1C5F9006FA44D /* StickerInputView.swift in Sources */ = {isa = PBXBuildFile; fileRef = B444639826A1C5F9006FA44D /* StickerInputView.swift */; };
		B444639C26A1CC9F006FA44D /* ContentEditorView.swift in Sources */ = {isa = PBXBuildFile; fileRef = B444639B26A1CC9F006FA44D /* ContentEditorView.swift */; };
		B444639D26A1CC9F006FA44D /* ContentEditorView.swift in Sources */ = {isa = PBXBuildFile; fileRef = B444639B26A1CC9F006FA44D /* ContentEditorView.swift */; };
		B444639F26A1D745006FA44D /* StickerImageView.swift in Sources */ = {isa = PBXBuildFile; fileRef = B444639E26A1D745006FA44D /* StickerImageView.swift */; };
		B44463A026A1D745006FA44D /* StickerImageView.swift in Sources */ = {isa = PBXBuildFile; fileRef = B444639E26A1D745006FA44D /* StickerImageView.swift */; };
		B44463A226A1ED2A006FA44D /* ActivityModel.swift in Sources */ = {isa = PBXBuildFile; fileRef = B44463A126A1ED2A006FA44D /* ActivityModel.swift */; };
		B44463A326A1ED2A006FA44D /* ActivityModel.swift in Sources */ = {isa = PBXBuildFile; fileRef = B44463A126A1ED2A006FA44D /* ActivityModel.swift */; };
		B447BC1026F7033200BCC2E8 /* AboutView.swift in Sources */ = {isa = PBXBuildFile; fileRef = B447BC0F26F7033200BCC2E8 /* AboutView.swift */; };
		B447BC1126F7033200BCC2E8 /* AboutView.swift in Sources */ = {isa = PBXBuildFile; fileRef = B447BC0F26F7033200BCC2E8 /* AboutView.swift */; };
		B454F37826B1C2A4009C6B27 /* LoadingRowView.swift in Sources */ = {isa = PBXBuildFile; fileRef = B454F37726B1C2A4009C6B27 /* LoadingRowView.swift */; };
		B454F37926B1C2A4009C6B27 /* LoadingRowView.swift in Sources */ = {isa = PBXBuildFile; fileRef = B454F37726B1C2A4009C6B27 /* LoadingRowView.swift */; };
		B45819BC268D7D7200999830 /* Message+RawRepresentable.swift in Sources */ = {isa = PBXBuildFile; fileRef = B45819BB268D7D7200999830 /* Message+RawRepresentable.swift */; };
		B45819BD268D7D7200999830 /* Message+RawRepresentable.swift in Sources */ = {isa = PBXBuildFile; fileRef = B45819BB268D7D7200999830 /* Message+RawRepresentable.swift */; };
		B45819C3268D822800999830 /* FavoriteForumsStorage.swift in Sources */ = {isa = PBXBuildFile; fileRef = B45819C2268D822800999830 /* FavoriteForumsStorage.swift */; };
		B45819C4268D822800999830 /* FavoriteForumsStorage.swift in Sources */ = {isa = PBXBuildFile; fileRef = B45819C2268D822800999830 /* FavoriteForumsStorage.swift */; };
		B45819C7268D9B5600999830 /* SDWebImageSwiftUI in Frameworks */ = {isa = PBXBuildFile; productRef = B45819C6268D9B5600999830 /* SDWebImageSwiftUI */; };
		B45819C9268D9B6300999830 /* SDWebImageSwiftUI in Frameworks */ = {isa = PBXBuildFile; productRef = B45819C8268D9B6300999830 /* SDWebImageSwiftUI */; };
		B45819CC268DA17D00999830 /* SwiftUIX in Frameworks */ = {isa = PBXBuildFile; productRef = B45819CB268DA17D00999830 /* SwiftUIX */; };
		B45819CE268DA18600999830 /* SwiftUIX in Frameworks */ = {isa = PBXBuildFile; productRef = B45819CD268DA18600999830 /* SwiftUIX */; };
		B45A9E8B26A171720088F04D /* PostEditorView.swift in Sources */ = {isa = PBXBuildFile; fileRef = B45A9E8A26A171720088F04D /* PostEditorView.swift */; };
		B45A9E8C26A171720088F04D /* PostEditorView.swift in Sources */ = {isa = PBXBuildFile; fileRef = B45A9E8A26A171720088F04D /* PostEditorView.swift */; };
		B46AD3F62692FBF40072DAC0 /* HotTopicListView.swift in Sources */ = {isa = PBXBuildFile; fileRef = B46AD3F52692FBF40072DAC0 /* HotTopicListView.swift */; };
		B46AD3F72692FBF50072DAC0 /* HotTopicListView.swift in Sources */ = {isa = PBXBuildFile; fileRef = B46AD3F52692FBF40072DAC0 /* HotTopicListView.swift */; };
		B4715CC226A40DF40049D136 /* PostCommentRowView.swift in Sources */ = {isa = PBXBuildFile; fileRef = B4715CC126A40DF40049D136 /* PostCommentRowView.swift */; };
		B4715CC326A40DF40049D136 /* PostCommentRowView.swift in Sources */ = {isa = PBXBuildFile; fileRef = B4715CC126A40DF40049D136 /* PostCommentRowView.swift */; };
		B4715CC526A413E00049D136 /* QuoteView.swift in Sources */ = {isa = PBXBuildFile; fileRef = B4715CC426A413E00049D136 /* QuoteView.swift */; };
		B4715CC626A413E00049D136 /* QuoteView.swift in Sources */ = {isa = PBXBuildFile; fileRef = B4715CC426A413E00049D136 /* QuoteView.swift */; };
		B4715CC826A41F000049D136 /* PostRowUserView.swift in Sources */ = {isa = PBXBuildFile; fileRef = B4715CC726A41F000049D136 /* PostRowUserView.swift */; };
		B4715CC926A41F000049D136 /* PostRowUserView.swift in Sources */ = {isa = PBXBuildFile; fileRef = B4715CC726A41F000049D136 /* PostRowUserView.swift */; };
		B4715CCB26A480B60049D136 /* BlockWordsStorage.swift in Sources */ = {isa = PBXBuildFile; fileRef = B4715CCA26A480B60049D136 /* BlockWordsStorage.swift */; };
		B4715CCC26A480B60049D136 /* BlockWordsStorage.swift in Sources */ = {isa = PBXBuildFile; fileRef = B4715CCA26A480B60049D136 /* BlockWordsStorage.swift */; };
		B4715CCE26A481FF0049D136 /* BlockWordListView.swift in Sources */ = {isa = PBXBuildFile; fileRef = B4715CCD26A481FF0049D136 /* BlockWordListView.swift */; };
		B4715CCF26A481FF0049D136 /* BlockWordListView.swift in Sources */ = {isa = PBXBuildFile; fileRef = B4715CCD26A481FF0049D136 /* BlockWordListView.swift */; };
		B4715CD126A48A930049D136 /* PlaceholderView.swift in Sources */ = {isa = PBXBuildFile; fileRef = B4715CD026A48A930049D136 /* PlaceholderView.swift */; };
		B4715CD226A48A930049D136 /* PlaceholderView.swift in Sources */ = {isa = PBXBuildFile; fileRef = B4715CD026A48A930049D136 /* PlaceholderView.swift */; };
		B475FD9E26D2B1B300109CEA /* AttachmentsModel.swift in Sources */ = {isa = PBXBuildFile; fileRef = B475FD9D26D2B1B300109CEA /* AttachmentsModel.swift */; };
		B475FD9F26D2B1B300109CEA /* AttachmentsModel.swift in Sources */ = {isa = PBXBuildFile; fileRef = B475FD9D26D2B1B300109CEA /* AttachmentsModel.swift */; };
		B4855B5926D6B61100BC2680 /* ContentTextEditorView.swift in Sources */ = {isa = PBXBuildFile; fileRef = B4855B5826D6B61100BC2680 /* ContentTextEditorView.swift */; };
		B4855B5A26D6B61100BC2680 /* ContentTextEditorView.swift in Sources */ = {isa = PBXBuildFile; fileRef = B4855B5826D6B61100BC2680 /* ContentTextEditorView.swift */; };
		B48709C5269AEA9F00E88E5A /* TopicListPlaceholderView.swift in Sources */ = {isa = PBXBuildFile; fileRef = B48709C4269AEA9F00E88E5A /* TopicListPlaceholderView.swift */; };
		B48709C6269AEA9F00E88E5A /* TopicListPlaceholderView.swift in Sources */ = {isa = PBXBuildFile; fileRef = B48709C4269AEA9F00E88E5A /* TopicListPlaceholderView.swift */; };
		B48B0C4626932CC70067794F /* ForumRowView.swift in Sources */ = {isa = PBXBuildFile; fileRef = B48B0C4526932CC70067794F /* ForumRowView.swift */; };
		B48B0C4726932CC70067794F /* ForumRowView.swift in Sources */ = {isa = PBXBuildFile; fileRef = B48B0C4526932CC70067794F /* ForumRowView.swift */; };
		B48B0C4D2694D4FF0067794F /* ViewingImageModel.swift in Sources */ = {isa = PBXBuildFile; fileRef = B48B0C4C2694D4FF0067794F /* ViewingImageModel.swift */; };
		B48B0C4E2694D4FF0067794F /* ViewingImageModel.swift in Sources */ = {isa = PBXBuildFile; fileRef = B48B0C4C2694D4FF0067794F /* ViewingImageModel.swift */; };
		B4920CD62690465100762FC9 /* TopicSubjectView.swift in Sources */ = {isa = PBXBuildFile; fileRef = B4920CD52690465100762FC9 /* TopicSubjectView.swift */; };
		B4920CD72690465100762FC9 /* TopicSubjectView.swift in Sources */ = {isa = PBXBuildFile; fileRef = B4920CD52690465100762FC9 /* TopicSubjectView.swift */; };
		B4920CD926904CE700762FC9 /* Extensions.swift in Sources */ = {isa = PBXBuildFile; fileRef = B4920CD826904CE700762FC9 /* Extensions.swift */; };
		B4920CDA26904CE700762FC9 /* Extensions.swift in Sources */ = {isa = PBXBuildFile; fileRef = B4920CD826904CE700762FC9 /* Extensions.swift */; };
		B4920CDC269083BD00762FC9 /* OpenSourceStickers.swift in Sources */ = {isa = PBXBuildFile; fileRef = B4920CDB269083BD00762FC9 /* OpenSourceStickers.swift */; };
		B4920CDD269083BD00762FC9 /* OpenSourceStickers.swift in Sources */ = {isa = PBXBuildFile; fileRef = B4920CDB269083BD00762FC9 /* OpenSourceStickers.swift */; };
		B4920CDF2690A98200762FC9 /* SubforumListView.swift in Sources */ = {isa = PBXBuildFile; fileRef = B4920CDE2690A98200762FC9 /* SubforumListView.swift */; };
		B4920CE02690A98200762FC9 /* SubforumListView.swift in Sources */ = {isa = PBXBuildFile; fileRef = B4920CDE2690A98200762FC9 /* SubforumListView.swift */; };
		B4920CE32690E65600762FC9 /* HalfASheet in Frameworks */ = {isa = PBXBuildFile; productRef = B4920CE22690E65600762FC9 /* HalfASheet */; };
		B498FEF926EC7938008C577B /* QuoteUserView.swift in Sources */ = {isa = PBXBuildFile; fileRef = B498FEF826EC7938008C577B /* QuoteUserView.swift */; };
		B498FEFA26EC7938008C577B /* QuoteUserView.swift in Sources */ = {isa = PBXBuildFile; fileRef = B498FEF826EC7938008C577B /* QuoteUserView.swift */; };
		B498FEFC26EC8735008C577B /* PostReplyChainView.swift in Sources */ = {isa = PBXBuildFile; fileRef = B498FEFB26EC8735008C577B /* PostReplyChainView.swift */; };
		B498FEFD26EC8735008C577B /* PostReplyChainView.swift in Sources */ = {isa = PBXBuildFile; fileRef = B498FEFB26EC8735008C577B /* PostReplyChainView.swift */; };
		B4B3545F26C91DA00052FE80 /* UsersModel.swift in Sources */ = {isa = PBXBuildFile; fileRef = B4B3545E26C91DA00052FE80 /* UsersModel.swift */; };
		B4B3546026C91DA00052FE80 /* UsersModel.swift in Sources */ = {isa = PBXBuildFile; fileRef = B4B3545E26C91DA00052FE80 /* UsersModel.swift */; };
		B4BDFAF326FC4F0D00318240 /* GoogleService-Info.plist in Resources */ = {isa = PBXBuildFile; fileRef = B4BDFAF226FC4F0D00318240 /* GoogleService-Info.plist */; };
		B4BDFAF426FC4F0D00318240 /* GoogleService-Info.plist in Resources */ = {isa = PBXBuildFile; fileRef = B4BDFAF226FC4F0D00318240 /* GoogleService-Info.plist */; };
		B4C024D626884FD700E53554 /* ContentView.swift in Sources */ = {isa = PBXBuildFile; fileRef = B4C024C226884FD600E53554 /* ContentView.swift */; };
		B4C024D726884FD700E53554 /* ContentView.swift in Sources */ = {isa = PBXBuildFile; fileRef = B4C024C226884FD600E53554 /* ContentView.swift */; };
		B4C024D826884FD700E53554 /* Assets.xcassets in Resources */ = {isa = PBXBuildFile; fileRef = B4C024C326884FD700E53554 /* Assets.xcassets */; };
		B4C024D926884FD700E53554 /* Assets.xcassets in Resources */ = {isa = PBXBuildFile; fileRef = B4C024C326884FD700E53554 /* Assets.xcassets */; };
		B4C024E5268850AA00E53554 /* LogicCall.swift in Sources */ = {isa = PBXBuildFile; fileRef = B4C024E2268850AA00E53554 /* LogicCall.swift */; };
		B4C024E6268850AA00E53554 /* LogicCall.swift in Sources */ = {isa = PBXBuildFile; fileRef = B4C024E2268850AA00E53554 /* LogicCall.swift */; };
		B4C024ED268850E800E53554 /* SwiftProtobuf in Frameworks */ = {isa = PBXBuildFile; productRef = B4C024EC268850E800E53554 /* SwiftProtobuf */; };
		B4C024F0268850F300E53554 /* SwiftProtobuf in Frameworks */ = {isa = PBXBuildFile; productRef = B4C024EF268850F300E53554 /* SwiftProtobuf */; };
		B4C024F22688511400E53554 /* liblogicios.a in Frameworks */ = {isa = PBXBuildFile; fileRef = B4C024F12688510C00E53554 /* liblogicios.a */; platformFilter = ios; };
		B4C024F42688512600E53554 /* liblogicmacos.a in Frameworks */ = {isa = PBXBuildFile; fileRef = B4C024F32688511E00E53554 /* liblogicmacos.a */; };
		B4D13B9C27020A8C009506A2 /* TopicPostRowView.swift in Sources */ = {isa = PBXBuildFile; fileRef = B4D13B9B27020A8C009506A2 /* TopicPostRowView.swift */; };
		B4D13B9D27020A8C009506A2 /* TopicPostRowView.swift in Sources */ = {isa = PBXBuildFile; fileRef = B4D13B9B27020A8C009506A2 /* TopicPostRowView.swift */; };
		B4D7774F26FCC7F800594905 /* FirebaseAnalyticsWithoutAdIdSupport in Frameworks */ = {isa = PBXBuildFile; productRef = B4D7774E26FCC7F800594905 /* FirebaseAnalyticsWithoutAdIdSupport */; };
		B4DBF608268976470027233F /* DateFormatters.swift in Sources */ = {isa = PBXBuildFile; fileRef = B4DBF607268976470027233F /* DateFormatters.swift */; };
		B4DBF609268976470027233F /* DateFormatters.swift in Sources */ = {isa = PBXBuildFile; fileRef = B4DBF607268976470027233F /* DateFormatters.swift */; };
		B4DBF60C2689799F0027233F /* PostRowView.swift in Sources */ = {isa = PBXBuildFile; fileRef = B4DBF60B2689799F0027233F /* PostRowView.swift */; };
		B4DBF60D2689799F0027233F /* PostRowView.swift in Sources */ = {isa = PBXBuildFile; fileRef = B4DBF60B2689799F0027233F /* PostRowView.swift */; };
		B4DBF60F268979C20027233F /* TopicDetailsView.swift in Sources */ = {isa = PBXBuildFile; fileRef = B4DBF60E268979C20027233F /* TopicDetailsView.swift */; };
		B4DBF610268979C20027233F /* TopicDetailsView.swift in Sources */ = {isa = PBXBuildFile; fileRef = B4DBF60E268979C20027233F /* TopicDetailsView.swift */; };
		B4DBF612268979F70027233F /* TopicListView.swift in Sources */ = {isa = PBXBuildFile; fileRef = B4DBF611268979F70027233F /* TopicListView.swift */; };
		B4DBF613268979F70027233F /* TopicListView.swift in Sources */ = {isa = PBXBuildFile; fileRef = B4DBF611268979F70027233F /* TopicListView.swift */; };
		B4DBF61526897A170027233F /* TopicRowView.swift in Sources */ = {isa = PBXBuildFile; fileRef = B4DBF61426897A170027233F /* TopicRowView.swift */; };
		B4DBF61626897A170027233F /* TopicRowView.swift in Sources */ = {isa = PBXBuildFile; fileRef = B4DBF61426897A170027233F /* TopicRowView.swift */; };
		B4DBF61826897C520027233F /* Misc.swift in Sources */ = {isa = PBXBuildFile; fileRef = B4DBF61726897C520027233F /* Misc.swift */; };
		B4DBF61926897C520027233F /* Misc.swift in Sources */ = {isa = PBXBuildFile; fileRef = B4DBF61726897C520027233F /* Misc.swift */; };
		B4DBF61B268A20A90027233F /* PostContentView.swift in Sources */ = {isa = PBXBuildFile; fileRef = B4DBF61A268A20A90027233F /* PostContentView.swift */; };
		B4DBF61C268A20A90027233F /* PostContentView.swift in Sources */ = {isa = PBXBuildFile; fileRef = B4DBF61A268A20A90027233F /* PostContentView.swift */; };
		B4DBF61E268B8CD80027233F /* ForumListView.swift in Sources */ = {isa = PBXBuildFile; fileRef = B4DBF61D268B8CD80027233F /* ForumListView.swift */; };
		B4DBF61F268B8CD80027233F /* ForumListView.swift in Sources */ = {isa = PBXBuildFile; fileRef = B4DBF61D268B8CD80027233F /* ForumListView.swift */; };
		B4DCF43A26885DD700EC78A4 /* DataModel.pb.swift in Sources */ = {isa = PBXBuildFile; fileRef = B4DCF43826885DD700EC78A4 /* DataModel.pb.swift */; };
		B4DCF43B26885DD700EC78A4 /* DataModel.pb.swift in Sources */ = {isa = PBXBuildFile; fileRef = B4DCF43826885DD700EC78A4 /* DataModel.pb.swift */; };
		B4DCF43C26885DD700EC78A4 /* Service.pb.swift in Sources */ = {isa = PBXBuildFile; fileRef = B4DCF43926885DD700EC78A4 /* Service.pb.swift */; };
		B4DCF43D26885DD700EC78A4 /* Service.pb.swift in Sources */ = {isa = PBXBuildFile; fileRef = B4DCF43926885DD700EC78A4 /* Service.pb.swift */; };
		B4DCF4482688D5A500EC78A4 /* PagingDataSource.swift in Sources */ = {isa = PBXBuildFile; fileRef = B4DCF4472688D5A500EC78A4 /* PagingDataSource.swift */; };
		B4DCF4492688D5A500EC78A4 /* PagingDataSource.swift in Sources */ = {isa = PBXBuildFile; fileRef = B4DCF4472688D5A500EC78A4 /* PagingDataSource.swift */; };
		B4DCF44B2688E5CA00EC78A4 /* View+FirstAppear.swift in Sources */ = {isa = PBXBuildFile; fileRef = B4DCF44A2688E5CA00EC78A4 /* View+FirstAppear.swift */; };
		B4DCF44C2688E5CA00EC78A4 /* View+FirstAppear.swift in Sources */ = {isa = PBXBuildFile; fileRef = B4DCF44A2688E5CA00EC78A4 /* View+FirstAppear.swift */; };
		B4DCF4502688F68400EC78A4 /* Localizable.strings in Resources */ = {isa = PBXBuildFile; fileRef = B4DCF4532688F68400EC78A4 /* Localizable.strings */; };
		B4DCF4512688F68400EC78A4 /* Localizable.strings in Resources */ = {isa = PBXBuildFile; fileRef = B4DCF4532688F68400EC78A4 /* Localizable.strings */; };
		B4DD2BDD26A490960030ADD8 /* BlockedView.swift in Sources */ = {isa = PBXBuildFile; fileRef = B4DD2BDC26A490960030ADD8 /* BlockedView.swift */; };
		B4DD2BDE26A490960030ADD8 /* BlockedView.swift in Sources */ = {isa = PBXBuildFile; fileRef = B4DD2BDC26A490960030ADD8 /* BlockedView.swift */; };
		B4DDFD9C26B1B602004FFB17 /* CacheView.swift in Sources */ = {isa = PBXBuildFile; fileRef = B4DDFD9B26B1B602004FFB17 /* CacheView.swift */; };
		B4DDFD9D26B1B602004FFB17 /* CacheView.swift in Sources */ = {isa = PBXBuildFile; fileRef = B4DDFD9B26B1B602004FFB17 /* CacheView.swift */; };
		B4DF95A826CAC20D0081ECBB /* Snapshot.swift in Sources */ = {isa = PBXBuildFile; fileRef = B4DF95A726CAC20D0081ECBB /* Snapshot.swift */; };
		B4DF95A926CAC20D0081ECBB /* Snapshot.swift in Sources */ = {isa = PBXBuildFile; fileRef = B4DF95A726CAC20D0081ECBB /* Snapshot.swift */; };
		B4DF95AB26CADD830081ECBB /* View+RedactedIf.swift in Sources */ = {isa = PBXBuildFile; fileRef = B4DF95AA26CADD830081ECBB /* View+RedactedIf.swift */; };
		B4DF95AC26CADD830081ECBB /* View+RedactedIf.swift in Sources */ = {isa = PBXBuildFile; fileRef = B4DF95AA26CADD830081ECBB /* View+RedactedIf.swift */; };
		B4DF95AE26CADF5D0081ECBB /* ForumIconView.swift in Sources */ = {isa = PBXBuildFile; fileRef = B4DF95AD26CADF5D0081ECBB /* ForumIconView.swift */; };
		B4DF95AF26CADF5D0081ECBB /* ForumIconView.swift in Sources */ = {isa = PBXBuildFile; fileRef = B4DF95AD26CADF5D0081ECBB /* ForumIconView.swift */; };
		B4E10716268DADEE006C1742 /* WebView in Frameworks */ = {isa = PBXBuildFile; productRef = B4E10715268DADEE006C1742 /* WebView */; };
		B4E10718268DADF5006C1742 /* WebView in Frameworks */ = {isa = PBXBuildFile; productRef = B4E10717268DADF5006C1742 /* WebView */; };
		B4E1071A268DADFF006C1742 /* LoginView.swift in Sources */ = {isa = PBXBuildFile; fileRef = B4E10719268DADFF006C1742 /* LoginView.swift */; };
		B4E1071B268DADFF006C1742 /* LoginView.swift in Sources */ = {isa = PBXBuildFile; fileRef = B4E10719268DADFF006C1742 /* LoginView.swift */; };
		B4E1071D268DC4D1006C1742 /* AuthStorage.swift in Sources */ = {isa = PBXBuildFile; fileRef = B4E1071C268DC4D1006C1742 /* AuthStorage.swift */; };
		B4E1071E268DC4D1006C1742 /* AuthStorage.swift in Sources */ = {isa = PBXBuildFile; fileRef = B4E1071C268DC4D1006C1742 /* AuthStorage.swift */; };
		B4E10720268DD215006C1742 /* AuthedPreview.swift in Sources */ = {isa = PBXBuildFile; fileRef = B4E1071F268DD215006C1742 /* AuthedPreview.swift */; };
		B4E10721268DD215006C1742 /* AuthedPreview.swift in Sources */ = {isa = PBXBuildFile; fileRef = B4E1071F268DD215006C1742 /* AuthedPreview.swift */; };
		B4E10723268DD2A4006C1742 /* AuthInfoDebug.swift in Sources */ = {isa = PBXBuildFile; fileRef = B4E10722268DD2A4006C1742 /* AuthInfoDebug.swift */; };
		B4E10724268DD2A4006C1742 /* AuthInfoDebug.swift in Sources */ = {isa = PBXBuildFile; fileRef = B4E10722268DD2A4006C1742 /* AuthInfoDebug.swift */; };
		B4E2BDCF2691B0030080C790 /* InitConf.swift in Sources */ = {isa = PBXBuildFile; fileRef = B4E2BDCE2691B0030080C790 /* InitConf.swift */; };
		B4E2BDD02691B0030080C790 /* InitConf.swift in Sources */ = {isa = PBXBuildFile; fileRef = B4E2BDCE2691B0030080C790 /* InitConf.swift */; };
		B4E2BDD226922A5E0080C790 /* TopicHistoryListView.swift in Sources */ = {isa = PBXBuildFile; fileRef = B4E2BDD126922A5E0080C790 /* TopicHistoryListView.swift */; };
		B4E2BDD326922A5E0080C790 /* TopicHistoryListView.swift in Sources */ = {isa = PBXBuildFile; fileRef = B4E2BDD126922A5E0080C790 /* TopicHistoryListView.swift */; };
		B4EB80E3269B0F290014DDFA /* ToolbarModifier.swift in Sources */ = {isa = PBXBuildFile; fileRef = B437B27B269B0E190092FF9E /* ToolbarModifier.swift */; };
		B4EB80E6269B13830014DDFA /* ImageOverlay.swift in Sources */ = {isa = PBXBuildFile; fileRef = B4EB80E5269B13830014DDFA /* ImageOverlay.swift */; };
		B4EB80EA269B13B90014DDFA /* ImageOverlay.swift in Sources */ = {isa = PBXBuildFile; fileRef = B4EB80E8269B13B60014DDFA /* ImageOverlay.swift */; };
		B4EB80ED269B1B800014DDFA /* liblogiccatalyst.a in Frameworks */ = {isa = PBXBuildFile; fileRef = B4EB80EC269B1B740014DDFA /* liblogiccatalyst.a */; platformFilter = maccatalyst; };
		B4EB80EF269B2C090014DDFA /* ContentCombiner.swift in Sources */ = {isa = PBXBuildFile; fileRef = B4EB80EE269B2C090014DDFA /* ContentCombiner.swift */; };
		B4EB80F0269B2C090014DDFA /* ContentCombiner.swift in Sources */ = {isa = PBXBuildFile; fileRef = B4EB80EE269B2C090014DDFA /* ContentCombiner.swift */; };
		B4F2408426A30A8500D620B0 /* NotificationListView.swift in Sources */ = {isa = PBXBuildFile; fileRef = B4F2408326A30A8500D620B0 /* NotificationListView.swift */; };
		B4F2408526A30A8500D620B0 /* NotificationListView.swift in Sources */ = {isa = PBXBuildFile; fileRef = B4F2408326A30A8500D620B0 /* NotificationListView.swift */; };
		B4F2408726A30C4900D620B0 /* NotificationRowView.swift in Sources */ = {isa = PBXBuildFile; fileRef = B4F2408626A30C4900D620B0 /* NotificationRowView.swift */; };
		B4F2408826A30C4900D620B0 /* NotificationRowView.swift in Sources */ = {isa = PBXBuildFile; fileRef = B4F2408626A30C4900D620B0 /* NotificationRowView.swift */; };
		B4F9F98D26F0CCA700D5ED1E /* PresendAttachmentsModel.swift in Sources */ = {isa = PBXBuildFile; fileRef = B4F9F98C26F0CCA700D5ED1E /* PresendAttachmentsModel.swift */; };
		B4F9F98E26F0CCA700D5ED1E /* PresendAttachmentsModel.swift in Sources */ = {isa = PBXBuildFile; fileRef = B4F9F98C26F0CCA700D5ED1E /* PresendAttachmentsModel.swift */; };
		B4FBED7F26A6D70F006390A3 /* PreferencesView.swift in Sources */ = {isa = PBXBuildFile; fileRef = B4FBED7E26A6D70F006390A3 /* PreferencesView.swift */; };
		B4FBED8026A6D70F006390A3 /* PreferencesView.swift in Sources */ = {isa = PBXBuildFile; fileRef = B4FBED7E26A6D70F006390A3 /* PreferencesView.swift */; };
		B4FBED8226A7163E006390A3 /* PreferencesStorage.swift in Sources */ = {isa = PBXBuildFile; fileRef = B4FBED8126A7163E006390A3 /* PreferencesStorage.swift */; };
		B4FBED8326A7163E006390A3 /* PreferencesStorage.swift in Sources */ = {isa = PBXBuildFile; fileRef = B4FBED8126A7163E006390A3 /* PreferencesStorage.swift */; };
/* End PBXBuildFile section */

/* Begin PBXCopyFilesBuildPhase section */
		B43DEDBC269F0952009C52F5 /* Embed App Extensions */ = {
			isa = PBXCopyFilesBuildPhase;
			buildActionMask = 2147483647;
			dstPath = "";
			dstSubfolderSpec = 13;
			files = (
			);
			name = "Embed App Extensions";
			runOnlyForDeploymentPostprocessing = 0;
		};
/* End PBXCopyFilesBuildPhase section */

/* Begin PBXFileReference section */
		375E6730A9F56C0953D5C7DA /* iOSNGAApp.swift */ = {isa = PBXFileReference; fileEncoding = 4; lastKnownFileType = sourcecode.swift; path = iOSNGAApp.swift; sourceTree = "<group>"; };
		375E6F6186F4BE7808B20F34 /* macOSNGAApp.swift */ = {isa = PBXFileReference; fileEncoding = 4; lastKnownFileType = sourcecode.swift; path = macOSNGAApp.swift; sourceTree = "<group>"; };
		B402308126EBB72C0077D3AA /* UserProfileView.swift */ = {isa = PBXFileReference; lastKnownFileType = sourcecode.swift; path = UserProfileView.swift; sourceTree = "<group>"; };
		B402308426EBBA7A0077D3AA /* UserView.swift */ = {isa = PBXFileReference; lastKnownFileType = sourcecode.swift; path = UserView.swift; sourceTree = "<group>"; };
		B402308726EBBC5C0077D3AA /* TopicDetailsActionModel.swift */ = {isa = PBXFileReference; lastKnownFileType = sourcecode.swift; path = TopicDetailsActionModel.swift; sourceTree = "<group>"; };
		B409251926D2810F00BCB666 /* ImageViewer.swift */ = {isa = PBXFileReference; lastKnownFileType = sourcecode.swift; path = ImageViewer.swift; sourceTree = "<group>"; };
		B409251B26D299E600BCB666 /* ContentButtonView.swift */ = {isa = PBXFileReference; lastKnownFileType = sourcecode.swift; path = ContentButtonView.swift; sourceTree = "<group>"; };
		B409252126D29D2100BCB666 /* ContentImageView.swift */ = {isa = PBXFileReference; lastKnownFileType = sourcecode.swift; path = ContentImageView.swift; sourceTree = "<group>"; };
		B409252726D29FD900BCB666 /* OpenURLModel.swift */ = {isa = PBXFileReference; lastKnownFileType = sourcecode.swift; path = OpenURLModel.swift; sourceTree = "<group>"; };
		B409CE6C26A0920C00F617EC /* ToastModifier.swift */ = {isa = PBXFileReference; lastKnownFileType = sourcecode.swift; path = ToastModifier.swift; sourceTree = "<group>"; };
		B437B27B269B0E190092FF9E /* ToolbarModifier.swift */ = {isa = PBXFileReference; lastKnownFileType = sourcecode.swift; path = ToolbarModifier.swift; sourceTree = "<group>"; };
		B43DED45269C29BB009C52F5 /* DateTimeTextView.swift */ = {isa = PBXFileReference; lastKnownFileType = sourcecode.swift; path = DateTimeTextView.swift; sourceTree = "<group>"; };
		B43DED48269C5F78009C52F5 /* Constants.swift */ = {isa = PBXFileReference; lastKnownFileType = sourcecode.swift; path = Constants.swift; sourceTree = "<group>"; };
		B43DED4B269C7C8B009C52F5 /* SearchModel.swift */ = {isa = PBXFileReference; lastKnownFileType = sourcecode.swift; path = SearchModel.swift; sourceTree = "<group>"; };
		B43DED4E269C7D0B009C52F5 /* ForumSearchView.swift */ = {isa = PBXFileReference; lastKnownFileType = sourcecode.swift; path = ForumSearchView.swift; sourceTree = "<group>"; };
		B43DED51269C9216009C52F5 /* VotesModel.swift */ = {isa = PBXFileReference; lastKnownFileType = sourcecode.swift; path = VotesModel.swift; sourceTree = "<group>"; };
		B43DED54269DE1E4009C52F5 /* CollapsedContentView.swift */ = {isa = PBXFileReference; lastKnownFileType = sourcecode.swift; path = CollapsedContentView.swift; sourceTree = "<group>"; };
		B43DED57269ED5EB009C52F5 /* FavoriteTopicListView.swift */ = {isa = PBXFileReference; lastKnownFileType = sourcecode.swift; path = FavoriteTopicListView.swift; sourceTree = "<group>"; };
		B43DED5A269EDFDA009C52F5 /* UserMenuView.swift */ = {isa = PBXFileReference; lastKnownFileType = sourcecode.swift; path = UserMenuView.swift; sourceTree = "<group>"; };
		B43DED60269EFAF4009C52F5 /* ToastModel.swift */ = {isa = PBXFileReference; lastKnownFileType = sourcecode.swift; path = ToastModel.swift; sourceTree = "<group>"; };
		B43DED63269F02CF009C52F5 /* HapticUtils.swift */ = {isa = PBXFileReference; lastKnownFileType = sourcecode.swift; path = HapticUtils.swift; sourceTree = "<group>"; };
		B43DEDAB269F0951009C52F5 /* WidgetKit.framework */ = {isa = PBXFileReference; lastKnownFileType = wrapper.framework; name = WidgetKit.framework; path = System/Library/Frameworks/WidgetKit.framework; sourceTree = SDKROOT; };
		B43DEDAD269F0951009C52F5 /* SwiftUI.framework */ = {isa = PBXFileReference; lastKnownFileType = wrapper.framework; name = SwiftUI.framework; path = System/Library/Frameworks/SwiftUI.framework; sourceTree = SDKROOT; };
		B444638A26A1981E006FA44D /* PostReplyModel.swift */ = {isa = PBXFileReference; lastKnownFileType = sourcecode.swift; path = PostReplyModel.swift; sourceTree = "<group>"; };
		B444639226A1B745006FA44D /* OptionalBinding.swift */ = {isa = PBXFileReference; lastKnownFileType = sourcecode.swift; path = OptionalBinding.swift; sourceTree = "<group>"; };
		B444639526A1C54A006FA44D /* Stickers.swift */ = {isa = PBXFileReference; lastKnownFileType = sourcecode.swift; path = Stickers.swift; sourceTree = "<group>"; };
		B444639826A1C5F9006FA44D /* StickerInputView.swift */ = {isa = PBXFileReference; lastKnownFileType = sourcecode.swift; path = StickerInputView.swift; sourceTree = "<group>"; };
		B444639B26A1CC9F006FA44D /* ContentEditorView.swift */ = {isa = PBXFileReference; lastKnownFileType = sourcecode.swift; path = ContentEditorView.swift; sourceTree = "<group>"; };
		B444639E26A1D745006FA44D /* StickerImageView.swift */ = {isa = PBXFileReference; lastKnownFileType = sourcecode.swift; path = StickerImageView.swift; sourceTree = "<group>"; };
		B44463A126A1ED2A006FA44D /* ActivityModel.swift */ = {isa = PBXFileReference; lastKnownFileType = sourcecode.swift; path = ActivityModel.swift; sourceTree = "<group>"; };
		B447BC0F26F7033200BCC2E8 /* AboutView.swift */ = {isa = PBXFileReference; lastKnownFileType = sourcecode.swift; path = AboutView.swift; sourceTree = "<group>"; };
		B454F37726B1C2A4009C6B27 /* LoadingRowView.swift */ = {isa = PBXFileReference; lastKnownFileType = sourcecode.swift; path = LoadingRowView.swift; sourceTree = "<group>"; };
		B45819BB268D7D7200999830 /* Message+RawRepresentable.swift */ = {isa = PBXFileReference; lastKnownFileType = sourcecode.swift; path = "Message+RawRepresentable.swift"; sourceTree = "<group>"; };
		B45819C2268D822800999830 /* FavoriteForumsStorage.swift */ = {isa = PBXFileReference; lastKnownFileType = sourcecode.swift; path = FavoriteForumsStorage.swift; sourceTree = "<group>"; };
		B45A9E8A26A171720088F04D /* PostEditorView.swift */ = {isa = PBXFileReference; lastKnownFileType = sourcecode.swift; path = PostEditorView.swift; sourceTree = "<group>"; };
		B46AD3F52692FBF40072DAC0 /* HotTopicListView.swift */ = {isa = PBXFileReference; lastKnownFileType = sourcecode.swift; path = HotTopicListView.swift; sourceTree = "<group>"; };
		B4715CC126A40DF40049D136 /* PostCommentRowView.swift */ = {isa = PBXFileReference; lastKnownFileType = sourcecode.swift; path = PostCommentRowView.swift; sourceTree = "<group>"; };
		B4715CC426A413E00049D136 /* QuoteView.swift */ = {isa = PBXFileReference; lastKnownFileType = sourcecode.swift; path = QuoteView.swift; sourceTree = "<group>"; };
		B4715CC726A41F000049D136 /* PostRowUserView.swift */ = {isa = PBXFileReference; lastKnownFileType = sourcecode.swift; path = PostRowUserView.swift; sourceTree = "<group>"; };
		B4715CCA26A480B60049D136 /* BlockWordsStorage.swift */ = {isa = PBXFileReference; lastKnownFileType = sourcecode.swift; path = BlockWordsStorage.swift; sourceTree = "<group>"; };
		B4715CCD26A481FF0049D136 /* BlockWordListView.swift */ = {isa = PBXFileReference; lastKnownFileType = sourcecode.swift; path = BlockWordListView.swift; sourceTree = "<group>"; };
		B4715CD026A48A930049D136 /* PlaceholderView.swift */ = {isa = PBXFileReference; lastKnownFileType = sourcecode.swift; path = PlaceholderView.swift; sourceTree = "<group>"; };
		B475FD9D26D2B1B300109CEA /* AttachmentsModel.swift */ = {isa = PBXFileReference; lastKnownFileType = sourcecode.swift; path = AttachmentsModel.swift; sourceTree = "<group>"; };
		B4855B5826D6B61100BC2680 /* ContentTextEditorView.swift */ = {isa = PBXFileReference; lastKnownFileType = sourcecode.swift; path = ContentTextEditorView.swift; sourceTree = "<group>"; };
		B48709C4269AEA9F00E88E5A /* TopicListPlaceholderView.swift */ = {isa = PBXFileReference; lastKnownFileType = sourcecode.swift; path = TopicListPlaceholderView.swift; sourceTree = "<group>"; };
		B48B0C4526932CC70067794F /* ForumRowView.swift */ = {isa = PBXFileReference; lastKnownFileType = sourcecode.swift; path = ForumRowView.swift; sourceTree = "<group>"; };
		B48B0C4C2694D4FF0067794F /* ViewingImageModel.swift */ = {isa = PBXFileReference; lastKnownFileType = sourcecode.swift; path = ViewingImageModel.swift; sourceTree = "<group>"; };
		B4920CD52690465100762FC9 /* TopicSubjectView.swift */ = {isa = PBXFileReference; lastKnownFileType = sourcecode.swift; path = TopicSubjectView.swift; sourceTree = "<group>"; };
		B4920CD826904CE700762FC9 /* Extensions.swift */ = {isa = PBXFileReference; lastKnownFileType = sourcecode.swift; path = Extensions.swift; sourceTree = "<group>"; };
		B4920CDB269083BD00762FC9 /* OpenSourceStickers.swift */ = {isa = PBXFileReference; lastKnownFileType = sourcecode.swift; path = OpenSourceStickers.swift; sourceTree = "<group>"; };
		B4920CDE2690A98200762FC9 /* SubforumListView.swift */ = {isa = PBXFileReference; lastKnownFileType = sourcecode.swift; path = SubforumListView.swift; sourceTree = "<group>"; };
		B498FEF826EC7938008C577B /* QuoteUserView.swift */ = {isa = PBXFileReference; lastKnownFileType = sourcecode.swift; path = QuoteUserView.swift; sourceTree = "<group>"; };
		B498FEFB26EC8735008C577B /* PostReplyChainView.swift */ = {isa = PBXFileReference; lastKnownFileType = sourcecode.swift; path = PostReplyChainView.swift; sourceTree = "<group>"; };
		B4B3545E26C91DA00052FE80 /* UsersModel.swift */ = {isa = PBXFileReference; lastKnownFileType = sourcecode.swift; path = UsersModel.swift; sourceTree = "<group>"; };
		B4B3859226F6E20800A48D8F /* en */ = {isa = PBXFileReference; lastKnownFileType = text.plist.strings; name = en; path = en.lproj/Localizable.strings; sourceTree = "<group>"; };
		B4BDFAF226FC4F0D00318240 /* GoogleService-Info.plist */ = {isa = PBXFileReference; fileEncoding = 4; lastKnownFileType = text.plist.xml; path = "GoogleService-Info.plist"; sourceTree = "<group>"; };
		B4C024C226884FD600E53554 /* ContentView.swift */ = {isa = PBXFileReference; lastKnownFileType = sourcecode.swift; path = ContentView.swift; sourceTree = "<group>"; };
		B4C024C326884FD700E53554 /* Assets.xcassets */ = {isa = PBXFileReference; lastKnownFileType = folder.assetcatalog; path = Assets.xcassets; sourceTree = "<group>"; };
		B4C024C826884FD700E53554 /* MNGA.app */ = {isa = PBXFileReference; explicitFileType = wrapper.application; includeInIndex = 0; path = MNGA.app; sourceTree = BUILT_PRODUCTS_DIR; };
		B4C024CB26884FD700E53554 /* Info.plist */ = {isa = PBXFileReference; lastKnownFileType = text.plist.xml; path = Info.plist; sourceTree = "<group>"; };
		B4C024D026884FD700E53554 /* MNGA.app */ = {isa = PBXFileReference; explicitFileType = wrapper.application; includeInIndex = 0; path = MNGA.app; sourceTree = BUILT_PRODUCTS_DIR; };
		B4C024D226884FD700E53554 /* Info.plist */ = {isa = PBXFileReference; lastKnownFileType = text.plist.xml; path = Info.plist; sourceTree = "<group>"; };
		B4C024D326884FD700E53554 /* macOS.entitlements */ = {isa = PBXFileReference; lastKnownFileType = text.plist.entitlements; path = macOS.entitlements; sourceTree = "<group>"; };
		B4C024E2268850AA00E53554 /* LogicCall.swift */ = {isa = PBXFileReference; fileEncoding = 4; lastKnownFileType = sourcecode.swift; path = LogicCall.swift; sourceTree = "<group>"; };
		B4C024F12688510C00E53554 /* liblogicios.a */ = {isa = PBXFileReference; lastKnownFileType = archive.ar; name = liblogicios.a; path = ../out/libs/liblogicios.a; sourceTree = "<group>"; };
		B4C024F32688511E00E53554 /* liblogicmacos.a */ = {isa = PBXFileReference; lastKnownFileType = archive.ar; name = liblogicmacos.a; path = ../out/libs/liblogicmacos.a; sourceTree = "<group>"; };
		B4D13B9B27020A8C009506A2 /* TopicPostRowView.swift */ = {isa = PBXFileReference; lastKnownFileType = sourcecode.swift; path = TopicPostRowView.swift; sourceTree = "<group>"; };
		B4DBF607268976470027233F /* DateFormatters.swift */ = {isa = PBXFileReference; lastKnownFileType = sourcecode.swift; path = DateFormatters.swift; sourceTree = "<group>"; };
		B4DBF60B2689799F0027233F /* PostRowView.swift */ = {isa = PBXFileReference; lastKnownFileType = sourcecode.swift; path = PostRowView.swift; sourceTree = "<group>"; };
		B4DBF60E268979C20027233F /* TopicDetailsView.swift */ = {isa = PBXFileReference; lastKnownFileType = sourcecode.swift; path = TopicDetailsView.swift; sourceTree = "<group>"; };
		B4DBF611268979F70027233F /* TopicListView.swift */ = {isa = PBXFileReference; lastKnownFileType = sourcecode.swift; path = TopicListView.swift; sourceTree = "<group>"; };
		B4DBF61426897A170027233F /* TopicRowView.swift */ = {isa = PBXFileReference; lastKnownFileType = sourcecode.swift; path = TopicRowView.swift; sourceTree = "<group>"; };
		B4DBF61726897C520027233F /* Misc.swift */ = {isa = PBXFileReference; lastKnownFileType = sourcecode.swift; path = Misc.swift; sourceTree = "<group>"; };
		B4DBF61A268A20A90027233F /* PostContentView.swift */ = {isa = PBXFileReference; lastKnownFileType = sourcecode.swift; path = PostContentView.swift; sourceTree = "<group>"; };
		B4DBF61D268B8CD80027233F /* ForumListView.swift */ = {isa = PBXFileReference; lastKnownFileType = sourcecode.swift; path = ForumListView.swift; sourceTree = "<group>"; };
		B4DCF43826885DD700EC78A4 /* DataModel.pb.swift */ = {isa = PBXFileReference; fileEncoding = 4; lastKnownFileType = sourcecode.swift; path = DataModel.pb.swift; sourceTree = "<group>"; };
		B4DCF43926885DD700EC78A4 /* Service.pb.swift */ = {isa = PBXFileReference; fileEncoding = 4; lastKnownFileType = sourcecode.swift; path = Service.pb.swift; sourceTree = "<group>"; };
		B4DCF4472688D5A500EC78A4 /* PagingDataSource.swift */ = {isa = PBXFileReference; lastKnownFileType = sourcecode.swift; path = PagingDataSource.swift; sourceTree = "<group>"; };
		B4DCF44A2688E5CA00EC78A4 /* View+FirstAppear.swift */ = {isa = PBXFileReference; lastKnownFileType = sourcecode.swift; path = "View+FirstAppear.swift"; sourceTree = "<group>"; };
		B4DCF4522688F68400EC78A4 /* zh-Hans */ = {isa = PBXFileReference; lastKnownFileType = text.plist.strings; name = "zh-Hans"; path = "zh-Hans.lproj/Localizable.strings"; sourceTree = "<group>"; };
		B4DD2BDC26A490960030ADD8 /* BlockedView.swift */ = {isa = PBXFileReference; lastKnownFileType = sourcecode.swift; path = BlockedView.swift; sourceTree = "<group>"; };
		B4DDFD9B26B1B602004FFB17 /* CacheView.swift */ = {isa = PBXFileReference; lastKnownFileType = sourcecode.swift; path = CacheView.swift; sourceTree = "<group>"; };
		B4DF95A726CAC20D0081ECBB /* Snapshot.swift */ = {isa = PBXFileReference; lastKnownFileType = sourcecode.swift; path = Snapshot.swift; sourceTree = "<group>"; };
		B4DF95AA26CADD830081ECBB /* View+RedactedIf.swift */ = {isa = PBXFileReference; lastKnownFileType = sourcecode.swift; path = "View+RedactedIf.swift"; sourceTree = "<group>"; };
		B4DF95AD26CADF5D0081ECBB /* ForumIconView.swift */ = {isa = PBXFileReference; lastKnownFileType = sourcecode.swift; path = ForumIconView.swift; sourceTree = "<group>"; };
		B4E10719268DADFF006C1742 /* LoginView.swift */ = {isa = PBXFileReference; lastKnownFileType = sourcecode.swift; path = LoginView.swift; sourceTree = "<group>"; };
		B4E1071C268DC4D1006C1742 /* AuthStorage.swift */ = {isa = PBXFileReference; lastKnownFileType = sourcecode.swift; path = AuthStorage.swift; sourceTree = "<group>"; };
		B4E1071F268DD215006C1742 /* AuthedPreview.swift */ = {isa = PBXFileReference; lastKnownFileType = sourcecode.swift; path = AuthedPreview.swift; sourceTree = "<group>"; };
		B4E10722268DD2A4006C1742 /* AuthInfoDebug.swift */ = {isa = PBXFileReference; lastKnownFileType = sourcecode.swift; path = AuthInfoDebug.swift; sourceTree = "<group>"; };
		B4E2BDCE2691B0030080C790 /* InitConf.swift */ = {isa = PBXFileReference; lastKnownFileType = sourcecode.swift; path = InitConf.swift; sourceTree = "<group>"; };
		B4E2BDD126922A5E0080C790 /* TopicHistoryListView.swift */ = {isa = PBXFileReference; lastKnownFileType = sourcecode.swift; path = TopicHistoryListView.swift; sourceTree = "<group>"; };
		B4EB80E5269B13830014DDFA /* ImageOverlay.swift */ = {isa = PBXFileReference; lastKnownFileType = sourcecode.swift; path = ImageOverlay.swift; sourceTree = "<group>"; };
		B4EB80E8269B13B60014DDFA /* ImageOverlay.swift */ = {isa = PBXFileReference; lastKnownFileType = sourcecode.swift; path = ImageOverlay.swift; sourceTree = "<group>"; };
		B4EB80EB269B1B4F0014DDFA /* MNGA.entitlements */ = {isa = PBXFileReference; lastKnownFileType = text.plist.entitlements; path = MNGA.entitlements; sourceTree = "<group>"; };
		B4EB80EC269B1B740014DDFA /* liblogiccatalyst.a */ = {isa = PBXFileReference; lastKnownFileType = archive.ar; name = liblogiccatalyst.a; path = ../out/libs/liblogiccatalyst.a; sourceTree = "<group>"; };
		B4EB80EE269B2C090014DDFA /* ContentCombiner.swift */ = {isa = PBXFileReference; lastKnownFileType = sourcecode.swift; path = ContentCombiner.swift; sourceTree = "<group>"; };
		B4F2408326A30A8500D620B0 /* NotificationListView.swift */ = {isa = PBXFileReference; lastKnownFileType = sourcecode.swift; path = NotificationListView.swift; sourceTree = "<group>"; };
		B4F2408626A30C4900D620B0 /* NotificationRowView.swift */ = {isa = PBXFileReference; lastKnownFileType = sourcecode.swift; path = NotificationRowView.swift; sourceTree = "<group>"; };
		B4F9F98C26F0CCA700D5ED1E /* PresendAttachmentsModel.swift */ = {isa = PBXFileReference; lastKnownFileType = sourcecode.swift; path = PresendAttachmentsModel.swift; sourceTree = "<group>"; };
		B4FBED7E26A6D70F006390A3 /* PreferencesView.swift */ = {isa = PBXFileReference; lastKnownFileType = sourcecode.swift; path = PreferencesView.swift; sourceTree = "<group>"; };
		B4FBED8126A7163E006390A3 /* PreferencesStorage.swift */ = {isa = PBXFileReference; lastKnownFileType = sourcecode.swift; path = PreferencesStorage.swift; sourceTree = "<group>"; };
/* End PBXFileReference section */

/* Begin PBXFrameworksBuildPhase section */
		B4C024C526884FD700E53554 /* Frameworks */ = {
			isa = PBXFrameworksBuildPhase;
			buildActionMask = 2147483647;
			files = (
				B412F707268DFC4600EB0614 /* Logging in Frameworks */,
				B43DED5F269EFA5A009C52F5 /* AlertToast in Frameworks */,
				B4EB80ED269B1B800014DDFA /* liblogiccatalyst.a in Frameworks */,
				B409252626D29F6C00BCB666 /* BetterSafariView in Frameworks */,
				B45819C7268D9B5600999830 /* SDWebImageSwiftUI in Frameworks */,
				B4C024F22688511400E53554 /* liblogicios.a in Frameworks */,
				B4C024ED268850E800E53554 /* SwiftProtobuf in Frameworks */,
				B4D7774F26FCC7F800594905 /* FirebaseAnalyticsWithoutAdIdSupport in Frameworks */,
				B4E10716268DADEE006C1742 /* WebView in Frameworks */,
				B437B279269B09DC0092FF9E /* SwiftUIRefresh in Frameworks */,
				B45819CC268DA17D00999830 /* SwiftUIX in Frameworks */,
				B4920CE32690E65600762FC9 /* HalfASheet in Frameworks */,
			);
			runOnlyForDeploymentPostprocessing = 0;
		};
		B4C024CD26884FD700E53554 /* Frameworks */ = {
			isa = PBXFrameworksBuildPhase;
			buildActionMask = 2147483647;
			files = (
				B412F709268DFC4F00EB0614 /* Logging in Frameworks */,
				B409CE6B269F3A6E00F617EC /* AlertToast in Frameworks */,
				B45819C9268D9B6300999830 /* SDWebImageSwiftUI in Frameworks */,
				B4C024F42688512600E53554 /* liblogicmacos.a in Frameworks */,
				B4C024F0268850F300E53554 /* SwiftProtobuf in Frameworks */,
				B4E10718268DADF5006C1742 /* WebView in Frameworks */,
				B45819CE268DA18600999830 /* SwiftUIX in Frameworks */,
			);
			runOnlyForDeploymentPostprocessing = 0;
		};
/* End PBXFrameworksBuildPhase section */

/* Begin PBXGroup section */
		B437B27A269B0DE10092FF9E /* Modifiers */ = {
			isa = PBXGroup;
			children = (
				B437B27B269B0E190092FF9E /* ToolbarModifier.swift */,
				B409CE6C26A0920C00F617EC /* ToastModifier.swift */,
			);
			path = Modifiers;
			sourceTree = "<group>";
		};
		B45819C1268D820400999830 /* Storage */ = {
			isa = PBXGroup;
			children = (
				B4E1071C268DC4D1006C1742 /* AuthStorage.swift */,
				B45819C2268D822800999830 /* FavoriteForumsStorage.swift */,
				B4715CCA26A480B60049D136 /* BlockWordsStorage.swift */,
				B4FBED8126A7163E006390A3 /* PreferencesStorage.swift */,
			);
			path = Storage;
			sourceTree = "<group>";
		};
		B48B0C4B2694D4E50067794F /* Models */ = {
			isa = PBXGroup;
			children = (
				B44463A126A1ED2A006FA44D /* ActivityModel.swift */,
				B475FD9D26D2B1B300109CEA /* AttachmentsModel.swift */,
				B409252726D29FD900BCB666 /* OpenURLModel.swift */,
				B4DCF4472688D5A500EC78A4 /* PagingDataSource.swift */,
				B444638A26A1981E006FA44D /* PostReplyModel.swift */,
				B4F9F98C26F0CCA700D5ED1E /* PresendAttachmentsModel.swift */,
				B43DED4B269C7C8B009C52F5 /* SearchModel.swift */,
				B43DED60269EFAF4009C52F5 /* ToastModel.swift */,
				B402308726EBBC5C0077D3AA /* TopicDetailsActionModel.swift */,
				B4B3545E26C91DA00052FE80 /* UsersModel.swift */,
				B48B0C4C2694D4FF0067794F /* ViewingImageModel.swift */,
				B43DED51269C9216009C52F5 /* VotesModel.swift */,
			);
			path = Models;
			sourceTree = "<group>";
		};
		B4C024BB26884FD600E53554 = {
			isa = PBXGroup;
			children = (
				B4BDFAF226FC4F0D00318240 /* GoogleService-Info.plist */,
				B4EB80EB269B1B4F0014DDFA /* MNGA.entitlements */,
				B4C024C026884FD600E53554 /* Shared */,
				B4C024CA26884FD700E53554 /* iOS */,
				B4C024D126884FD700E53554 /* macOS */,
				B4C024C926884FD700E53554 /* Products */,
				B4C024EE268850F300E53554 /* Frameworks */,
			);
			sourceTree = "<group>";
		};
		B4C024C026884FD600E53554 /* Shared */ = {
			isa = PBXGroup;
			children = (
				B4C024C326884FD700E53554 /* Assets.xcassets */,
				B4C024C226884FD600E53554 /* ContentView.swift */,
				B4DCF4552688F88400EC78A4 /* Localization */,
				B4C024E2268850AA00E53554 /* LogicCall.swift */,
				B48B0C4B2694D4E50067794F /* Models */,
				B437B27A269B0DE10092FF9E /* Modifiers */,
				B4DCF43726885DD700EC78A4 /* Protos */,
				B45819C1268D820400999830 /* Storage */,
				B4DBF6062689762E0027233F /* Utilities */,
				B4DCF43E2688C38800EC78A4 /* Views */,
			);
			path = Shared;
			sourceTree = "<group>";
		};
		B4C024C926884FD700E53554 /* Products */ = {
			isa = PBXGroup;
			children = (
				B4C024C826884FD700E53554 /* MNGA.app */,
				B4C024D026884FD700E53554 /* MNGA.app */,
			);
			name = Products;
			sourceTree = "<group>";
		};
		B4C024CA26884FD700E53554 /* iOS */ = {
			isa = PBXGroup;
			children = (
				B4EB80E4269B13780014DDFA /* Views */,
				B4C024CB26884FD700E53554 /* Info.plist */,
				375E6730A9F56C0953D5C7DA /* iOSNGAApp.swift */,
			);
			path = iOS;
			sourceTree = "<group>";
		};
		B4C024D126884FD700E53554 /* macOS */ = {
			isa = PBXGroup;
			children = (
				B4EB80E7269B13A80014DDFA /* Views */,
				B4C024D226884FD700E53554 /* Info.plist */,
				B4C024D326884FD700E53554 /* macOS.entitlements */,
				375E6F6186F4BE7808B20F34 /* macOSNGAApp.swift */,
			);
			path = macOS;
			sourceTree = "<group>";
		};
		B4C024EE268850F300E53554 /* Frameworks */ = {
			isa = PBXGroup;
			children = (
				B4EB80EC269B1B740014DDFA /* liblogiccatalyst.a */,
				B4C024F32688511E00E53554 /* liblogicmacos.a */,
				B4C024F12688510C00E53554 /* liblogicios.a */,
				B43DEDAB269F0951009C52F5 /* WidgetKit.framework */,
				B43DEDAD269F0951009C52F5 /* SwiftUI.framework */,
			);
			name = Frameworks;
			sourceTree = "<group>";
		};
		B4DBF6062689762E0027233F /* Utilities */ = {
			isa = PBXGroup;
			children = (
				B4E1071F268DD215006C1742 /* AuthedPreview.swift */,
				B4E10722268DD2A4006C1742 /* AuthInfoDebug.swift */,
				B43DED48269C5F78009C52F5 /* Constants.swift */,
				B4EB80EE269B2C090014DDFA /* ContentCombiner.swift */,
				B4DBF607268976470027233F /* DateFormatters.swift */,
				B43DED63269F02CF009C52F5 /* HapticUtils.swift */,
				B4E2BDCE2691B0030080C790 /* InitConf.swift */,
				B45819BB268D7D7200999830 /* Message+RawRepresentable.swift */,
				B4DBF61726897C520027233F /* Misc.swift */,
				B4920CDB269083BD00762FC9 /* OpenSourceStickers.swift */,
				B444639226A1B745006FA44D /* OptionalBinding.swift */,
				B4DF95A726CAC20D0081ECBB /* Snapshot.swift */,
				B444639526A1C54A006FA44D /* Stickers.swift */,
				B4DCF44A2688E5CA00EC78A4 /* View+FirstAppear.swift */,
				B4DF95AA26CADD830081ECBB /* View+RedactedIf.swift */,
			);
			path = Utilities;
			sourceTree = "<group>";
		};
		B4DCF43726885DD700EC78A4 /* Protos */ = {
			isa = PBXGroup;
			children = (
				B4DCF43826885DD700EC78A4 /* DataModel.pb.swift */,
				B4DCF43926885DD700EC78A4 /* Service.pb.swift */,
				B4920CD826904CE700762FC9 /* Extensions.swift */,
			);
			path = Protos;
			sourceTree = "<group>";
		};
		B4DCF43E2688C38800EC78A4 /* Views */ = {
			isa = PBXGroup;
			children = (
				B447BC0F26F7033200BCC2E8 /* AboutView.swift */,
				B4DD2BDC26A490960030ADD8 /* BlockedView.swift */,
				B4715CCD26A481FF0049D136 /* BlockWordListView.swift */,
				B4DDFD9B26B1B602004FFB17 /* CacheView.swift */,
				B43DED54269DE1E4009C52F5 /* CollapsedContentView.swift */,
				B409251B26D299E600BCB666 /* ContentButtonView.swift */,
				B444639B26A1CC9F006FA44D /* ContentEditorView.swift */,
				B409252126D29D2100BCB666 /* ContentImageView.swift */,
				B4855B5826D6B61100BC2680 /* ContentTextEditorView.swift */,
				B43DED45269C29BB009C52F5 /* DateTimeTextView.swift */,
				B43DED57269ED5EB009C52F5 /* FavoriteTopicListView.swift */,
				B4DF95AD26CADF5D0081ECBB /* ForumIconView.swift */,
				B4DBF61D268B8CD80027233F /* ForumListView.swift */,
				B48B0C4526932CC70067794F /* ForumRowView.swift */,
				B43DED4E269C7D0B009C52F5 /* ForumSearchView.swift */,
				B46AD3F52692FBF40072DAC0 /* HotTopicListView.swift */,
				B454F37726B1C2A4009C6B27 /* LoadingRowView.swift */,
				B4E10719268DADFF006C1742 /* LoginView.swift */,
				B4F2408326A30A8500D620B0 /* NotificationListView.swift */,
				B4F2408626A30C4900D620B0 /* NotificationRowView.swift */,
				B4715CD026A48A930049D136 /* PlaceholderView.swift */,
				B4715CC126A40DF40049D136 /* PostCommentRowView.swift */,
				B4DBF61A268A20A90027233F /* PostContentView.swift */,
				B45A9E8A26A171720088F04D /* PostEditorView.swift */,
				B498FEFB26EC8735008C577B /* PostReplyChainView.swift */,
				B4715CC726A41F000049D136 /* PostRowUserView.swift */,
				B4DBF60B2689799F0027233F /* PostRowView.swift */,
				B4FBED7E26A6D70F006390A3 /* PreferencesView.swift */,
				B498FEF826EC7938008C577B /* QuoteUserView.swift */,
				B4715CC426A413E00049D136 /* QuoteView.swift */,
				B444639E26A1D745006FA44D /* StickerImageView.swift */,
				B444639826A1C5F9006FA44D /* StickerInputView.swift */,
				B4920CDE2690A98200762FC9 /* SubforumListView.swift */,
				B4DBF60E268979C20027233F /* TopicDetailsView.swift */,
				B4E2BDD126922A5E0080C790 /* TopicHistoryListView.swift */,
				B48709C4269AEA9F00E88E5A /* TopicListPlaceholderView.swift */,
				B4DBF611268979F70027233F /* TopicListView.swift */,
				B4D13B9B27020A8C009506A2 /* TopicPostRowView.swift */,
				B4DBF61426897A170027233F /* TopicRowView.swift */,
				B4920CD52690465100762FC9 /* TopicSubjectView.swift */,
				B43DED5A269EDFDA009C52F5 /* UserMenuView.swift */,
				B402308126EBB72C0077D3AA /* UserProfileView.swift */,
				B402308426EBBA7A0077D3AA /* UserView.swift */,
			);
			path = Views;
			sourceTree = "<group>";
		};
		B4DCF4552688F88400EC78A4 /* Localization */ = {
			isa = PBXGroup;
			children = (
				B4DCF4532688F68400EC78A4 /* Localizable.strings */,
			);
			path = Localization;
			sourceTree = "<group>";
		};
		B4EB80E4269B13780014DDFA /* Views */ = {
			isa = PBXGroup;
			children = (
				B4EB80E5269B13830014DDFA /* ImageOverlay.swift */,
				B409251926D2810F00BCB666 /* ImageViewer.swift */,
			);
			path = Views;
			sourceTree = "<group>";
		};
		B4EB80E7269B13A80014DDFA /* Views */ = {
			isa = PBXGroup;
			children = (
				B4EB80E8269B13B60014DDFA /* ImageOverlay.swift */,
			);
			path = Views;
			sourceTree = "<group>";
		};
/* End PBXGroup section */

/* Begin PBXNativeTarget section */
		B4C024C726884FD700E53554 /* MNGA (iOS) */ = {
			isa = PBXNativeTarget;
			buildConfigurationList = B4C024DC26884FD700E53554 /* Build configuration list for PBXNativeTarget "MNGA (iOS)" */;
			buildPhases = (
				B4C024C426884FD700E53554 /* Sources */,
				B4C024C526884FD700E53554 /* Frameworks */,
				B4C024C626884FD700E53554 /* Resources */,
				B43DEDBC269F0952009C52F5 /* Embed App Extensions */,
			);
			buildRules = (
			);
			dependencies = (
			);
			name = "MNGA (iOS)";
			packageProductDependencies = (
				B4C024EC268850E800E53554 /* SwiftProtobuf */,
				B45819C6268D9B5600999830 /* SDWebImageSwiftUI */,
				B45819CB268DA17D00999830 /* SwiftUIX */,
				B4E10715268DADEE006C1742 /* WebView */,
				B412F706268DFC4600EB0614 /* Logging */,
				B4920CE22690E65600762FC9 /* HalfASheet */,
				B437B278269B09DC0092FF9E /* SwiftUIRefresh */,
				B43DED5E269EFA5A009C52F5 /* AlertToast */,
				B409252526D29F6C00BCB666 /* BetterSafariView */,
				B4D7774E26FCC7F800594905 /* FirebaseAnalyticsWithoutAdIdSupport */,
			);
			productName = "NGA (iOS)";
			productReference = B4C024C826884FD700E53554 /* MNGA.app */;
			productType = "com.apple.product-type.application";
		};
		B4C024CF26884FD700E53554 /* MNGA (macOS) */ = {
			isa = PBXNativeTarget;
			buildConfigurationList = B4C024DF26884FD700E53554 /* Build configuration list for PBXNativeTarget "MNGA (macOS)" */;
			buildPhases = (
				B4C024CC26884FD700E53554 /* Sources */,
				B4C024CD26884FD700E53554 /* Frameworks */,
				B4C024CE26884FD700E53554 /* Resources */,
			);
			buildRules = (
			);
			dependencies = (
			);
			name = "MNGA (macOS)";
			packageProductDependencies = (
				B4C024EF268850F300E53554 /* SwiftProtobuf */,
				B45819C8268D9B6300999830 /* SDWebImageSwiftUI */,
				B45819CD268DA18600999830 /* SwiftUIX */,
				B4E10717268DADF5006C1742 /* WebView */,
				B412F708268DFC4F00EB0614 /* Logging */,
				B409CE6A269F3A6E00F617EC /* AlertToast */,
			);
			productName = "NGA (macOS)";
			productReference = B4C024D026884FD700E53554 /* MNGA.app */;
			productType = "com.apple.product-type.application";
		};
/* End PBXNativeTarget section */

/* Begin PBXProject section */
		B4C024BC26884FD600E53554 /* Project object */ = {
			isa = PBXProject;
			attributes = {
				LastSwiftUpdateCheck = 1300;
				LastUpgradeCheck = 1300;
				TargetAttributes = {
					B4C024C726884FD700E53554 = {
						CreatedOnToolsVersion = 12.5;
					};
					B4C024CF26884FD700E53554 = {
						CreatedOnToolsVersion = 12.5;
					};
				};
			};
			buildConfigurationList = B4C024BF26884FD600E53554 /* Build configuration list for PBXProject "MNGA" */;
			compatibilityVersion = "Xcode 9.3";
			developmentRegion = en;
			hasScannedForEncodings = 0;
			knownRegions = (
				en,
				Base,
				"zh-Hans",
			);
			mainGroup = B4C024BB26884FD600E53554;
			packageReferences = (
				B4C024EB268850E800E53554 /* XCRemoteSwiftPackageReference "swift-protobuf" */,
				B45819C5268D9B5600999830 /* XCRemoteSwiftPackageReference "SDWebImageSwiftUI" */,
				B45819CA268DA17D00999830 /* XCRemoteSwiftPackageReference "SwiftUIX" */,
				B4E10714268DADEE006C1742 /* XCRemoteSwiftPackageReference "SwiftUI-WebView" */,
				B412F705268DFC4600EB0614 /* XCRemoteSwiftPackageReference "swift-log" */,
				B4920CD22690224F00762FC9 /* XCRemoteSwiftPackageReference "SwiftUIRefresh" */,
				B4920CE12690E65600762FC9 /* XCRemoteSwiftPackageReference "HalfASheet" */,
				B43DED5D269EFA5A009C52F5 /* XCRemoteSwiftPackageReference "AlertToast" */,
				B409252426D29F6C00BCB666 /* XCRemoteSwiftPackageReference "BetterSafariView" */,
				B4D7774D26FCC7F800594905 /* XCRemoteSwiftPackageReference "firebase-ios-sdk" */,
			);
			productRefGroup = B4C024C926884FD700E53554 /* Products */;
			projectDirPath = "";
			projectRoot = "";
			targets = (
				B4C024C726884FD700E53554 /* MNGA (iOS) */,
				B4C024CF26884FD700E53554 /* MNGA (macOS) */,
			);
		};
/* End PBXProject section */

/* Begin PBXResourcesBuildPhase section */
		B4C024C626884FD700E53554 /* Resources */ = {
			isa = PBXResourcesBuildPhase;
			buildActionMask = 2147483647;
			files = (
				B4C024D826884FD700E53554 /* Assets.xcassets in Resources */,
				B4DCF4502688F68400EC78A4 /* Localizable.strings in Resources */,
				B4BDFAF326FC4F0D00318240 /* GoogleService-Info.plist in Resources */,
			);
			runOnlyForDeploymentPostprocessing = 0;
		};
		B4C024CE26884FD700E53554 /* Resources */ = {
			isa = PBXResourcesBuildPhase;
			buildActionMask = 2147483647;
			files = (
				B4C024D926884FD700E53554 /* Assets.xcassets in Resources */,
				B4DCF4512688F68400EC78A4 /* Localizable.strings in Resources */,
				B4BDFAF426FC4F0D00318240 /* GoogleService-Info.plist in Resources */,
			);
			runOnlyForDeploymentPostprocessing = 0;
		};
/* End PBXResourcesBuildPhase section */

/* Begin PBXSourcesBuildPhase section */
		B4C024C426884FD700E53554 /* Sources */ = {
			isa = PBXSourcesBuildPhase;
			buildActionMask = 2147483647;
			files = (
				B4920CD926904CE700762FC9 /* Extensions.swift in Sources */,
				B444639926A1C5F9006FA44D /* StickerInputView.swift in Sources */,
				B437B27C269B0E190092FF9E /* ToolbarModifier.swift in Sources */,
				B43DED64269F02CF009C52F5 /* HapticUtils.swift in Sources */,
				B43DED5B269EDFDA009C52F5 /* UserMenuView.swift in Sources */,
				B48B0C4D2694D4FF0067794F /* ViewingImageModel.swift in Sources */,
				B498FEF926EC7938008C577B /* QuoteUserView.swift in Sources */,
				B444639626A1C54A006FA44D /* Stickers.swift in Sources */,
				B4E2BDCF2691B0030080C790 /* InitConf.swift in Sources */,
				B4DBF60F268979C20027233F /* TopicDetailsView.swift in Sources */,
				B4715CCE26A481FF0049D136 /* BlockWordListView.swift in Sources */,
				B4DCF43A26885DD700EC78A4 /* DataModel.pb.swift in Sources */,
				B4DF95AB26CADD830081ECBB /* View+RedactedIf.swift in Sources */,
				B4E2BDD226922A5E0080C790 /* TopicHistoryListView.swift in Sources */,
				B4DF95AE26CADF5D0081ECBB /* ForumIconView.swift in Sources */,
				B43DED46269C29BB009C52F5 /* DateTimeTextView.swift in Sources */,
				B4DDFD9C26B1B602004FFB17 /* CacheView.swift in Sources */,
				B4DBF60C2689799F0027233F /* PostRowView.swift in Sources */,
				B409252226D29D2100BCB666 /* ContentImageView.swift in Sources */,
				B475FD9E26D2B1B300109CEA /* AttachmentsModel.swift in Sources */,
				B454F37826B1C2A4009C6B27 /* LoadingRowView.swift in Sources */,
				B4DBF612268979F70027233F /* TopicListView.swift in Sources */,
				B43DED55269DE1E4009C52F5 /* CollapsedContentView.swift in Sources */,
				B444639C26A1CC9F006FA44D /* ContentEditorView.swift in Sources */,
				B4C024E5268850AA00E53554 /* LogicCall.swift in Sources */,
				B4DF95A826CAC20D0081ECBB /* Snapshot.swift in Sources */,
				B43DED58269ED5EB009C52F5 /* FavoriteTopicListView.swift in Sources */,
				B43DED4C269C7C8B009C52F5 /* SearchModel.swift in Sources */,
				B44463A226A1ED2A006FA44D /* ActivityModel.swift in Sources */,
				B4715CC826A41F000049D136 /* PostRowUserView.swift in Sources */,
				B498FEFC26EC8735008C577B /* PostReplyChainView.swift in Sources */,
				B444639F26A1D745006FA44D /* StickerImageView.swift in Sources */,
				B402308226EBB72C0077D3AA /* UserProfileView.swift in Sources */,
				B4EB80EF269B2C090014DDFA /* ContentCombiner.swift in Sources */,
				B4FBED7F26A6D70F006390A3 /* PreferencesView.swift in Sources */,
				B4F2408426A30A8500D620B0 /* NotificationListView.swift in Sources */,
				B444638B26A1981E006FA44D /* PostReplyModel.swift in Sources */,
				B409251A26D2810F00BCB666 /* ImageViewer.swift in Sources */,
				B4920CDC269083BD00762FC9 /* OpenSourceStickers.swift in Sources */,
				B46AD3F62692FBF40072DAC0 /* HotTopicListView.swift in Sources */,
				B4DBF61B268A20A90027233F /* PostContentView.swift in Sources */,
				B4DBF61826897C520027233F /* Misc.swift in Sources */,
				B4E10720268DD215006C1742 /* AuthedPreview.swift in Sources */,
				B4F2408726A30C4900D620B0 /* NotificationRowView.swift in Sources */,
				B4920CDF2690A98200762FC9 /* SubforumListView.swift in Sources */,
				B4F9F98D26F0CCA700D5ED1E /* PresendAttachmentsModel.swift in Sources */,
				B4DD2BDD26A490960030ADD8 /* BlockedView.swift in Sources */,
				B45819BC268D7D7200999830 /* Message+RawRepresentable.swift in Sources */,
				B409251C26D299E600BCB666 /* ContentButtonView.swift in Sources */,
				B447BC1026F7033200BCC2E8 /* AboutView.swift in Sources */,
				B4920CD62690465100762FC9 /* TopicSubjectView.swift in Sources */,
				B402308526EBBA7A0077D3AA /* UserView.swift in Sources */,
				B48709C5269AEA9F00E88E5A /* TopicListPlaceholderView.swift in Sources */,
				B43DED52269C9216009C52F5 /* VotesModel.swift in Sources */,
				B4B3545F26C91DA00052FE80 /* UsersModel.swift in Sources */,
				B4715CD126A48A930049D136 /* PlaceholderView.swift in Sources */,
				B4DCF43C26885DD700EC78A4 /* Service.pb.swift in Sources */,
				B4855B5926D6B61100BC2680 /* ContentTextEditorView.swift in Sources */,
				B4E10723268DD2A4006C1742 /* AuthInfoDebug.swift in Sources */,
				B409CE6D26A0920C00F617EC /* ToastModifier.swift in Sources */,
				B43DED61269EFAF4009C52F5 /* ToastModel.swift in Sources */,
				B45819C3268D822800999830 /* FavoriteForumsStorage.swift in Sources */,
				B48B0C4626932CC70067794F /* ForumRowView.swift in Sources */,
				B444639326A1B745006FA44D /* OptionalBinding.swift in Sources */,
				B4DBF61E268B8CD80027233F /* ForumListView.swift in Sources */,
				B4DCF44B2688E5CA00EC78A4 /* View+FirstAppear.swift in Sources */,
				B4E1071A268DADFF006C1742 /* LoginView.swift in Sources */,
				B4C024D626884FD700E53554 /* ContentView.swift in Sources */,
				B4E1071D268DC4D1006C1742 /* AuthStorage.swift in Sources */,
				B45A9E8B26A171720088F04D /* PostEditorView.swift in Sources */,
				B4DBF61526897A170027233F /* TopicRowView.swift in Sources */,
				B4FBED8226A7163E006390A3 /* PreferencesStorage.swift in Sources */,
				B43DED4F269C7D0B009C52F5 /* ForumSearchView.swift in Sources */,
				B4D13B9C27020A8C009506A2 /* TopicPostRowView.swift in Sources */,
				B4715CC526A413E00049D136 /* QuoteView.swift in Sources */,
				B4715CCB26A480B60049D136 /* BlockWordsStorage.swift in Sources */,
				B4EB80E6269B13830014DDFA /* ImageOverlay.swift in Sources */,
				B4DCF4482688D5A500EC78A4 /* PagingDataSource.swift in Sources */,
				B4DBF608268976470027233F /* DateFormatters.swift in Sources */,
				375E675E5D65ECFBF0231735 /* iOSNGAApp.swift in Sources */,
				B402308826EBBC5C0077D3AA /* TopicDetailsActionModel.swift in Sources */,
				B4715CC226A40DF40049D136 /* PostCommentRowView.swift in Sources */,
				B43DED49269C5F78009C52F5 /* Constants.swift in Sources */,
				B409252826D29FD900BCB666 /* OpenURLModel.swift in Sources */,
			);
			runOnlyForDeploymentPostprocessing = 0;
		};
		B4C024CC26884FD700E53554 /* Sources */ = {
			isa = PBXSourcesBuildPhase;
			buildActionMask = 2147483647;
			files = (
				B4920CDA26904CE700762FC9 /* Extensions.swift in Sources */,
				B444639726A1C54A006FA44D /* Stickers.swift in Sources */,
				B4EB80E3269B0F290014DDFA /* ToolbarModifier.swift in Sources */,
				B402308626EBBA7A0077D3AA /* UserView.swift in Sources */,
				B45A9E8C26A171720088F04D /* PostEditorView.swift in Sources */,
				B4855B5A26D6B61100BC2680 /* ContentTextEditorView.swift in Sources */,
				B4F9F98E26F0CCA700D5ED1E /* PresendAttachmentsModel.swift in Sources */,
				B498FEFA26EC7938008C577B /* QuoteUserView.swift in Sources */,
				B498FEFD26EC8735008C577B /* PostReplyChainView.swift in Sources */,
				B4F2408526A30A8500D620B0 /* NotificationListView.swift in Sources */,
				B4715CCC26A480B60049D136 /* BlockWordsStorage.swift in Sources */,
				B444639426A1B745006FA44D /* OptionalBinding.swift in Sources */,
				B4715CCF26A481FF0049D136 /* BlockWordListView.swift in Sources */,
				B43DED5C269EDFDA009C52F5 /* UserMenuView.swift in Sources */,
				B48B0C4E2694D4FF0067794F /* ViewingImageModel.swift in Sources */,
				B409CE6E26A0920C00F617EC /* ToastModifier.swift in Sources */,
				B402308926EBBC5C0077D3AA /* TopicDetailsActionModel.swift in Sources */,
				B4E2BDD02691B0030080C790 /* InitConf.swift in Sources */,
				B4DBF610268979C20027233F /* TopicDetailsView.swift in Sources */,
				B409252926D29FD900BCB666 /* OpenURLModel.swift in Sources */,
				B4DF95A926CAC20D0081ECBB /* Snapshot.swift in Sources */,
				B4715CC626A413E00049D136 /* QuoteView.swift in Sources */,
				B4DD2BDE26A490960030ADD8 /* BlockedView.swift in Sources */,
				B4DCF43B26885DD700EC78A4 /* DataModel.pb.swift in Sources */,
				B4F2408826A30C4900D620B0 /* NotificationRowView.swift in Sources */,
				B4E2BDD326922A5E0080C790 /* TopicHistoryListView.swift in Sources */,
				B43DED47269C29BB009C52F5 /* DateTimeTextView.swift in Sources */,
				B4DBF60D2689799F0027233F /* PostRowView.swift in Sources */,
				B4DBF613268979F70027233F /* TopicListView.swift in Sources */,
				B43DED56269DE1E4009C52F5 /* CollapsedContentView.swift in Sources */,
				B4C024E6268850AA00E53554 /* LogicCall.swift in Sources */,
				B43DED59269ED5EB009C52F5 /* FavoriteTopicListView.swift in Sources */,
				B43DED4D269C7C8B009C52F5 /* SearchModel.swift in Sources */,
				B409252326D29D2100BCB666 /* ContentImageView.swift in Sources */,
				B4DDFD9D26B1B602004FFB17 /* CacheView.swift in Sources */,
				B4B3546026C91DA00052FE80 /* UsersModel.swift in Sources */,
				B4EB80F0269B2C090014DDFA /* ContentCombiner.swift in Sources */,
				B475FD9F26D2B1B300109CEA /* AttachmentsModel.swift in Sources */,
				B444639D26A1CC9F006FA44D /* ContentEditorView.swift in Sources */,
				B409251D26D299E600BCB666 /* ContentButtonView.swift in Sources */,
				B4920CDD269083BD00762FC9 /* OpenSourceStickers.swift in Sources */,
				B46AD3F72692FBF50072DAC0 /* HotTopicListView.swift in Sources */,
				B4FBED8026A6D70F006390A3 /* PreferencesView.swift in Sources */,
				B4715CC926A41F000049D136 /* PostRowUserView.swift in Sources */,
				B4DBF61C268A20A90027233F /* PostContentView.swift in Sources */,
				B402308326EBB72C0077D3AA /* UserProfileView.swift in Sources */,
				B44463A326A1ED2A006FA44D /* ActivityModel.swift in Sources */,
				B4DBF61926897C520027233F /* Misc.swift in Sources */,
				B4E10721268DD215006C1742 /* AuthedPreview.swift in Sources */,
				B447BC1126F7033200BCC2E8 /* AboutView.swift in Sources */,
				B4FBED8326A7163E006390A3 /* PreferencesStorage.swift in Sources */,
				B4920CE02690A98200762FC9 /* SubforumListView.swift in Sources */,
				B4715CC326A40DF40049D136 /* PostCommentRowView.swift in Sources */,
				B45819BD268D7D7200999830 /* Message+RawRepresentable.swift in Sources */,
				B4920CD72690465100762FC9 /* TopicSubjectView.swift in Sources */,
				B48709C6269AEA9F00E88E5A /* TopicListPlaceholderView.swift in Sources */,
				B4715CD226A48A930049D136 /* PlaceholderView.swift in Sources */,
				B43DED53269C9216009C52F5 /* VotesModel.swift in Sources */,
				B4DCF43D26885DD700EC78A4 /* Service.pb.swift in Sources */,
				B44463A026A1D745006FA44D /* StickerImageView.swift in Sources */,
				B4E10724268DD2A4006C1742 /* AuthInfoDebug.swift in Sources */,
				B43DED62269EFAF4009C52F5 /* ToastModel.swift in Sources */,
				B45819C4268D822800999830 /* FavoriteForumsStorage.swift in Sources */,
				B48B0C4726932CC70067794F /* ForumRowView.swift in Sources */,
				B444639A26A1C5F9006FA44D /* StickerInputView.swift in Sources */,
				B4DF95AC26CADD830081ECBB /* View+RedactedIf.swift in Sources */,
				B4DBF61F268B8CD80027233F /* ForumListView.swift in Sources */,
				B444638C26A1981E006FA44D /* PostReplyModel.swift in Sources */,
				B4DCF44C2688E5CA00EC78A4 /* View+FirstAppear.swift in Sources */,
				B4D13B9D27020A8C009506A2 /* TopicPostRowView.swift in Sources */,
				B4E1071B268DADFF006C1742 /* LoginView.swift in Sources */,
				B4C024D726884FD700E53554 /* ContentView.swift in Sources */,
				B4E1071E268DC4D1006C1742 /* AuthStorage.swift in Sources */,
				B4DBF61626897A170027233F /* TopicRowView.swift in Sources */,
				B43DED50269C7D0B009C52F5 /* ForumSearchView.swift in Sources */,
				B454F37926B1C2A4009C6B27 /* LoadingRowView.swift in Sources */,
				B4DF95AF26CADF5D0081ECBB /* ForumIconView.swift in Sources */,
				B4EB80EA269B13B90014DDFA /* ImageOverlay.swift in Sources */,
				B4DCF4492688D5A500EC78A4 /* PagingDataSource.swift in Sources */,
				B4DBF609268976470027233F /* DateFormatters.swift in Sources */,
				375E616A4BCE12A43666F04C /* macOSNGAApp.swift in Sources */,
				B43DED4A269C5F78009C52F5 /* Constants.swift in Sources */,
			);
			runOnlyForDeploymentPostprocessing = 0;
		};
/* End PBXSourcesBuildPhase section */

/* Begin PBXVariantGroup section */
		B4DCF4532688F68400EC78A4 /* Localizable.strings */ = {
			isa = PBXVariantGroup;
			children = (
				B4DCF4522688F68400EC78A4 /* zh-Hans */,
				B4B3859226F6E20800A48D8F /* en */,
			);
			name = Localizable.strings;
			sourceTree = "<group>";
		};
/* End PBXVariantGroup section */

/* Begin XCBuildConfiguration section */
		B4C024DA26884FD700E53554 /* Debug */ = {
			isa = XCBuildConfiguration;
			buildSettings = {
				ALWAYS_SEARCH_USER_PATHS = NO;
				CLANG_ANALYZER_LOCALIZABILITY_NONLOCALIZED = YES;
				CLANG_ANALYZER_NONNULL = YES;
				CLANG_ANALYZER_NUMBER_OBJECT_CONVERSION = YES_AGGRESSIVE;
				CLANG_CXX_LANGUAGE_STANDARD = "gnu++14";
				CLANG_CXX_LIBRARY = "libc++";
				CLANG_ENABLE_MODULES = YES;
				CLANG_ENABLE_OBJC_ARC = YES;
				CLANG_ENABLE_OBJC_WEAK = YES;
				CLANG_WARN_BLOCK_CAPTURE_AUTORELEASING = YES;
				CLANG_WARN_BOOL_CONVERSION = YES;
				CLANG_WARN_COMMA = YES;
				CLANG_WARN_CONSTANT_CONVERSION = YES;
				CLANG_WARN_DEPRECATED_OBJC_IMPLEMENTATIONS = YES;
				CLANG_WARN_DIRECT_OBJC_ISA_USAGE = YES_ERROR;
				CLANG_WARN_DOCUMENTATION_COMMENTS = YES;
				CLANG_WARN_EMPTY_BODY = YES;
				CLANG_WARN_ENUM_CONVERSION = YES;
				CLANG_WARN_INFINITE_RECURSION = YES;
				CLANG_WARN_INT_CONVERSION = YES;
				CLANG_WARN_NON_LITERAL_NULL_CONVERSION = YES;
				CLANG_WARN_OBJC_IMPLICIT_RETAIN_SELF = YES;
				CLANG_WARN_OBJC_LITERAL_CONVERSION = YES;
				CLANG_WARN_OBJC_ROOT_CLASS = YES_ERROR;
				CLANG_WARN_QUOTED_INCLUDE_IN_FRAMEWORK_HEADER = YES;
				CLANG_WARN_RANGE_LOOP_ANALYSIS = YES;
				CLANG_WARN_STRICT_PROTOTYPES = YES;
				CLANG_WARN_SUSPICIOUS_MOVE = YES;
				CLANG_WARN_UNGUARDED_AVAILABILITY = YES_AGGRESSIVE;
				CLANG_WARN_UNREACHABLE_CODE = YES;
				CLANG_WARN__DUPLICATE_METHOD_MATCH = YES;
				COPY_PHASE_STRIP = NO;
				DEBUG_INFORMATION_FORMAT = dwarf;
				ENABLE_STRICT_OBJC_MSGSEND = YES;
				ENABLE_TESTABILITY = YES;
				GCC_C_LANGUAGE_STANDARD = gnu11;
				GCC_DYNAMIC_NO_PIC = NO;
				GCC_NO_COMMON_BLOCKS = YES;
				GCC_OPTIMIZATION_LEVEL = 0;
				GCC_PREPROCESSOR_DEFINITIONS = (
					"DEBUG=1",
					"$(inherited)",
				);
				GCC_WARN_64_TO_32_BIT_CONVERSION = YES;
				GCC_WARN_ABOUT_RETURN_TYPE = YES_ERROR;
				GCC_WARN_UNDECLARED_SELECTOR = YES;
				GCC_WARN_UNINITIALIZED_AUTOS = YES_AGGRESSIVE;
				GCC_WARN_UNUSED_FUNCTION = YES;
				GCC_WARN_UNUSED_VARIABLE = YES;
				IPHONEOS_DEPLOYMENT_TARGET = 14.6;
				LIBRARY_SEARCH_PATHS = "../out/libs/**";
				MACOSX_DEPLOYMENT_TARGET = 11.0;
				MTL_ENABLE_DEBUG_INFO = INCLUDE_SOURCE;
				MTL_FAST_MATH = YES;
				ONLY_ACTIVE_ARCH = YES;
				SWIFT_ACTIVE_COMPILATION_CONDITIONS = DEBUG;
				SWIFT_EMIT_LOC_STRINGS = YES;
				SWIFT_OBJC_BRIDGING_HEADER = ../out/include/bindings.h;
				SWIFT_OPTIMIZATION_LEVEL = "-Onone";
			};
			name = Debug;
		};
		B4C024DB26884FD700E53554 /* Release */ = {
			isa = XCBuildConfiguration;
			buildSettings = {
				ALWAYS_SEARCH_USER_PATHS = NO;
				CLANG_ANALYZER_LOCALIZABILITY_NONLOCALIZED = YES;
				CLANG_ANALYZER_NONNULL = YES;
				CLANG_ANALYZER_NUMBER_OBJECT_CONVERSION = YES_AGGRESSIVE;
				CLANG_CXX_LANGUAGE_STANDARD = "gnu++14";
				CLANG_CXX_LIBRARY = "libc++";
				CLANG_ENABLE_MODULES = YES;
				CLANG_ENABLE_OBJC_ARC = YES;
				CLANG_ENABLE_OBJC_WEAK = YES;
				CLANG_WARN_BLOCK_CAPTURE_AUTORELEASING = YES;
				CLANG_WARN_BOOL_CONVERSION = YES;
				CLANG_WARN_COMMA = YES;
				CLANG_WARN_CONSTANT_CONVERSION = YES;
				CLANG_WARN_DEPRECATED_OBJC_IMPLEMENTATIONS = YES;
				CLANG_WARN_DIRECT_OBJC_ISA_USAGE = YES_ERROR;
				CLANG_WARN_DOCUMENTATION_COMMENTS = YES;
				CLANG_WARN_EMPTY_BODY = YES;
				CLANG_WARN_ENUM_CONVERSION = YES;
				CLANG_WARN_INFINITE_RECURSION = YES;
				CLANG_WARN_INT_CONVERSION = YES;
				CLANG_WARN_NON_LITERAL_NULL_CONVERSION = YES;
				CLANG_WARN_OBJC_IMPLICIT_RETAIN_SELF = YES;
				CLANG_WARN_OBJC_LITERAL_CONVERSION = YES;
				CLANG_WARN_OBJC_ROOT_CLASS = YES_ERROR;
				CLANG_WARN_QUOTED_INCLUDE_IN_FRAMEWORK_HEADER = YES;
				CLANG_WARN_RANGE_LOOP_ANALYSIS = YES;
				CLANG_WARN_STRICT_PROTOTYPES = YES;
				CLANG_WARN_SUSPICIOUS_MOVE = YES;
				CLANG_WARN_UNGUARDED_AVAILABILITY = YES_AGGRESSIVE;
				CLANG_WARN_UNREACHABLE_CODE = YES;
				CLANG_WARN__DUPLICATE_METHOD_MATCH = YES;
				COPY_PHASE_STRIP = NO;
				DEBUG_INFORMATION_FORMAT = "dwarf-with-dsym";
				ENABLE_NS_ASSERTIONS = NO;
				ENABLE_STRICT_OBJC_MSGSEND = YES;
				GCC_C_LANGUAGE_STANDARD = gnu11;
				GCC_NO_COMMON_BLOCKS = YES;
				GCC_WARN_64_TO_32_BIT_CONVERSION = YES;
				GCC_WARN_ABOUT_RETURN_TYPE = YES_ERROR;
				GCC_WARN_UNDECLARED_SELECTOR = YES;
				GCC_WARN_UNINITIALIZED_AUTOS = YES_AGGRESSIVE;
				GCC_WARN_UNUSED_FUNCTION = YES;
				GCC_WARN_UNUSED_VARIABLE = YES;
				IPHONEOS_DEPLOYMENT_TARGET = 14.6;
				LIBRARY_SEARCH_PATHS = "../out/libs/**";
				MACOSX_DEPLOYMENT_TARGET = 11.0;
				MTL_ENABLE_DEBUG_INFO = NO;
				MTL_FAST_MATH = YES;
				SWIFT_COMPILATION_MODE = wholemodule;
				SWIFT_EMIT_LOC_STRINGS = YES;
				SWIFT_OBJC_BRIDGING_HEADER = ../out/include/bindings.h;
				SWIFT_OPTIMIZATION_LEVEL = "-O";
			};
			name = Release;
		};
		B4C024DD26884FD700E53554 /* Debug */ = {
			isa = XCBuildConfiguration;
			buildSettings = {
				ASSETCATALOG_COMPILER_APPICON_NAME = AppIcon;
				ASSETCATALOG_COMPILER_GLOBAL_ACCENT_COLOR_NAME = AccentColor;
				ASSETCATALOG_COMPILER_INCLUDE_ALL_APPICON_ASSETS = YES;
				CODE_SIGN_ENTITLEMENTS = MNGA.entitlements;
				CODE_SIGN_STYLE = Automatic;
				DEVELOPMENT_TEAM = 87F9J2DF6R;
				ENABLE_BITCODE = NO;
				ENABLE_PREVIEWS = YES;
				INFOPLIST_FILE = iOS/Info.plist;
				IPHONEOS_DEPLOYMENT_TARGET = 14.6;
				LD_RUNPATH_SEARCH_PATHS = (
					"$(inherited)",
					"@executable_path/Frameworks",
				);
				PRODUCT_BUNDLE_IDENTIFIER = com.bugenzhao.MNGA;
				PRODUCT_NAME = MNGA;
				SDKROOT = iphoneos;
				SUPPORTS_MACCATALYST = NO;
				SUPPORTS_MAC_DESIGNED_FOR_IPHONE_IPAD = YES;
				SWIFT_VERSION = 5.0;
				TARGETED_DEVICE_FAMILY = "1,2";
			};
			name = Debug;
		};
		B4C024DE26884FD700E53554 /* Release */ = {
			isa = XCBuildConfiguration;
			buildSettings = {
				ASSETCATALOG_COMPILER_APPICON_NAME = AppIcon;
				ASSETCATALOG_COMPILER_GLOBAL_ACCENT_COLOR_NAME = AccentColor;
				ASSETCATALOG_COMPILER_INCLUDE_ALL_APPICON_ASSETS = YES;
				CODE_SIGN_ENTITLEMENTS = MNGA.entitlements;
				CODE_SIGN_STYLE = Automatic;
				DEVELOPMENT_TEAM = 87F9J2DF6R;
				ENABLE_BITCODE = NO;
				ENABLE_PREVIEWS = YES;
				INFOPLIST_FILE = iOS/Info.plist;
				IPHONEOS_DEPLOYMENT_TARGET = 14.6;
				LD_RUNPATH_SEARCH_PATHS = (
					"$(inherited)",
					"@executable_path/Frameworks",
				);
				PRODUCT_BUNDLE_IDENTIFIER = com.bugenzhao.MNGA;
				PRODUCT_NAME = MNGA;
				SDKROOT = iphoneos;
				SUPPORTS_MACCATALYST = NO;
				SUPPORTS_MAC_DESIGNED_FOR_IPHONE_IPAD = YES;
				SWIFT_VERSION = 5.0;
				TARGETED_DEVICE_FAMILY = "1,2";
				VALIDATE_PRODUCT = YES;
			};
			name = Release;
		};
		B4C024E026884FD700E53554 /* Debug */ = {
			isa = XCBuildConfiguration;
			buildSettings = {
				ASSETCATALOG_COMPILER_APPICON_NAME = AppIcon;
				ASSETCATALOG_COMPILER_GLOBAL_ACCENT_COLOR_NAME = AccentColor;
				CODE_SIGN_ENTITLEMENTS = macOS/macOS.entitlements;
				CODE_SIGN_IDENTITY = "-";
				CODE_SIGN_STYLE = Automatic;
				COMBINE_HIDPI_IMAGES = YES;
				DEVELOPMENT_TEAM = 87F9J2DF6R;
				ENABLE_HARDENED_RUNTIME = YES;
				ENABLE_PREVIEWS = YES;
				INFOPLIST_FILE = macOS/Info.plist;
				LD_RUNPATH_SEARCH_PATHS = (
					"$(inherited)",
					"@executable_path/../Frameworks",
				);
				MACOSX_DEPLOYMENT_TARGET = 11.0;
				PRODUCT_BUNDLE_IDENTIFIER = com.bugenzhao.MNGA;
				PRODUCT_NAME = MNGA;
				SDKROOT = macosx;
				SWIFT_VERSION = 5.0;
			};
			name = Debug;
		};
		B4C024E126884FD700E53554 /* Release */ = {
			isa = XCBuildConfiguration;
			buildSettings = {
				ASSETCATALOG_COMPILER_APPICON_NAME = AppIcon;
				ASSETCATALOG_COMPILER_GLOBAL_ACCENT_COLOR_NAME = AccentColor;
				CODE_SIGN_ENTITLEMENTS = macOS/macOS.entitlements;
				CODE_SIGN_IDENTITY = "-";
				CODE_SIGN_STYLE = Automatic;
				COMBINE_HIDPI_IMAGES = YES;
				DEVELOPMENT_TEAM = 87F9J2DF6R;
				ENABLE_HARDENED_RUNTIME = YES;
				ENABLE_PREVIEWS = YES;
				INFOPLIST_FILE = macOS/Info.plist;
				LD_RUNPATH_SEARCH_PATHS = (
					"$(inherited)",
					"@executable_path/../Frameworks",
				);
				MACOSX_DEPLOYMENT_TARGET = 11.0;
				PRODUCT_BUNDLE_IDENTIFIER = com.bugenzhao.MNGA;
				PRODUCT_NAME = MNGA;
				SDKROOT = macosx;
				SWIFT_VERSION = 5.0;
			};
			name = Release;
		};
/* End XCBuildConfiguration section */

/* Begin XCConfigurationList section */
		B4C024BF26884FD600E53554 /* Build configuration list for PBXProject "MNGA" */ = {
			isa = XCConfigurationList;
			buildConfigurations = (
				B4C024DA26884FD700E53554 /* Debug */,
				B4C024DB26884FD700E53554 /* Release */,
			);
			defaultConfigurationIsVisible = 0;
			defaultConfigurationName = Release;
		};
		B4C024DC26884FD700E53554 /* Build configuration list for PBXNativeTarget "MNGA (iOS)" */ = {
			isa = XCConfigurationList;
			buildConfigurations = (
				B4C024DD26884FD700E53554 /* Debug */,
				B4C024DE26884FD700E53554 /* Release */,
			);
			defaultConfigurationIsVisible = 0;
			defaultConfigurationName = Release;
		};
		B4C024DF26884FD700E53554 /* Build configuration list for PBXNativeTarget "MNGA (macOS)" */ = {
			isa = XCConfigurationList;
			buildConfigurations = (
				B4C024E026884FD700E53554 /* Debug */,
				B4C024E126884FD700E53554 /* Release */,
			);
			defaultConfigurationIsVisible = 0;
			defaultConfigurationName = Release;
		};
/* End XCConfigurationList section */

/* Begin XCRemoteSwiftPackageReference section */
		B409252426D29F6C00BCB666 /* XCRemoteSwiftPackageReference "BetterSafariView" */ = {
			isa = XCRemoteSwiftPackageReference;
			repositoryURL = "https://github.com/stleamist/BetterSafariView";
			requirement = {
				kind = upToNextMajorVersion;
				minimumVersion = 2.0.0;
			};
		};
		B412F705268DFC4600EB0614 /* XCRemoteSwiftPackageReference "swift-log" */ = {
			isa = XCRemoteSwiftPackageReference;
			repositoryURL = "https://github.com/apple/swift-log";
			requirement = {
				kind = upToNextMajorVersion;
				minimumVersion = 1.4.2;
			};
		};
		B43DED5D269EFA5A009C52F5 /* XCRemoteSwiftPackageReference "AlertToast" */ = {
			isa = XCRemoteSwiftPackageReference;
			repositoryURL = "https://github.com/elai950/AlertToast.git";
			requirement = {
				kind = revision;
				revision = a05db1fed0a518465a86b69a6aed8a2618516f95;
			};
		};
		B45819C5268D9B5600999830 /* XCRemoteSwiftPackageReference "SDWebImageSwiftUI" */ = {
			isa = XCRemoteSwiftPackageReference;
			repositoryURL = "https://github.com/SDWebImage/SDWebImageSwiftUI";
			requirement = {
				kind = upToNextMajorVersion;
				minimumVersion = 2.0.2;
			};
		};
		B45819CA268DA17D00999830 /* XCRemoteSwiftPackageReference "SwiftUIX" */ = {
			isa = XCRemoteSwiftPackageReference;
			repositoryURL = "https://github.com/SwiftUIX/SwiftUIX";
			requirement = {
				kind = upToNextMajorVersion;
				minimumVersion = 0.0.8;
			};
		};
		B4920CD22690224F00762FC9 /* XCRemoteSwiftPackageReference "SwiftUIRefresh" */ = {
			isa = XCRemoteSwiftPackageReference;
			repositoryURL = "https://github.com/siteline/SwiftUIRefresh";
			requirement = {
				kind = upToNextMajorVersion;
				minimumVersion = 0.0.3;
			};
		};
		B4920CE12690E65600762FC9 /* XCRemoteSwiftPackageReference "HalfASheet" */ = {
			isa = XCRemoteSwiftPackageReference;
			repositoryURL = "https://github.com/franklynw/HalfASheet";
			requirement = {
				kind = upToNextMajorVersion;
				minimumVersion = 1.0.0;
			};
		};
		B4C024EB268850E800E53554 /* XCRemoteSwiftPackageReference "swift-protobuf" */ = {
			isa = XCRemoteSwiftPackageReference;
			repositoryURL = "https://github.com/apple/swift-protobuf";
			requirement = {
				kind = upToNextMajorVersion;
				minimumVersion = 1.17.0;
			};
		};
		B4D7774D26FCC7F800594905 /* XCRemoteSwiftPackageReference "firebase-ios-sdk" */ = {
			isa = XCRemoteSwiftPackageReference;
			repositoryURL = "https://github.com/firebase/firebase-ios-sdk";
			requirement = {
				kind = upToNextMajorVersion;
				minimumVersion = 8.7.0;
			};
		};
		B4E10714268DADEE006C1742 /* XCRemoteSwiftPackageReference "SwiftUI-WebView" */ = {
			isa = XCRemoteSwiftPackageReference;
			repositoryURL = "https://github.com/kylehickinson/SwiftUI-WebView";
			requirement = {
				kind = upToNextMajorVersion;
				minimumVersion = 0.3.0;
			};
		};
/* End XCRemoteSwiftPackageReference section */

/* Begin XCSwiftPackageProductDependency section */
		B409252526D29F6C00BCB666 /* BetterSafariView */ = {
			isa = XCSwiftPackageProductDependency;
			package = B409252426D29F6C00BCB666 /* XCRemoteSwiftPackageReference "BetterSafariView" */;
			productName = BetterSafariView;
		};
		B409CE6A269F3A6E00F617EC /* AlertToast */ = {
			isa = XCSwiftPackageProductDependency;
			package = B43DED5D269EFA5A009C52F5 /* XCRemoteSwiftPackageReference "AlertToast" */;
			productName = AlertToast;
		};
		B412F706268DFC4600EB0614 /* Logging */ = {
			isa = XCSwiftPackageProductDependency;
			package = B412F705268DFC4600EB0614 /* XCRemoteSwiftPackageReference "swift-log" */;
			productName = Logging;
		};
		B412F708268DFC4F00EB0614 /* Logging */ = {
			isa = XCSwiftPackageProductDependency;
			package = B412F705268DFC4600EB0614 /* XCRemoteSwiftPackageReference "swift-log" */;
			productName = Logging;
		};
		B437B278269B09DC0092FF9E /* SwiftUIRefresh */ = {
			isa = XCSwiftPackageProductDependency;
			package = B4920CD22690224F00762FC9 /* XCRemoteSwiftPackageReference "SwiftUIRefresh" */;
			productName = SwiftUIRefresh;
		};
		B43DED5E269EFA5A009C52F5 /* AlertToast */ = {
			isa = XCSwiftPackageProductDependency;
			package = B43DED5D269EFA5A009C52F5 /* XCRemoteSwiftPackageReference "AlertToast" */;
			productName = AlertToast;
		};
		B45819C6268D9B5600999830 /* SDWebImageSwiftUI */ = {
			isa = XCSwiftPackageProductDependency;
			package = B45819C5268D9B5600999830 /* XCRemoteSwiftPackageReference "SDWebImageSwiftUI" */;
			productName = SDWebImageSwiftUI;
		};
		B45819C8268D9B6300999830 /* SDWebImageSwiftUI */ = {
			isa = XCSwiftPackageProductDependency;
			package = B45819C5268D9B5600999830 /* XCRemoteSwiftPackageReference "SDWebImageSwiftUI" */;
			productName = SDWebImageSwiftUI;
		};
		B45819CB268DA17D00999830 /* SwiftUIX */ = {
			isa = XCSwiftPackageProductDependency;
			package = B45819CA268DA17D00999830 /* XCRemoteSwiftPackageReference "SwiftUIX" */;
			productName = SwiftUIX;
		};
		B45819CD268DA18600999830 /* SwiftUIX */ = {
			isa = XCSwiftPackageProductDependency;
			package = B45819CA268DA17D00999830 /* XCRemoteSwiftPackageReference "SwiftUIX" */;
			productName = SwiftUIX;
		};
		B4920CE22690E65600762FC9 /* HalfASheet */ = {
			isa = XCSwiftPackageProductDependency;
			package = B4920CE12690E65600762FC9 /* XCRemoteSwiftPackageReference "HalfASheet" */;
			productName = HalfASheet;
		};
		B4C024EC268850E800E53554 /* SwiftProtobuf */ = {
			isa = XCSwiftPackageProductDependency;
			package = B4C024EB268850E800E53554 /* XCRemoteSwiftPackageReference "swift-protobuf" */;
			productName = SwiftProtobuf;
		};
		B4C024EF268850F300E53554 /* SwiftProtobuf */ = {
			isa = XCSwiftPackageProductDependency;
			package = B4C024EB268850E800E53554 /* XCRemoteSwiftPackageReference "swift-protobuf" */;
			productName = SwiftProtobuf;
		};
		B4D7774E26FCC7F800594905 /* FirebaseAnalyticsWithoutAdIdSupport */ = {
			isa = XCSwiftPackageProductDependency;
			package = B4D7774D26FCC7F800594905 /* XCRemoteSwiftPackageReference "firebase-ios-sdk" */;
			productName = FirebaseAnalyticsWithoutAdIdSupport;
		};
		B4E10715268DADEE006C1742 /* WebView */ = {
			isa = XCSwiftPackageProductDependency;
			package = B4E10714268DADEE006C1742 /* XCRemoteSwiftPackageReference "SwiftUI-WebView" */;
			productName = WebView;
		};
		B4E10717268DADF5006C1742 /* WebView */ = {
			isa = XCSwiftPackageProductDependency;
			package = B4E10714268DADEE006C1742 /* XCRemoteSwiftPackageReference "SwiftUI-WebView" */;
			productName = WebView;
		};
/* End XCSwiftPackageProductDependency section */
	};
	rootObject = B4C024BC26884FD600E53554 /* Project object */;
}
