{
  "pins" : [
    {
      "identity" : "alerttoast",
      "kind" : "remoteSourceControl",
      "location" : "https://github.com/BugenZhao/AlertToast",
      "state" : {
        "branch" : "master",
        "revision" : "39e47f0c5607c7544a00d06230eb8fa982ffda28"
      }
    },
    {
      "identity" : "bettersafariview",
      "kind" : "remoteSourceControl",
      "location" : "https://github.com/stleamist/BetterSafariView",
      "state" : {
        "revision" : "be7248720af18c57c7a1348b20f6212379b28c6b",
        "version" : "2.4.0"
      }
    },
    {
      "identity" : "colorful",
      "kind" : "remoteSourceControl",
      "location" : "https://github.com/chackle/Colorful",
      "state" : {
        "revision" : "660a531e68e02d67878f11d1e9b119a3087f5eee",
        "version" : "1.0.0"
      }
    },
    {
      "identity" : "combineext",
      "kind" : "remoteSourceControl",
      "location" : "https://github.com/CombineCommunity/CombineExt",
      "state" : {
        "revision" : "dcfb8a8208ed21c2267ffd93f4ab38743a9aedd7",
        "version" : "1.6.0"
      }
    },
    {
      "identity" : "crossroad",
      "kind" : "remoteSourceControl",
      "location" : "https://github.com/giginet/Crossroad",
      "state" : {
        "revision" : "4788906925bba46eb5623ade4cd320b8526052d3",
        "version" : "3.2.0"
      }
    },
    {
      "identity" : "sdwebimage",
      "kind" : "remoteSourceControl",
      "location" : "https://github.com/SDWebImage/SDWebImage.git",
      "state" : {
        "revision" : "2e63d0061da449ad0ed130768d05dceb1496de44",
        "version" : "5.12.5"
      }
    },
    {
      "identity" : "sdwebimageswiftui",
      "kind" : "remoteSourceControl",
      "location" : "https://github.com/SDWebImage/SDWebImageSwiftUI",
      "state" : {
        "revision" : "cd8625b7cf11a97698e180d28bb7d5d357196678",
        "version" : "2.0.2"
      }
    },
    {
      "identity" : "swift-case-paths",
      "kind" : "remoteSourceControl",
      "location" : "https://github.com/pointfreeco/swift-case-paths",
      "state" : {
        "revision" : "ce9c0d897db8a840c39de64caaa9b60119cf4be8",
        "version" : "0.8.1"
      }
    },
    {
      "identity" : "swift-log",
      "kind" : "remoteSourceControl",
      "location" : "https://github.com/apple/swift-log",
      "state" : {
        "revision" : "5d66f7ba25daf4f94100e7022febf3c75e37a6c7",
        "version" : "1.4.2"
      }
    },
    {
      "identity" : "swift-protobuf",
      "kind" : "remoteSourceControl",
      "location" : "https://github.com/apple/swift-protobuf",
      "state" : {
        "revision" : "e1499bc69b9040b29184f7f2996f7bab467c1639",
        "version" : "1.19.0"
      }
    },
    {
      "identity" : "swiftui-introspect",
      "kind" : "remoteSourceControl",
      "location" : "https://github.com/siteline/SwiftUI-Introspect",
      "state" : {
        "revision" : "f2616860a41f9d9932da412a8978fec79c06fe24",
        "version" : "0.1.4"
      }
    },
    {
      "identity" : "swiftui-navigation",
      "kind" : "remoteSourceControl",
      "location" : "https://github.com/pointfreeco/swiftui-navigation.git",
      "state" : {
        "revision" : "2694c03284a368168b3e0b8d7ab52626802d2246",
        "version" : "0.1.0"
      }
    },
    {
      "identity" : "swiftui-webview",
      "kind" : "remoteSourceControl",
      "location" : "https://github.com/kylehickinson/SwiftUI-WebView",
      "state" : {
        "revision" : "a67dcaff2377573a51f75761bb6e768b78931909",
        "version" : "0.3.0"
      }
    },
    {
      "identity" : "swiftuirefresh",
      "kind" : "remoteSourceControl",
      "location" : "https://github.com/siteline/SwiftUIRefresh",
      "state" : {
        "revision" : "fa8fac7b5eb5c729983a8bef65f094b5e0d12014",
        "version" : "0.0.3"
      }
    },
    {
      "identity" : "swiftuix",
      "kind" : "remoteSourceControl",
      "location" : "https://github.com/SwiftUIX/SwiftUIX",
      "state" : {
        "revision" : "889c781539cdd1e6a1111472c711082522aa35c6",
        "version" : "0.1.2"
      }
    }
  ],
  "version" : 2
}
